// !$*UTF8*$!
{
	archiveVersion = 1;
	classes = {
	};
	objectVersion = 48;
	objects = {

/* Begin PBXBuildFile section */
		E21FDA411FE97E6B00FB1796 /* ui_basic.h in Headers */ = {isa = PBXBuildFile; fileRef = E21FD9C21FE97E5400FB1796 /* ui_basic.h */; };
		E21FDA421FE97E6B00FB1796 /* platform.h in Headers */ = {isa = PBXBuildFile; fileRef = E21FD9C31FE97E5400FB1796 /* platform.h */; };
		E21FDA431FE97E6B00FB1796 /* compfile.h in Headers */ = {isa = PBXBuildFile; fileRef = E21FD9C41FE97E5400FB1796 /* compfile.h */; };
		E21FDA441FE97E6B00FB1796 /* pbi.c in Sources */ = {isa = PBXBuildFile; fileRef = E21FD9C51FE97E5500FB1796 /* pbi.c */; };
		E21FDA451FE97E6B00FB1796 /* sysrom.c in Sources */ = {isa = PBXBuildFile; fileRef = E21FD9C61FE97E5500FB1796 /* sysrom.c */; };
		E21FDA461FE97E6B00FB1796 /* af80.h in Headers */ = {isa = PBXBuildFile; fileRef = E21FD9C71FE97E5500FB1796 /* af80.h */; };
		E21FDA471FE97E6B00FB1796 /* cartridge.h in Headers */ = {isa = PBXBuildFile; fileRef = E21FD9C81FE97E5500FB1796 /* cartridge.h */; };
		E21FDA481FE97E6B00FB1796 /* cartridge.c in Sources */ = {isa = PBXBuildFile; fileRef = E21FD9C91FE97E5600FB1796 /* cartridge.c */; };
		E21FDA491FE97E6B00FB1796 /* colours_ntsc.c in Sources */ = {isa = PBXBuildFile; fileRef = E21FD9CA1FE97E5600FB1796 /* colours_ntsc.c */; };
		E21FDA4A1FE97E6B00FB1796 /* pbi_proto80.h in Headers */ = {isa = PBXBuildFile; fileRef = E21FD9CB1FE97E5900FB1796 /* pbi_proto80.h */; };
		E21FDA4B1FE97E6B00FB1796 /* crc32.c in Sources */ = {isa = PBXBuildFile; fileRef = E21FD9CC1FE97E5A00FB1796 /* crc32.c */; };
		E21FDA4C1FE97E6B00FB1796 /* log.c in Sources */ = {isa = PBXBuildFile; fileRef = E21FD9CD1FE97E5A00FB1796 /* log.c */; };
		E21FDA4E1FE97E6B00FB1796 /* colours_pal.c in Sources */ = {isa = PBXBuildFile; fileRef = E21FD9CF1FE97E5A00FB1796 /* colours_pal.c */; };
		E21FDA4F1FE97E6B00FB1796 /* compfile.c in Sources */ = {isa = PBXBuildFile; fileRef = E21FD9D01FE97E5A00FB1796 /* compfile.c */; };
		E21FDA501FE97E6B00FB1796 /* devices.c in Sources */ = {isa = PBXBuildFile; fileRef = E21FD9D11FE97E5A00FB1796 /* devices.c */; };
		E21FDA511FE97E6B00FB1796 /* pbi_xld.h in Headers */ = {isa = PBXBuildFile; fileRef = E21FD9D21FE97E5A00FB1796 /* pbi_xld.h */; };
		E21FDA521FE97E6B00FB1796 /* util.c in Sources */ = {isa = PBXBuildFile; fileRef = E21FD9D31FE97E5B00FB1796 /* util.c */; };
		E21FDA541FE97E6B00FB1796 /* crc32.h in Headers */ = {isa = PBXBuildFile; fileRef = E21FD9D51FE97E5B00FB1796 /* crc32.h */; };
		E21FDA561FE97E6B00FB1796 /* esc.c in Sources */ = {isa = PBXBuildFile; fileRef = E21FD9D71FE97E5B00FB1796 /* esc.c */; };
		E21FDA571FE97E6B00FB1796 /* afile.c in Sources */ = {isa = PBXBuildFile; fileRef = E21FD9D81FE97E5B00FB1796 /* afile.c */; };
		E21FDA581FE97E6B00FB1796 /* votrax.c in Sources */ = {isa = PBXBuildFile; fileRef = E21FD9D91FE97E5B00FB1796 /* votrax.c */; };
		E21FDA591FE97E6B00FB1796 /* ide_internal.h in Headers */ = {isa = PBXBuildFile; fileRef = E21FD9DA1FE97E5C00FB1796 /* ide_internal.h */; };
		E21FDA5A1FE97E6B00FB1796 /* votrax.h in Headers */ = {isa = PBXBuildFile; fileRef = E21FD9DB1FE97E5C00FB1796 /* votrax.h */; };
		E21FDA5B1FE97E6B00FB1796 /* img_tape.h in Headers */ = {isa = PBXBuildFile; fileRef = E21FD9DC1FE97E5C00FB1796 /* img_tape.h */; };
		E21FDA5C1FE97E6B00FB1796 /* ui_basic.c in Sources */ = {isa = PBXBuildFile; fileRef = E21FD9DD1FE97E5C00FB1796 /* ui_basic.c */; };
		E21FDA5D1FE97E6B00FB1796 /* voicebox.c in Sources */ = {isa = PBXBuildFile; fileRef = E21FD9DE1FE97E5C00FB1796 /* voicebox.c */; };
		E21FDA5E1FE97E6B00FB1796 /* remez.c in Sources */ = {isa = PBXBuildFile; fileRef = E21FD9DF1FE97E5C00FB1796 /* remez.c */; };
		E21FDA5F1FE97E6B00FB1796 /* pbi_proto80.c in Sources */ = {isa = PBXBuildFile; fileRef = E21FD9E01FE97E5D00FB1796 /* pbi_proto80.c */; };
		E21FDA601FE97E6B00FB1796 /* pokey.c in Sources */ = {isa = PBXBuildFile; fileRef = E21FD9E11FE97E5D00FB1796 /* pokey.c */; };
		E21FDA611FE97E6B00FB1796 /* ui.h in Headers */ = {isa = PBXBuildFile; fileRef = E21FD9E21FE97E5D00FB1796 /* ui.h */; };
		E21FDA621FE97E6B00FB1796 /* atari.h in Headers */ = {isa = PBXBuildFile; fileRef = E21FD9E31FE97E5D00FB1796 /* atari.h */; };
		E21FDA631FE97E6B00FB1796 /* colours.c in Sources */ = {isa = PBXBuildFile; fileRef = E21FD9E41FE97E5D00FB1796 /* colours.c */; };
		E21FDA641FE97E6B00FB1796 /* emuos.h in Headers */ = {isa = PBXBuildFile; fileRef = E21FD9E51FE97E5D00FB1796 /* emuos.h */; };
		E21FDA651FE97E6B00FB1796 /* pokeysnd.h in Headers */ = {isa = PBXBuildFile; fileRef = E21FD9E61FE97E5E00FB1796 /* pokeysnd.h */; };
		E21FDA661FE97E6B00FB1796 /* rtime.c in Sources */ = {isa = PBXBuildFile; fileRef = E21FD9E71FE97E5E00FB1796 /* rtime.c */; };
		E21FDA671FE97E6B00FB1796 /* antic.h in Headers */ = {isa = PBXBuildFile; fileRef = E21FD9E81FE97E5E00FB1796 /* antic.h */; };
		E21FDA681FE97E6B00FB1796 /* artifact.c in Sources */ = {isa = PBXBuildFile; fileRef = E21FD9E91FE97E5E00FB1796 /* artifact.c */; };
		E21FDA691FE97E6B00FB1796 /* sound.c in Sources */ = {isa = PBXBuildFile; fileRef = E21FD9EA1FE97E5E00FB1796 /* sound.c */; };
		E21FDA6B1FE97E6B00FB1796 /* xep80.h in Headers */ = {isa = PBXBuildFile; fileRef = E21FD9EC1FE97E5F00FB1796 /* xep80.h */; };
		E21FDA6C1FE97E6B00FB1796 /* pbi_mio.c in Sources */ = {isa = PBXBuildFile; fileRef = E21FD9ED1FE97E5F00FB1796 /* pbi_mio.c */; };
		E21FDA6D1FE97E6B00FB1796 /* cfg.h in Headers */ = {isa = PBXBuildFile; fileRef = E21FD9EE1FE97E5F00FB1796 /* cfg.h */; };
		E21FDA6E1FE97E6B00FB1796 /* rtime.h in Headers */ = {isa = PBXBuildFile; fileRef = E21FD9EF1FE97E5F00FB1796 /* rtime.h */; };
		E21FDA6F1FE97E6B00FB1796 /* gtia.c in Sources */ = {isa = PBXBuildFile; fileRef = E21FD9F01FE97E5F00FB1796 /* gtia.c */; };
		E21FDA701FE97E6B00FB1796 /* pcjoy.h in Headers */ = {isa = PBXBuildFile; fileRef = E21FD9F11FE97E5F00FB1796 /* pcjoy.h */; };
		E21FDA711FE97E6B00FB1796 /* memory.h in Headers */ = {isa = PBXBuildFile; fileRef = E21FD9F21FE97E5F00FB1796 /* memory.h */; };
		E21FDA721FE97E6B00FB1796 /* atari.c in Sources */ = {isa = PBXBuildFile; fileRef = E21FD9F31FE97E6000FB1796 /* atari.c */; };
		E21FDA731FE97E6B00FB1796 /* pbi_mio.h in Headers */ = {isa = PBXBuildFile; fileRef = E21FD9F41FE97E6000FB1796 /* pbi_mio.h */; };
		E21FDA741FE97E6B00FB1796 /* pbi_scsi.h in Headers */ = {isa = PBXBuildFile; fileRef = E21FD9F51FE97E6000FB1796 /* pbi_scsi.h */; };
		E21FDA751FE97E6B00FB1796 /* pokeysnd.c in Sources */ = {isa = PBXBuildFile; fileRef = E21FD9F61FE97E6000FB1796 /* pokeysnd.c */; };
		E21FDA761FE97E6B00FB1796 /* pal_blending.h in Headers */ = {isa = PBXBuildFile; fileRef = E21FD9F71FE97E6000FB1796 /* pal_blending.h */; };
		E21FDA771FE97E6B00FB1796 /* bit3.h in Headers */ = {isa = PBXBuildFile; fileRef = E21FD9F81FE97E6000FB1796 /* bit3.h */; };
		E21FDA781FE97E6B00FB1796 /* xep80_fonts.c in Sources */ = {isa = PBXBuildFile; fileRef = E21FD9F91FE97E6000FB1796 /* xep80_fonts.c */; };
		E21FDA791FE97E6B00FB1796 /* esc.h in Headers */ = {isa = PBXBuildFile; fileRef = E21FD9FA1FE97E6100FB1796 /* esc.h */; };
		E21FDA7A1FE97E6B00FB1796 /* akey.h in Headers */ = {isa = PBXBuildFile; fileRef = E21FD9FB1FE97E6100FB1796 /* akey.h */; };
		E21FDA7B1FE97E6B00FB1796 /* pbi.h in Headers */ = {isa = PBXBuildFile; fileRef = E21FD9FC1FE97E6100FB1796 /* pbi.h */; };
		E21FDA7C1FE97E6B00FB1796 /* votraxsnd.h in Headers */ = {isa = PBXBuildFile; fileRef = E21FD9FD1FE97E6100FB1796 /* votraxsnd.h */; };
		E21FDA7D1FE97E6B00FB1796 /* gtia.h in Headers */ = {isa = PBXBuildFile; fileRef = E21FD9FE1FE97E6100FB1796 /* gtia.h */; };
		E21FDA7E1FE97E6B00FB1796 /* monitor.c in Sources */ = {isa = PBXBuildFile; fileRef = E21FD9FF1FE97E6100FB1796 /* monitor.c */; };
		E21FDA7F1FE97E6B00FB1796 /* emuos.lis in Resources */ = {isa = PBXBuildFile; fileRef = E21FDA001FE97E6200FB1796 /* emuos.lis */; };
		E21FDA801FE97E6B00FB1796 /* pia.c in Sources */ = {isa = PBXBuildFile; fileRef = E21FDA011FE97E6200FB1796 /* pia.c */; };
		E21FDA811FE97E6B00FB1796 /* remez.h in Headers */ = {isa = PBXBuildFile; fileRef = E21FDA021FE97E6200FB1796 /* remez.h */; };
		E21FDA821FE97E6B00FB1796 /* colours.h in Headers */ = {isa = PBXBuildFile; fileRef = E21FDA031FE97E6200FB1796 /* colours.h */; };
		E21FDA831FE97E6B00FB1796 /* cpu.h in Headers */ = {isa = PBXBuildFile; fileRef = E21FDA041FE97E6200FB1796 /* cpu.h */; };
		E21FDA841FE97E6B00FB1796 /* colours_external.c in Sources */ = {isa = PBXBuildFile; fileRef = E21FDA051FE97E6200FB1796 /* colours_external.c */; };
		E21FDA851FE97E6B00FB1796 /* pbi_xld.c in Sources */ = {isa = PBXBuildFile; fileRef = E21FDA061FE97E6200FB1796 /* pbi_xld.c */; };
		E21FDA861FE97E6B00FB1796 /* sound.h in Headers */ = {isa = PBXBuildFile; fileRef = E21FDA071FE97E6300FB1796 /* sound.h */; };
		E21FDA871FE97E6B00FB1796 /* votraxsnd.c in Sources */ = {isa = PBXBuildFile; fileRef = E21FDA081FE97E6300FB1796 /* votraxsnd.c */; };
		E21FDA881FE97E6B00FB1796 /* rdevice.c in Sources */ = {isa = PBXBuildFile; fileRef = E21FDA091FE97E6300FB1796 /* rdevice.c */; };
		E21FDA891FE97E6B00FB1796 /* ide.c in Sources */ = {isa = PBXBuildFile; fileRef = E21FDA0A1FE97E6300FB1796 /* ide.c */; };
		E21FDA8A1FE97E6B00FB1796 /* sio.h in Headers */ = {isa = PBXBuildFile; fileRef = E21FDA0B1FE97E6300FB1796 /* sio.h */; };
		E21FDA8B1FE97E6B00FB1796 /* cycle_map.h in Headers */ = {isa = PBXBuildFile; fileRef = E21FDA0C1FE97E6300FB1796 /* cycle_map.h */; };
		E21FDA8C1FE97E6B00FB1796 /* emuos.c in Sources */ = {isa = PBXBuildFile; fileRef = E21FDA0D1FE97E6400FB1796 /* emuos.c */; };
		E21FDA8D1FE97E6B00FB1796 /* sndsave.h in Headers */ = {isa = PBXBuildFile; fileRef = E21FDA0E1FE97E6400FB1796 /* sndsave.h */; };
		E21FDA8E1FE97E6B00FB1796 /* cassette.h in Headers */ = {isa = PBXBuildFile; fileRef = E21FDA0F1FE97E6400FB1796 /* cassette.h */; };
		E21FDA8F1FE97E6B00FB1796 /* mzpokeysnd.c in Sources */ = {isa = PBXBuildFile; fileRef = E21FDA101FE97E6400FB1796 /* mzpokeysnd.c */; };
		E21FDA901FE97E6B00FB1796 /* afile.h in Headers */ = {isa = PBXBuildFile; fileRef = E21FDA111FE97E6400FB1796 /* afile.h */; };
		E21FDA911FE97E6B00FB1796 /* colours_ntsc.h in Headers */ = {isa = PBXBuildFile; fileRef = E21FDA121FE97E6400FB1796 /* colours_ntsc.h */; };
		E21FDA921FE97E6B00FB1796 /* cassette.c in Sources */ = {isa = PBXBuildFile; fileRef = E21FDA131FE97E6400FB1796 /* cassette.c */; };
		E21FDA931FE97E6B00FB1796 /* devices.h in Headers */ = {isa = PBXBuildFile; fileRef = E21FDA141FE97E6500FB1796 /* devices.h */; };
		E21FDA941FE97E6B00FB1796 /* ide.h in Headers */ = {isa = PBXBuildFile; fileRef = E21FDA151FE97E6500FB1796 /* ide.h */; };
		E21FDA951FE97E6B00FB1796 /* cfg.c in Sources */ = {isa = PBXBuildFile; fileRef = E21FDA161FE97E6500FB1796 /* cfg.c */; };
		E21FDA961FE97E6B00FB1796 /* rdevice.h in Headers */ = {isa = PBXBuildFile; fileRef = E21FDA171FE97E6500FB1796 /* rdevice.h */; };
		E21FDA971FE97E6B00FB1796 /* util.h in Headers */ = {isa = PBXBuildFile; fileRef = E21FDA181FE97E6500FB1796 /* util.h */; };
		E21FDA981FE97E6B00FB1796 /* filter_ntsc.c in Sources */ = {isa = PBXBuildFile; fileRef = E21FDA191FE97E6500FB1796 /* filter_ntsc.c */; };
		E21FDA991FE97E6B00FB1796 /* input.c in Sources */ = {isa = PBXBuildFile; fileRef = E21FDA1A1FE97E6600FB1796 /* input.c */; };
		E21FDA9A1FE97E6B00FB1796 /* statesav.c in Sources */ = {isa = PBXBuildFile; fileRef = E21FDA1B1FE97E6600FB1796 /* statesav.c */; };
		E21FDA9B1FE97E6B00FB1796 /* artifact.h in Headers */ = {isa = PBXBuildFile; fileRef = E21FDA1C1FE97E6600FB1796 /* artifact.h */; };
		E21FDA9C1FE97E6B00FB1796 /* antic.c in Sources */ = {isa = PBXBuildFile; fileRef = E21FDA1D1FE97E6600FB1796 /* antic.c */; };
		E21FDA9D1FE97E6B00FB1796 /* pbi_bb.h in Headers */ = {isa = PBXBuildFile; fileRef = E21FDA1E1FE97E6600FB1796 /* pbi_bb.h */; };
		E21FDA9E1FE97E6B00FB1796 /* statesav.h in Headers */ = {isa = PBXBuildFile; fileRef = E21FDA1F1FE97E6600FB1796 /* statesav.h */; };
		E21FDAA01FE97E6B00FB1796 /* sysrom.h in Headers */ = {isa = PBXBuildFile; fileRef = E21FDA211FE97E6700FB1796 /* sysrom.h */; };
		E21FDAA11FE97E6B00FB1796 /* cycle_map.c in Sources */ = {isa = PBXBuildFile; fileRef = E21FDA221FE97E6700FB1796 /* cycle_map.c */; };
		E21FDAA21FE97E6B00FB1796 /* af80.c in Sources */ = {isa = PBXBuildFile; fileRef = E21FDA231FE97E6700FB1796 /* af80.c */; };
		E21FDAA31FE97E6B00FB1796 /* pbi_scsi.c in Sources */ = {isa = PBXBuildFile; fileRef = E21FDA241FE97E6700FB1796 /* pbi_scsi.c */; };
		E21FDAA41FE97E6B00FB1796 /* pia.h in Headers */ = {isa = PBXBuildFile; fileRef = E21FDA251FE97E6700FB1796 /* pia.h */; };
		E21FDAA51FE97E6B00FB1796 /* input.h in Headers */ = {isa = PBXBuildFile; fileRef = E21FDA261FE97E6700FB1796 /* input.h */; };
		E21FDAA61FE97E6B00FB1796 /* mkimg.c in Sources */ = {isa = PBXBuildFile; fileRef = E21FDA271FE97E6700FB1796 /* mkimg.c */; };
		E21FDAA71FE97E6B00FB1796 /* pal_blending.c in Sources */ = {isa = PBXBuildFile; fileRef = E21FDA281FE97E6800FB1796 /* pal_blending.c */; };
		E21FDAA81FE97E6B00FB1796 /* screen.c in Sources */ = {isa = PBXBuildFile; fileRef = E21FDA291FE97E6800FB1796 /* screen.c */; };
		E21FDAA91FE97E6B00FB1796 /* sndsave.c in Sources */ = {isa = PBXBuildFile; fileRef = E21FDA2A1FE97E6800FB1796 /* sndsave.c */; };
		E21FDAAA1FE97E6B00FB1796 /* pokey.h in Headers */ = {isa = PBXBuildFile; fileRef = E21FDA2B1FE97E6800FB1796 /* pokey.h */; };
		E21FDAAB1FE97E6B00FB1796 /* xep80_fonts.h in Headers */ = {isa = PBXBuildFile; fileRef = E21FDA2C1FE97E6800FB1796 /* xep80_fonts.h */; };
		E21FDAAC1FE97E6B00FB1796 /* ui.c in Sources */ = {isa = PBXBuildFile; fileRef = E21FDA2D1FE97E6800FB1796 /* ui.c */; };
		E21FDAAD1FE97E6B00FB1796 /* colours_pal.h in Headers */ = {isa = PBXBuildFile; fileRef = E21FDA2E1FE97E6900FB1796 /* colours_pal.h */; };
		E21FDAAE1FE97E6B00FB1796 /* voicebox.h in Headers */ = {isa = PBXBuildFile; fileRef = E21FDA2F1FE97E6900FB1796 /* voicebox.h */; };
		E21FDAAF1FE97E6B00FB1796 /* xep80.c in Sources */ = {isa = PBXBuildFile; fileRef = E21FDA301FE97E6900FB1796 /* xep80.c */; };
		E21FDAB01FE97E6B00FB1796 /* filter_ntsc.h in Headers */ = {isa = PBXBuildFile; fileRef = E21FDA311FE97E6900FB1796 /* filter_ntsc.h */; };
		E21FDAB11FE97E6B00FB1796 /* cpu.c in Sources */ = {isa = PBXBuildFile; fileRef = E21FDA321FE97E6900FB1796 /* cpu.c */; };
		E21FDAB21FE97E6B00FB1796 /* binload.h in Headers */ = {isa = PBXBuildFile; fileRef = E21FDA331FE97E6900FB1796 /* binload.h */; };
		E21FDAB31FE97E6B00FB1796 /* mzpokeysnd.h in Headers */ = {isa = PBXBuildFile; fileRef = E21FDA341FE97E6900FB1796 /* mzpokeysnd.h */; };
		E21FDAB41FE97E6B00FB1796 /* monitor.h in Headers */ = {isa = PBXBuildFile; fileRef = E21FDA351FE97E6A00FB1796 /* monitor.h */; };
		E21FDAB51FE97E6B00FB1796 /* screen.h in Headers */ = {isa = PBXBuildFile; fileRef = E21FDA361FE97E6A00FB1796 /* screen.h */; };
		E21FDAB61FE97E6B00FB1796 /* pbi_bb.c in Sources */ = {isa = PBXBuildFile; fileRef = E21FDA371FE97E6A00FB1796 /* pbi_bb.c */; };
		E21FDAB71FE97E6B00FB1796 /* sio.c in Sources */ = {isa = PBXBuildFile; fileRef = E21FDA381FE97E6A00FB1796 /* sio.c */; };
		E21FDAB81FE97E6B00FB1796 /* bit3.c in Sources */ = {isa = PBXBuildFile; fileRef = E21FDA391FE97E6A00FB1796 /* bit3.c */; };
		E21FDAB91FE97E6B00FB1796 /* img_tape.c in Sources */ = {isa = PBXBuildFile; fileRef = E21FDA3A1FE97E6A00FB1796 /* img_tape.c */; };
		E21FDABA1FE97E6B00FB1796 /* colours_external.h in Headers */ = {isa = PBXBuildFile; fileRef = E21FDA3B1FE97E6B00FB1796 /* colours_external.h */; };
		E21FDABC1FE97E6B00FB1796 /* log.h in Headers */ = {isa = PBXBuildFile; fileRef = E21FDA3D1FE97E6B00FB1796 /* log.h */; };
		E21FDABD1FE97E6B00FB1796 /* binload.c in Sources */ = {isa = PBXBuildFile; fileRef = E21FDA3E1FE97E6B00FB1796 /* binload.c */; };
		E21FDABE1FE97E6B00FB1796 /* memory.c in Sources */ = {isa = PBXBuildFile; fileRef = E21FDA3F1FE97E6B00FB1796 /* memory.c */; };
		E21FDAC41FE985BF00FB1796 /* Atari800AudioDriver.h in Headers */ = {isa = PBXBuildFile; fileRef = E21FDAC21FE985BF00FB1796 /* Atari800AudioDriver.h */; settings = {ATTRIBUTES = (Public, ); }; };
		E21FDAC51FE985BF00FB1796 /* Atari800AudioDriver.m in Sources */ = {isa = PBXBuildFile; fileRef = E21FDAC31FE985BF00FB1796 /* Atari800AudioDriver.m */; };
		E21FDACB1FE986F400FB1796 /* atari_ntsc.h in Headers */ = {isa = PBXBuildFile; fileRef = E21FDAC71FE986F400FB1796 /* atari_ntsc.h */; };
		E21FDACC1FE986F400FB1796 /* atari_ntsc_config.h in Headers */ = {isa = PBXBuildFile; fileRef = E21FDAC81FE986F400FB1796 /* atari_ntsc_config.h */; };
		E21FDACD1FE986F400FB1796 /* atari_ntsc.c in Sources */ = {isa = PBXBuildFile; fileRef = E21FDAC91FE986F400FB1796 /* atari_ntsc.c */; };
		E21FDACE1FE986F400FB1796 /* atari_ntsc_impl.h in Headers */ = {isa = PBXBuildFile; fileRef = E21FDACA1FE986F400FB1796 /* atari_ntsc_impl.h */; };
		E21FDAD21FEA69E500FB1796 /* Atari800Preferences.h in Headers */ = {isa = PBXBuildFile; fileRef = E21FDAD01FEA69E500FB1796 /* Atari800Preferences.h */; };
		E21FDAD31FEA69E500FB1796 /* Atari800Preferences.m in Sources */ = {isa = PBXBuildFile; fileRef = E21FDAD11FEA69E500FB1796 /* Atari800Preferences.m */; };
		E21FDAD81FEA6A3400FB1796 /* Atari800ControlManager.h in Headers */ = {isa = PBXBuildFile; fileRef = E21FDAD61FEA6A3400FB1796 /* Atari800ControlManager.h */; };
		E21FDAD91FEA6A3400FB1796 /* Atari800ControlManager.m in Sources */ = {isa = PBXBuildFile; fileRef = E21FDAD71FEA6A3400FB1796 /* Atari800ControlManager.m */; };
		E21FDADC1FEA6AD500FB1796 /* Atari800Platform.h in Headers */ = {isa = PBXBuildFile; fileRef = E21FDADA1FEA6AD500FB1796 /* Atari800Platform.h */; };
		E21FDADD1FEA6AD500FB1796 /* Atari800Platform.m in Sources */ = {isa = PBXBuildFile; fileRef = E21FDADB1FEA6AD500FB1796 /* Atari800Platform.m */; };
		E21FDAF21FEA72E200FB1796 /* Atari800Emulator.h in Headers */ = {isa = PBXBuildFile; fileRef = E21FDAF01FEA72E100FB1796 /* Atari800Emulator.h */; };
		E21FDAF31FEA72E200FB1796 /* Atari800Emulator.m in Sources */ = {isa = PBXBuildFile; fileRef = E21FDAF11FEA72E200FB1796 /* Atari800Emulator.m */; };
		E231F6681FE9469F004ED389 /* Atari800ShaderTypes.h in Headers */ = {isa = PBXBuildFile; fileRef = E231F65B1FE9469F004ED389 /* Atari800ShaderTypes.h */; };
		E231F6691FE9469F004ED389 /* Atari800Palette.m in Sources */ = {isa = PBXBuildFile; fileRef = E231F65C1FE9469F004ED389 /* Atari800Palette.m */; };
		E231F66A1FE9469F004ED389 /* Atari800Renderer.h in Headers */ = {isa = PBXBuildFile; fileRef = E231F65D1FE9469F004ED389 /* Atari800Renderer.h */; settings = {ATTRIBUTES = (Public, ); }; };
		E231F66B1FE9469F004ED389 /* Atari800Palette.h in Headers */ = {isa = PBXBuildFile; fileRef = E231F65E1FE9469F004ED389 /* Atari800Palette.h */; };
		E231F66C1FE9469F004ED389 /* Atari800Shaders.metal in Sources */ = {isa = PBXBuildFile; fileRef = E231F65F1FE9469F004ED389 /* Atari800Shaders.metal */; };
		E231F66D1FE9469F004ED389 /* Atari800Renderer.m in Sources */ = {isa = PBXBuildFile; fileRef = E231F6601FE9469F004ED389 /* Atari800Renderer.m */; };
		E231F66E1FE9469F004ED389 /* jakub.act in Resources */ = {isa = PBXBuildFile; fileRef = E231F6621FE9469F004ED389 /* jakub.act */; };
		E231F66F1FE9469F004ED389 /* gray.act in Resources */ = {isa = PBXBuildFile; fileRef = E231F6631FE9469F004ED389 /* gray.act */; };
		E231F6701FE9469F004ED389 /* Real.act in Resources */ = {isa = PBXBuildFile; fileRef = E231F6641FE9469F004ED389 /* Real.act */; };
		E231F6711FE9469F004ED389 /* fox.act in Resources */ = {isa = PBXBuildFile; fileRef = E231F6651FE9469F004ED389 /* fox.act */; };
		E231F6721FE9469F004ED389 /* default.act in Resources */ = {isa = PBXBuildFile; fileRef = E231F6661FE9469F004ED389 /* default.act */; };
		E231F6731FE9469F004ED389 /* XFormer.act in Resources */ = {isa = PBXBuildFile; fileRef = E231F6671FE9469F004ED389 /* XFormer.act */; };
		E251DAEB1FEA754900613C10 /* config.h in Headers */ = {isa = PBXBuildFile; fileRef = E251DAEA1FEA754800613C10 /* config.h */; };
		E2D98B9B1FE93A52005362D9 /* Atari800EmulationCore_macOS.h in Headers */ = {isa = PBXBuildFile; fileRef = E2D98B991FE93A52005362D9 /* Atari800EmulationCore_macOS.h */; settings = {ATTRIBUTES = (Public, ); }; };
/* End PBXBuildFile section */

/* Begin PBXFileReference section */
		E21FD9C21FE97E5400FB1796 /* ui_basic.h */ = {isa = PBXFileReference; fileEncoding = 4; lastKnownFileType = sourcecode.c.h; path = ui_basic.h; sourceTree = "<group>"; };
		E21FD9C31FE97E5400FB1796 /* platform.h */ = {isa = PBXFileReference; fileEncoding = 4; lastKnownFileType = sourcecode.c.h; path = platform.h; sourceTree = "<group>"; };
		E21FD9C41FE97E5400FB1796 /* compfile.h */ = {isa = PBXFileReference; fileEncoding = 4; lastKnownFileType = sourcecode.c.h; path = compfile.h; sourceTree = "<group>"; };
		E21FD9C51FE97E5500FB1796 /* pbi.c */ = {isa = PBXFileReference; fileEncoding = 4; lastKnownFileType = sourcecode.c.c; path = pbi.c; sourceTree = "<group>"; };
		E21FD9C61FE97E5500FB1796 /* sysrom.c */ = {isa = PBXFileReference; fileEncoding = 4; lastKnownFileType = sourcecode.c.c; path = sysrom.c; sourceTree = "<group>"; };
		E21FD9C71FE97E5500FB1796 /* af80.h */ = {isa = PBXFileReference; fileEncoding = 4; lastKnownFileType = sourcecode.c.h; path = af80.h; sourceTree = "<group>"; };
		E21FD9C81FE97E5500FB1796 /* cartridge.h */ = {isa = PBXFileReference; fileEncoding = 4; lastKnownFileType = sourcecode.c.h; path = cartridge.h; sourceTree = "<group>"; };
		E21FD9C91FE97E5600FB1796 /* cartridge.c */ = {isa = PBXFileReference; fileEncoding = 4; lastKnownFileType = sourcecode.c.c; path = cartridge.c; sourceTree = "<group>"; };
		E21FD9CA1FE97E5600FB1796 /* colours_ntsc.c */ = {isa = PBXFileReference; fileEncoding = 4; lastKnownFileType = sourcecode.c.c; path = colours_ntsc.c; sourceTree = "<group>"; };
		E21FD9CB1FE97E5900FB1796 /* pbi_proto80.h */ = {isa = PBXFileReference; fileEncoding = 4; lastKnownFileType = sourcecode.c.h; path = pbi_proto80.h; sourceTree = "<group>"; };
		E21FD9CC1FE97E5A00FB1796 /* crc32.c */ = {isa = PBXFileReference; fileEncoding = 4; lastKnownFileType = sourcecode.c.c; path = crc32.c; sourceTree = "<group>"; };
		E21FD9CD1FE97E5A00FB1796 /* log.c */ = {isa = PBXFileReference; fileEncoding = 4; lastKnownFileType = sourcecode.c.c; path = log.c; sourceTree = "<group>"; };
		E21FD9CF1FE97E5A00FB1796 /* colours_pal.c */ = {isa = PBXFileReference; fileEncoding = 4; lastKnownFileType = sourcecode.c.c; path = colours_pal.c; sourceTree = "<group>"; };
		E21FD9D01FE97E5A00FB1796 /* compfile.c */ = {isa = PBXFileReference; fileEncoding = 4; lastKnownFileType = sourcecode.c.c; path = compfile.c; sourceTree = "<group>"; };
		E21FD9D11FE97E5A00FB1796 /* devices.c */ = {isa = PBXFileReference; fileEncoding = 4; lastKnownFileType = sourcecode.c.c; path = devices.c; sourceTree = "<group>"; };
		E21FD9D21FE97E5A00FB1796 /* pbi_xld.h */ = {isa = PBXFileReference; fileEncoding = 4; lastKnownFileType = sourcecode.c.h; path = pbi_xld.h; sourceTree = "<group>"; };
		E21FD9D31FE97E5B00FB1796 /* util.c */ = {isa = PBXFileReference; fileEncoding = 4; lastKnownFileType = sourcecode.c.c; path = util.c; sourceTree = "<group>"; };
		E21FD9D41FE97E5B00FB1796 /* atari_curses.c */ = {isa = PBXFileReference; fileEncoding = 4; lastKnownFileType = sourcecode.c.c; path = atari_curses.c; sourceTree = "<group>"; };
		E21FD9D51FE97E5B00FB1796 /* crc32.h */ = {isa = PBXFileReference; fileEncoding = 4; lastKnownFileType = sourcecode.c.h; path = crc32.h; sourceTree = "<group>"; };
		E21FD9D71FE97E5B00FB1796 /* esc.c */ = {isa = PBXFileReference; fileEncoding = 4; lastKnownFileType = sourcecode.c.c; path = esc.c; sourceTree = "<group>"; };
		E21FD9D81FE97E5B00FB1796 /* afile.c */ = {isa = PBXFileReference; fileEncoding = 4; lastKnownFileType = sourcecode.c.c; path = afile.c; sourceTree = "<group>"; };
		E21FD9D91FE97E5B00FB1796 /* votrax.c */ = {isa = PBXFileReference; fileEncoding = 4; lastKnownFileType = sourcecode.c.c; path = votrax.c; sourceTree = "<group>"; };
		E21FD9DA1FE97E5C00FB1796 /* ide_internal.h */ = {isa = PBXFileReference; fileEncoding = 4; lastKnownFileType = sourcecode.c.h; path = ide_internal.h; sourceTree = "<group>"; };
		E21FD9DB1FE97E5C00FB1796 /* votrax.h */ = {isa = PBXFileReference; fileEncoding = 4; lastKnownFileType = sourcecode.c.h; path = votrax.h; sourceTree = "<group>"; };
		E21FD9DC1FE97E5C00FB1796 /* img_tape.h */ = {isa = PBXFileReference; fileEncoding = 4; lastKnownFileType = sourcecode.c.h; path = img_tape.h; sourceTree = "<group>"; };
		E21FD9DD1FE97E5C00FB1796 /* ui_basic.c */ = {isa = PBXFileReference; fileEncoding = 4; lastKnownFileType = sourcecode.c.c; path = ui_basic.c; sourceTree = "<group>"; };
		E21FD9DE1FE97E5C00FB1796 /* voicebox.c */ = {isa = PBXFileReference; fileEncoding = 4; lastKnownFileType = sourcecode.c.c; path = voicebox.c; sourceTree = "<group>"; };
		E21FD9DF1FE97E5C00FB1796 /* remez.c */ = {isa = PBXFileReference; fileEncoding = 4; lastKnownFileType = sourcecode.c.c; path = remez.c; sourceTree = "<group>"; };
		E21FD9E01FE97E5D00FB1796 /* pbi_proto80.c */ = {isa = PBXFileReference; fileEncoding = 4; lastKnownFileType = sourcecode.c.c; path = pbi_proto80.c; sourceTree = "<group>"; };
		E21FD9E11FE97E5D00FB1796 /* pokey.c */ = {isa = PBXFileReference; fileEncoding = 4; lastKnownFileType = sourcecode.c.c; path = pokey.c; sourceTree = "<group>"; };
		E21FD9E21FE97E5D00FB1796 /* ui.h */ = {isa = PBXFileReference; fileEncoding = 4; lastKnownFileType = sourcecode.c.h; path = ui.h; sourceTree = "<group>"; };
		E21FD9E31FE97E5D00FB1796 /* atari.h */ = {isa = PBXFileReference; fileEncoding = 4; lastKnownFileType = sourcecode.c.h; path = atari.h; sourceTree = "<group>"; };
		E21FD9E41FE97E5D00FB1796 /* colours.c */ = {isa = PBXFileReference; fileEncoding = 4; lastKnownFileType = sourcecode.c.c; path = colours.c; sourceTree = "<group>"; };
		E21FD9E51FE97E5D00FB1796 /* emuos.h */ = {isa = PBXFileReference; fileEncoding = 4; lastKnownFileType = sourcecode.c.h; path = emuos.h; sourceTree = "<group>"; };
		E21FD9E61FE97E5E00FB1796 /* pokeysnd.h */ = {isa = PBXFileReference; fileEncoding = 4; lastKnownFileType = sourcecode.c.h; path = pokeysnd.h; sourceTree = "<group>"; };
		E21FD9E71FE97E5E00FB1796 /* rtime.c */ = {isa = PBXFileReference; fileEncoding = 4; lastKnownFileType = sourcecode.c.c; path = rtime.c; sourceTree = "<group>"; };
		E21FD9E81FE97E5E00FB1796 /* antic.h */ = {isa = PBXFileReference; fileEncoding = 4; lastKnownFileType = sourcecode.c.h; path = antic.h; sourceTree = "<group>"; };
		E21FD9E91FE97E5E00FB1796 /* artifact.c */ = {isa = PBXFileReference; fileEncoding = 4; lastKnownFileType = sourcecode.c.c; path = artifact.c; sourceTree = "<group>"; };
		E21FD9EA1FE97E5E00FB1796 /* sound.c */ = {isa = PBXFileReference; fileEncoding = 4; lastKnownFileType = sourcecode.c.c; path = sound.c; sourceTree = "<group>"; };
		E21FD9EB1FE97E5E00FB1796 /* vtxsmpls.inc */ = {isa = PBXFileReference; explicitFileType = sourcecode.c.h; fileEncoding = 4; path = vtxsmpls.inc; sourceTree = "<group>"; };
		E21FD9EC1FE97E5F00FB1796 /* xep80.h */ = {isa = PBXFileReference; fileEncoding = 4; lastKnownFileType = sourcecode.c.h; path = xep80.h; sourceTree = "<group>"; };
		E21FD9ED1FE97E5F00FB1796 /* pbi_mio.c */ = {isa = PBXFileReference; fileEncoding = 4; lastKnownFileType = sourcecode.c.c; path = pbi_mio.c; sourceTree = "<group>"; };
		E21FD9EE1FE97E5F00FB1796 /* cfg.h */ = {isa = PBXFileReference; fileEncoding = 4; lastKnownFileType = sourcecode.c.h; path = cfg.h; sourceTree = "<group>"; };
		E21FD9EF1FE97E5F00FB1796 /* rtime.h */ = {isa = PBXFileReference; fileEncoding = 4; lastKnownFileType = sourcecode.c.h; path = rtime.h; sourceTree = "<group>"; };
		E21FD9F01FE97E5F00FB1796 /* gtia.c */ = {isa = PBXFileReference; fileEncoding = 4; lastKnownFileType = sourcecode.c.c; path = gtia.c; sourceTree = "<group>"; };
		E21FD9F11FE97E5F00FB1796 /* pcjoy.h */ = {isa = PBXFileReference; fileEncoding = 4; lastKnownFileType = sourcecode.c.h; path = pcjoy.h; sourceTree = "<group>"; };
		E21FD9F21FE97E5F00FB1796 /* memory.h */ = {isa = PBXFileReference; fileEncoding = 4; lastKnownFileType = sourcecode.c.h; path = memory.h; sourceTree = "<group>"; };
		E21FD9F31FE97E6000FB1796 /* atari.c */ = {isa = PBXFileReference; fileEncoding = 4; lastKnownFileType = sourcecode.c.c; path = atari.c; sourceTree = "<group>"; };
		E21FD9F41FE97E6000FB1796 /* pbi_mio.h */ = {isa = PBXFileReference; fileEncoding = 4; lastKnownFileType = sourcecode.c.h; path = pbi_mio.h; sourceTree = "<group>"; };
		E21FD9F51FE97E6000FB1796 /* pbi_scsi.h */ = {isa = PBXFileReference; fileEncoding = 4; lastKnownFileType = sourcecode.c.h; path = pbi_scsi.h; sourceTree = "<group>"; };
		E21FD9F61FE97E6000FB1796 /* pokeysnd.c */ = {isa = PBXFileReference; fileEncoding = 4; lastKnownFileType = sourcecode.c.c; path = pokeysnd.c; sourceTree = "<group>"; };
		E21FD9F71FE97E6000FB1796 /* pal_blending.h */ = {isa = PBXFileReference; fileEncoding = 4; lastKnownFileType = sourcecode.c.h; path = pal_blending.h; sourceTree = "<group>"; };
		E21FD9F81FE97E6000FB1796 /* bit3.h */ = {isa = PBXFileReference; fileEncoding = 4; lastKnownFileType = sourcecode.c.h; path = bit3.h; sourceTree = "<group>"; };
		E21FD9F91FE97E6000FB1796 /* xep80_fonts.c */ = {isa = PBXFileReference; fileEncoding = 4; lastKnownFileType = sourcecode.c.c; path = xep80_fonts.c; sourceTree = "<group>"; };
		E21FD9FA1FE97E6100FB1796 /* esc.h */ = {isa = PBXFileReference; fileEncoding = 4; lastKnownFileType = sourcecode.c.h; path = esc.h; sourceTree = "<group>"; };
		E21FD9FB1FE97E6100FB1796 /* akey.h */ = {isa = PBXFileReference; fileEncoding = 4; lastKnownFileType = sourcecode.c.h; path = akey.h; sourceTree = "<group>"; };
		E21FD9FC1FE97E6100FB1796 /* pbi.h */ = {isa = PBXFileReference; fileEncoding = 4; lastKnownFileType = sourcecode.c.h; path = pbi.h; sourceTree = "<group>"; };
		E21FD9FD1FE97E6100FB1796 /* votraxsnd.h */ = {isa = PBXFileReference; fileEncoding = 4; lastKnownFileType = sourcecode.c.h; path = votraxsnd.h; sourceTree = "<group>"; };
		E21FD9FE1FE97E6100FB1796 /* gtia.h */ = {isa = PBXFileReference; fileEncoding = 4; lastKnownFileType = sourcecode.c.h; path = gtia.h; sourceTree = "<group>"; };
		E21FD9FF1FE97E6100FB1796 /* monitor.c */ = {isa = PBXFileReference; fileEncoding = 4; lastKnownFileType = sourcecode.c.c; path = monitor.c; sourceTree = "<group>"; };
		E21FDA001FE97E6200FB1796 /* emuos.lis */ = {isa = PBXFileReference; fileEncoding = 4; lastKnownFileType = text; path = emuos.lis; sourceTree = "<group>"; };
		E21FDA011FE97E6200FB1796 /* pia.c */ = {isa = PBXFileReference; fileEncoding = 4; lastKnownFileType = sourcecode.c.c; path = pia.c; sourceTree = "<group>"; };
		E21FDA021FE97E6200FB1796 /* remez.h */ = {isa = PBXFileReference; fileEncoding = 4; lastKnownFileType = sourcecode.c.h; path = remez.h; sourceTree = "<group>"; };
		E21FDA031FE97E6200FB1796 /* colours.h */ = {isa = PBXFileReference; fileEncoding = 4; lastKnownFileType = sourcecode.c.h; path = colours.h; sourceTree = "<group>"; };
		E21FDA041FE97E6200FB1796 /* cpu.h */ = {isa = PBXFileReference; fileEncoding = 4; lastKnownFileType = sourcecode.c.h; path = cpu.h; sourceTree = "<group>"; };
		E21FDA051FE97E6200FB1796 /* colours_external.c */ = {isa = PBXFileReference; fileEncoding = 4; lastKnownFileType = sourcecode.c.c; path = colours_external.c; sourceTree = "<group>"; };
		E21FDA061FE97E6200FB1796 /* pbi_xld.c */ = {isa = PBXFileReference; fileEncoding = 4; lastKnownFileType = sourcecode.c.c; path = pbi_xld.c; sourceTree = "<group>"; };
		E21FDA071FE97E6300FB1796 /* sound.h */ = {isa = PBXFileReference; fileEncoding = 4; lastKnownFileType = sourcecode.c.h; path = sound.h; sourceTree = "<group>"; };
		E21FDA081FE97E6300FB1796 /* votraxsnd.c */ = {isa = PBXFileReference; fileEncoding = 4; lastKnownFileType = sourcecode.c.c; path = votraxsnd.c; sourceTree = "<group>"; };
		E21FDA091FE97E6300FB1796 /* rdevice.c */ = {isa = PBXFileReference; fileEncoding = 4; lastKnownFileType = sourcecode.c.c; path = rdevice.c; sourceTree = "<group>"; };
		E21FDA0A1FE97E6300FB1796 /* ide.c */ = {isa = PBXFileReference; fileEncoding = 4; lastKnownFileType = sourcecode.c.c; path = ide.c; sourceTree = "<group>"; };
		E21FDA0B1FE97E6300FB1796 /* sio.h */ = {isa = PBXFileReference; fileEncoding = 4; lastKnownFileType = sourcecode.c.h; path = sio.h; sourceTree = "<group>"; };
		E21FDA0C1FE97E6300FB1796 /* cycle_map.h */ = {isa = PBXFileReference; fileEncoding = 4; lastKnownFileType = sourcecode.c.h; path = cycle_map.h; sourceTree = "<group>"; };
		E21FDA0D1FE97E6400FB1796 /* emuos.c */ = {isa = PBXFileReference; fileEncoding = 4; lastKnownFileType = sourcecode.c.c; path = emuos.c; sourceTree = "<group>"; };
		E21FDA0E1FE97E6400FB1796 /* sndsave.h */ = {isa = PBXFileReference; fileEncoding = 4; lastKnownFileType = sourcecode.c.h; path = sndsave.h; sourceTree = "<group>"; };
		E21FDA0F1FE97E6400FB1796 /* cassette.h */ = {isa = PBXFileReference; fileEncoding = 4; lastKnownFileType = sourcecode.c.h; path = cassette.h; sourceTree = "<group>"; };
		E21FDA101FE97E6400FB1796 /* mzpokeysnd.c */ = {isa = PBXFileReference; fileEncoding = 4; lastKnownFileType = sourcecode.c.c; path = mzpokeysnd.c; sourceTree = "<group>"; };
		E21FDA111FE97E6400FB1796 /* afile.h */ = {isa = PBXFileReference; fileEncoding = 4; lastKnownFileType = sourcecode.c.h; path = afile.h; sourceTree = "<group>"; };
		E21FDA121FE97E6400FB1796 /* colours_ntsc.h */ = {isa = PBXFileReference; fileEncoding = 4; lastKnownFileType = sourcecode.c.h; path = colours_ntsc.h; sourceTree = "<group>"; };
		E21FDA131FE97E6400FB1796 /* cassette.c */ = {isa = PBXFileReference; fileEncoding = 4; lastKnownFileType = sourcecode.c.c; path = cassette.c; sourceTree = "<group>"; };
		E21FDA141FE97E6500FB1796 /* devices.h */ = {isa = PBXFileReference; fileEncoding = 4; lastKnownFileType = sourcecode.c.h; path = devices.h; sourceTree = "<group>"; };
		E21FDA151FE97E6500FB1796 /* ide.h */ = {isa = PBXFileReference; fileEncoding = 4; lastKnownFileType = sourcecode.c.h; path = ide.h; sourceTree = "<group>"; };
		E21FDA161FE97E6500FB1796 /* cfg.c */ = {isa = PBXFileReference; fileEncoding = 4; lastKnownFileType = sourcecode.c.c; path = cfg.c; sourceTree = "<group>"; };
		E21FDA171FE97E6500FB1796 /* rdevice.h */ = {isa = PBXFileReference; fileEncoding = 4; lastKnownFileType = sourcecode.c.h; path = rdevice.h; sourceTree = "<group>"; };
		E21FDA181FE97E6500FB1796 /* util.h */ = {isa = PBXFileReference; fileEncoding = 4; lastKnownFileType = sourcecode.c.h; path = util.h; sourceTree = "<group>"; };
		E21FDA191FE97E6500FB1796 /* filter_ntsc.c */ = {isa = PBXFileReference; fileEncoding = 4; lastKnownFileType = sourcecode.c.c; path = filter_ntsc.c; sourceTree = "<group>"; };
		E21FDA1A1FE97E6600FB1796 /* input.c */ = {isa = PBXFileReference; fileEncoding = 4; lastKnownFileType = sourcecode.c.c; path = input.c; sourceTree = "<group>"; };
		E21FDA1B1FE97E6600FB1796 /* statesav.c */ = {isa = PBXFileReference; fileEncoding = 4; lastKnownFileType = sourcecode.c.c; path = statesav.c; sourceTree = "<group>"; };
		E21FDA1C1FE97E6600FB1796 /* artifact.h */ = {isa = PBXFileReference; fileEncoding = 4; lastKnownFileType = sourcecode.c.h; path = artifact.h; sourceTree = "<group>"; };
		E21FDA1D1FE97E6600FB1796 /* antic.c */ = {isa = PBXFileReference; fileEncoding = 4; lastKnownFileType = sourcecode.c.c; path = antic.c; sourceTree = "<group>"; };
		E21FDA1E1FE97E6600FB1796 /* pbi_bb.h */ = {isa = PBXFileReference; fileEncoding = 4; lastKnownFileType = sourcecode.c.h; path = pbi_bb.h; sourceTree = "<group>"; };
		E21FDA1F1FE97E6600FB1796 /* statesav.h */ = {isa = PBXFileReference; fileEncoding = 4; lastKnownFileType = sourcecode.c.h; path = statesav.h; sourceTree = "<group>"; };
		E21FDA211FE97E6700FB1796 /* sysrom.h */ = {isa = PBXFileReference; fileEncoding = 4; lastKnownFileType = sourcecode.c.h; path = sysrom.h; sourceTree = "<group>"; };
		E21FDA221FE97E6700FB1796 /* cycle_map.c */ = {isa = PBXFileReference; fileEncoding = 4; lastKnownFileType = sourcecode.c.c; path = cycle_map.c; sourceTree = "<group>"; };
		E21FDA231FE97E6700FB1796 /* af80.c */ = {isa = PBXFileReference; fileEncoding = 4; lastKnownFileType = sourcecode.c.c; path = af80.c; sourceTree = "<group>"; };
		E21FDA241FE97E6700FB1796 /* pbi_scsi.c */ = {isa = PBXFileReference; fileEncoding = 4; lastKnownFileType = sourcecode.c.c; path = pbi_scsi.c; sourceTree = "<group>"; };
		E21FDA251FE97E6700FB1796 /* pia.h */ = {isa = PBXFileReference; fileEncoding = 4; lastKnownFileType = sourcecode.c.h; path = pia.h; sourceTree = "<group>"; };
		E21FDA261FE97E6700FB1796 /* input.h */ = {isa = PBXFileReference; fileEncoding = 4; lastKnownFileType = sourcecode.c.h; path = input.h; sourceTree = "<group>"; };
		E21FDA271FE97E6700FB1796 /* mkimg.c */ = {isa = PBXFileReference; fileEncoding = 4; lastKnownFileType = sourcecode.c.c; path = mkimg.c; sourceTree = "<group>"; };
		E21FDA281FE97E6800FB1796 /* pal_blending.c */ = {isa = PBXFileReference; fileEncoding = 4; lastKnownFileType = sourcecode.c.c; path = pal_blending.c; sourceTree = "<group>"; };
		E21FDA291FE97E6800FB1796 /* screen.c */ = {isa = PBXFileReference; fileEncoding = 4; lastKnownFileType = sourcecode.c.c; path = screen.c; sourceTree = "<group>"; };
		E21FDA2A1FE97E6800FB1796 /* sndsave.c */ = {isa = PBXFileReference; fileEncoding = 4; lastKnownFileType = sourcecode.c.c; path = sndsave.c; sourceTree = "<group>"; };
		E21FDA2B1FE97E6800FB1796 /* pokey.h */ = {isa = PBXFileReference; fileEncoding = 4; lastKnownFileType = sourcecode.c.h; path = pokey.h; sourceTree = "<group>"; };
		E21FDA2C1FE97E6800FB1796 /* xep80_fonts.h */ = {isa = PBXFileReference; fileEncoding = 4; lastKnownFileType = sourcecode.c.h; path = xep80_fonts.h; sourceTree = "<group>"; };
		E21FDA2D1FE97E6800FB1796 /* ui.c */ = {isa = PBXFileReference; fileEncoding = 4; lastKnownFileType = sourcecode.c.c; path = ui.c; sourceTree = "<group>"; };
		E21FDA2E1FE97E6900FB1796 /* colours_pal.h */ = {isa = PBXFileReference; fileEncoding = 4; lastKnownFileType = sourcecode.c.h; path = colours_pal.h; sourceTree = "<group>"; };
		E21FDA2F1FE97E6900FB1796 /* voicebox.h */ = {isa = PBXFileReference; fileEncoding = 4; lastKnownFileType = sourcecode.c.h; path = voicebox.h; sourceTree = "<group>"; };
		E21FDA301FE97E6900FB1796 /* xep80.c */ = {isa = PBXFileReference; fileEncoding = 4; lastKnownFileType = sourcecode.c.c; path = xep80.c; sourceTree = "<group>"; };
		E21FDA311FE97E6900FB1796 /* filter_ntsc.h */ = {isa = PBXFileReference; fileEncoding = 4; lastKnownFileType = sourcecode.c.h; path = filter_ntsc.h; sourceTree = "<group>"; };
		E21FDA321FE97E6900FB1796 /* cpu.c */ = {isa = PBXFileReference; fileEncoding = 4; lastKnownFileType = sourcecode.c.c; path = cpu.c; sourceTree = "<group>"; };
		E21FDA331FE97E6900FB1796 /* binload.h */ = {isa = PBXFileReference; fileEncoding = 4; lastKnownFileType = sourcecode.c.h; path = binload.h; sourceTree = "<group>"; };
		E21FDA341FE97E6900FB1796 /* mzpokeysnd.h */ = {isa = PBXFileReference; fileEncoding = 4; lastKnownFileType = sourcecode.c.h; path = mzpokeysnd.h; sourceTree = "<group>"; };
		E21FDA351FE97E6A00FB1796 /* monitor.h */ = {isa = PBXFileReference; fileEncoding = 4; lastKnownFileType = sourcecode.c.h; path = monitor.h; sourceTree = "<group>"; };
		E21FDA361FE97E6A00FB1796 /* screen.h */ = {isa = PBXFileReference; fileEncoding = 4; lastKnownFileType = sourcecode.c.h; path = screen.h; sourceTree = "<group>"; };
		E21FDA371FE97E6A00FB1796 /* pbi_bb.c */ = {isa = PBXFileReference; fileEncoding = 4; lastKnownFileType = sourcecode.c.c; path = pbi_bb.c; sourceTree = "<group>"; };
		E21FDA381FE97E6A00FB1796 /* sio.c */ = {isa = PBXFileReference; fileEncoding = 4; lastKnownFileType = sourcecode.c.c; path = sio.c; sourceTree = "<group>"; };
		E21FDA391FE97E6A00FB1796 /* bit3.c */ = {isa = PBXFileReference; fileEncoding = 4; lastKnownFileType = sourcecode.c.c; path = bit3.c; sourceTree = "<group>"; };
		E21FDA3A1FE97E6A00FB1796 /* img_tape.c */ = {isa = PBXFileReference; fileEncoding = 4; lastKnownFileType = sourcecode.c.c; path = img_tape.c; sourceTree = "<group>"; };
		E21FDA3B1FE97E6B00FB1796 /* colours_external.h */ = {isa = PBXFileReference; fileEncoding = 4; lastKnownFileType = sourcecode.c.h; path = colours_external.h; sourceTree = "<group>"; };
		E21FDA3C1FE97E6B00FB1796 /* emuos_altirra.c */ = {isa = PBXFileReference; fileEncoding = 4; lastKnownFileType = sourcecode.c.c; path = emuos_altirra.c; sourceTree = "<group>"; };
		E21FDA3D1FE97E6B00FB1796 /* log.h */ = {isa = PBXFileReference; fileEncoding = 4; lastKnownFileType = sourcecode.c.h; path = log.h; sourceTree = "<group>"; };
		E21FDA3E1FE97E6B00FB1796 /* binload.c */ = {isa = PBXFileReference; fileEncoding = 4; lastKnownFileType = sourcecode.c.c; path = binload.c; sourceTree = "<group>"; };
		E21FDA3F1FE97E6B00FB1796 /* memory.c */ = {isa = PBXFileReference; fileEncoding = 4; lastKnownFileType = sourcecode.c.c; path = memory.c; sourceTree = "<group>"; };
		E21FDAC21FE985BF00FB1796 /* Atari800AudioDriver.h */ = {isa = PBXFileReference; lastKnownFileType = sourcecode.c.h; path = Atari800AudioDriver.h; sourceTree = "<group>"; };
		E21FDAC31FE985BF00FB1796 /* Atari800AudioDriver.m */ = {isa = PBXFileReference; lastKnownFileType = sourcecode.c.objc; path = Atari800AudioDriver.m; sourceTree = "<group>"; };
		E21FDAC71FE986F400FB1796 /* atari_ntsc.h */ = {isa = PBXFileReference; fileEncoding = 4; lastKnownFileType = sourcecode.c.h; path = atari_ntsc.h; sourceTree = "<group>"; };
		E21FDAC81FE986F400FB1796 /* atari_ntsc_config.h */ = {isa = PBXFileReference; fileEncoding = 4; lastKnownFileType = sourcecode.c.h; path = atari_ntsc_config.h; sourceTree = "<group>"; };
		E21FDAC91FE986F400FB1796 /* atari_ntsc.c */ = {isa = PBXFileReference; fileEncoding = 4; lastKnownFileType = sourcecode.c.c; path = atari_ntsc.c; sourceTree = "<group>"; };
		E21FDACA1FE986F400FB1796 /* atari_ntsc_impl.h */ = {isa = PBXFileReference; fileEncoding = 4; lastKnownFileType = sourcecode.c.h; path = atari_ntsc_impl.h; sourceTree = "<group>"; };
		E21FDAD01FEA69E500FB1796 /* Atari800Preferences.h */ = {isa = PBXFileReference; lastKnownFileType = sourcecode.c.h; path = Atari800Preferences.h; sourceTree = "<group>"; };
		E21FDAD11FEA69E500FB1796 /* Atari800Preferences.m */ = {isa = PBXFileReference; lastKnownFileType = sourcecode.c.objc; path = Atari800Preferences.m; sourceTree = "<group>"; };
		E21FDAD61FEA6A3400FB1796 /* Atari800ControlManager.h */ = {isa = PBXFileReference; lastKnownFileType = sourcecode.c.h; path = Atari800ControlManager.h; sourceTree = "<group>"; };
		E21FDAD71FEA6A3400FB1796 /* Atari800ControlManager.m */ = {isa = PBXFileReference; lastKnownFileType = sourcecode.c.objc; path = Atari800ControlManager.m; sourceTree = "<group>"; };
		E21FDADA1FEA6AD500FB1796 /* Atari800Platform.h */ = {isa = PBXFileReference; lastKnownFileType = sourcecode.c.h; path = Atari800Platform.h; sourceTree = "<group>"; };
		E21FDADB1FEA6AD500FB1796 /* Atari800Platform.m */ = {isa = PBXFileReference; lastKnownFileType = sourcecode.c.objc; path = Atari800Platform.m; sourceTree = "<group>"; };
		E21FDAF01FEA72E100FB1796 /* Atari800Emulator.h */ = {isa = PBXFileReference; fileEncoding = 4; lastKnownFileType = sourcecode.c.h; path = Atari800Emulator.h; sourceTree = "<group>"; };
		E21FDAF11FEA72E200FB1796 /* Atari800Emulator.m */ = {isa = PBXFileReference; fileEncoding = 4; lastKnownFileType = sourcecode.c.objc; path = Atari800Emulator.m; sourceTree = "<group>"; };
		E231F65B1FE9469F004ED389 /* Atari800ShaderTypes.h */ = {isa = PBXFileReference; fileEncoding = 4; lastKnownFileType = sourcecode.c.h; path = Atari800ShaderTypes.h; sourceTree = "<group>"; };
		E231F65C1FE9469F004ED389 /* Atari800Palette.m */ = {isa = PBXFileReference; fileEncoding = 4; lastKnownFileType = sourcecode.c.objc; path = Atari800Palette.m; sourceTree = "<group>"; };
		E231F65D1FE9469F004ED389 /* Atari800Renderer.h */ = {isa = PBXFileReference; fileEncoding = 4; lastKnownFileType = sourcecode.c.h; path = Atari800Renderer.h; sourceTree = "<group>"; };
		E231F65E1FE9469F004ED389 /* Atari800Palette.h */ = {isa = PBXFileReference; fileEncoding = 4; lastKnownFileType = sourcecode.c.h; path = Atari800Palette.h; sourceTree = "<group>"; };
		E231F65F1FE9469F004ED389 /* Atari800Shaders.metal */ = {isa = PBXFileReference; fileEncoding = 4; lastKnownFileType = sourcecode.metal; path = Atari800Shaders.metal; sourceTree = "<group>"; };
		E231F6601FE9469F004ED389 /* Atari800Renderer.m */ = {isa = PBXFileReference; fileEncoding = 4; lastKnownFileType = sourcecode.c.objc; path = Atari800Renderer.m; sourceTree = "<group>"; };
		E231F6621FE9469F004ED389 /* jakub.act */ = {isa = PBXFileReference; lastKnownFileType = file; path = jakub.act; sourceTree = "<group>"; };
		E231F6631FE9469F004ED389 /* gray.act */ = {isa = PBXFileReference; lastKnownFileType = file; path = gray.act; sourceTree = "<group>"; };
		E231F6641FE9469F004ED389 /* Real.act */ = {isa = PBXFileReference; lastKnownFileType = file; path = Real.act; sourceTree = "<group>"; };
		E231F6651FE9469F004ED389 /* fox.act */ = {isa = PBXFileReference; lastKnownFileType = file; path = fox.act; sourceTree = "<group>"; };
		E231F6661FE9469F004ED389 /* default.act */ = {isa = PBXFileReference; lastKnownFileType = file; path = default.act; sourceTree = "<group>"; };
		E231F6671FE9469F004ED389 /* XFormer.act */ = {isa = PBXFileReference; lastKnownFileType = file; path = XFormer.act; sourceTree = "<group>"; };
		E251DAEA1FEA754800613C10 /* config.h */ = {isa = PBXFileReference; fileEncoding = 4; lastKnownFileType = sourcecode.c.h; path = config.h; sourceTree = "<group>"; };
		E2D98B961FE93A52005362D9 /* Atari800EmulationCore_macOS.framework */ = {isa = PBXFileReference; explicitFileType = wrapper.framework; includeInIndex = 0; path = Atari800EmulationCore_macOS.framework; sourceTree = BUILT_PRODUCTS_DIR; };
		E2D98B991FE93A52005362D9 /* Atari800EmulationCore_macOS.h */ = {isa = PBXFileReference; lastKnownFileType = sourcecode.c.h; path = Atari800EmulationCore_macOS.h; sourceTree = "<group>"; };
		E2D98B9A1FE93A52005362D9 /* Info.plist */ = {isa = PBXFileReference; lastKnownFileType = text.plist.xml; path = Info.plist; sourceTree = "<group>"; };
/* End PBXFileReference section */

/* Begin PBXFrameworksBuildPhase section */
		E2D98B921FE93A52005362D9 /* Frameworks */ = {
			isa = PBXFrameworksBuildPhase;
			buildActionMask = 2147483647;
			files = (
			);
			runOnlyForDeploymentPostprocessing = 0;
		};
/* End PBXFrameworksBuildPhase section */

/* Begin PBXGroup section */
		E21FD8C21FE97D5B00FB1796 /* Emulation */ = {
			isa = PBXGroup;
			children = (
				E21FDAC61FE986F400FB1796 /* atari_ntsc */,
				E21FDA231FE97E6700FB1796 /* af80.c */,
				E21FD9C71FE97E5500FB1796 /* af80.h */,
				E21FD9D81FE97E5B00FB1796 /* afile.c */,
				E21FDA111FE97E6400FB1796 /* afile.h */,
				E21FD9FB1FE97E6100FB1796 /* akey.h */,
				E21FDA1D1FE97E6600FB1796 /* antic.c */,
				E21FD9E81FE97E5E00FB1796 /* antic.h */,
				E21FD9E91FE97E5E00FB1796 /* artifact.c */,
				E21FDA1C1FE97E6600FB1796 /* artifact.h */,
				E21FD9D41FE97E5B00FB1796 /* atari_curses.c */,
				E21FD9F31FE97E6000FB1796 /* atari.c */,
				E21FD9E31FE97E5D00FB1796 /* atari.h */,
				E21FDA3E1FE97E6B00FB1796 /* binload.c */,
				E21FDA331FE97E6900FB1796 /* binload.h */,
				E21FDA391FE97E6A00FB1796 /* bit3.c */,
				E21FD9F81FE97E6000FB1796 /* bit3.h */,
				E21FD9C91FE97E5600FB1796 /* cartridge.c */,
				E21FD9C81FE97E5500FB1796 /* cartridge.h */,
				E21FDA131FE97E6400FB1796 /* cassette.c */,
				E21FDA0F1FE97E6400FB1796 /* cassette.h */,
				E21FDA161FE97E6500FB1796 /* cfg.c */,
				E21FD9EE1FE97E5F00FB1796 /* cfg.h */,
				E21FDA051FE97E6200FB1796 /* colours_external.c */,
				E21FDA3B1FE97E6B00FB1796 /* colours_external.h */,
				E21FD9CA1FE97E5600FB1796 /* colours_ntsc.c */,
				E21FDA121FE97E6400FB1796 /* colours_ntsc.h */,
				E21FD9CF1FE97E5A00FB1796 /* colours_pal.c */,
				E21FDA2E1FE97E6900FB1796 /* colours_pal.h */,
				E21FD9E41FE97E5D00FB1796 /* colours.c */,
				E21FDA031FE97E6200FB1796 /* colours.h */,
				E21FD9D01FE97E5A00FB1796 /* compfile.c */,
				E21FD9C41FE97E5400FB1796 /* compfile.h */,
				E21FDA321FE97E6900FB1796 /* cpu.c */,
				E21FDA041FE97E6200FB1796 /* cpu.h */,
				E21FD9CC1FE97E5A00FB1796 /* crc32.c */,
				E21FD9D51FE97E5B00FB1796 /* crc32.h */,
				E21FDA221FE97E6700FB1796 /* cycle_map.c */,
				E21FDA0C1FE97E6300FB1796 /* cycle_map.h */,
				E21FD9D11FE97E5A00FB1796 /* devices.c */,
				E21FDA141FE97E6500FB1796 /* devices.h */,
				E21FDA3C1FE97E6B00FB1796 /* emuos_altirra.c */,
				E21FDA0D1FE97E6400FB1796 /* emuos.c */,
				E21FD9E51FE97E5D00FB1796 /* emuos.h */,
				E21FDA001FE97E6200FB1796 /* emuos.lis */,
				E21FD9D71FE97E5B00FB1796 /* esc.c */,
				E21FD9FA1FE97E6100FB1796 /* esc.h */,
				E21FDA191FE97E6500FB1796 /* filter_ntsc.c */,
				E21FDA311FE97E6900FB1796 /* filter_ntsc.h */,
				E21FD9F01FE97E5F00FB1796 /* gtia.c */,
				E21FD9FE1FE97E6100FB1796 /* gtia.h */,
				E21FD9DA1FE97E5C00FB1796 /* ide_internal.h */,
				E21FDA0A1FE97E6300FB1796 /* ide.c */,
				E21FDA151FE97E6500FB1796 /* ide.h */,
				E21FDA3A1FE97E6A00FB1796 /* img_tape.c */,
				E21FD9DC1FE97E5C00FB1796 /* img_tape.h */,
				E21FDA1A1FE97E6600FB1796 /* input.c */,
				E21FDA261FE97E6700FB1796 /* input.h */,
				E21FD9CD1FE97E5A00FB1796 /* log.c */,
				E21FDA3D1FE97E6B00FB1796 /* log.h */,
				E21FDA3F1FE97E6B00FB1796 /* memory.c */,
				E21FD9F21FE97E5F00FB1796 /* memory.h */,
				E21FDA271FE97E6700FB1796 /* mkimg.c */,
				E21FD9FF1FE97E6100FB1796 /* monitor.c */,
				E21FDA351FE97E6A00FB1796 /* monitor.h */,
				E21FDA101FE97E6400FB1796 /* mzpokeysnd.c */,
				E21FDA341FE97E6900FB1796 /* mzpokeysnd.h */,
				E21FDA281FE97E6800FB1796 /* pal_blending.c */,
				E21FD9F71FE97E6000FB1796 /* pal_blending.h */,
				E21FDA371FE97E6A00FB1796 /* pbi_bb.c */,
				E21FDA1E1FE97E6600FB1796 /* pbi_bb.h */,
				E21FD9ED1FE97E5F00FB1796 /* pbi_mio.c */,
				E21FD9F41FE97E6000FB1796 /* pbi_mio.h */,
				E21FD9E01FE97E5D00FB1796 /* pbi_proto80.c */,
				E21FD9CB1FE97E5900FB1796 /* pbi_proto80.h */,
				E21FDA241FE97E6700FB1796 /* pbi_scsi.c */,
				E21FD9F51FE97E6000FB1796 /* pbi_scsi.h */,
				E21FDA061FE97E6200FB1796 /* pbi_xld.c */,
				E21FD9D21FE97E5A00FB1796 /* pbi_xld.h */,
				E21FD9C51FE97E5500FB1796 /* pbi.c */,
				E21FD9FC1FE97E6100FB1796 /* pbi.h */,
				E21FD9F11FE97E5F00FB1796 /* pcjoy.h */,
				E21FDA011FE97E6200FB1796 /* pia.c */,
				E21FDA251FE97E6700FB1796 /* pia.h */,
				E21FD9C31FE97E5400FB1796 /* platform.h */,
				E21FD9E11FE97E5D00FB1796 /* pokey.c */,
				E21FDA2B1FE97E6800FB1796 /* pokey.h */,
				E21FD9F61FE97E6000FB1796 /* pokeysnd.c */,
				E21FD9E61FE97E5E00FB1796 /* pokeysnd.h */,
				E21FDA091FE97E6300FB1796 /* rdevice.c */,
				E21FDA171FE97E6500FB1796 /* rdevice.h */,
				E21FD9DF1FE97E5C00FB1796 /* remez.c */,
				E21FDA021FE97E6200FB1796 /* remez.h */,
				E21FD9E71FE97E5E00FB1796 /* rtime.c */,
				E21FD9EF1FE97E5F00FB1796 /* rtime.h */,
				E21FDA291FE97E6800FB1796 /* screen.c */,
				E21FDA361FE97E6A00FB1796 /* screen.h */,
				E21FDA381FE97E6A00FB1796 /* sio.c */,
				E21FDA0B1FE97E6300FB1796 /* sio.h */,
				E21FDA2A1FE97E6800FB1796 /* sndsave.c */,
				E21FDA0E1FE97E6400FB1796 /* sndsave.h */,
				E21FD9EA1FE97E5E00FB1796 /* sound.c */,
				E21FDA071FE97E6300FB1796 /* sound.h */,
				E21FDA1B1FE97E6600FB1796 /* statesav.c */,
				E21FDA1F1FE97E6600FB1796 /* statesav.h */,
				E21FD9C61FE97E5500FB1796 /* sysrom.c */,
				E21FDA211FE97E6700FB1796 /* sysrom.h */,
				E21FD9DD1FE97E5C00FB1796 /* ui_basic.c */,
				E21FD9C21FE97E5400FB1796 /* ui_basic.h */,
				E21FDA2D1FE97E6800FB1796 /* ui.c */,
				E21FD9E21FE97E5D00FB1796 /* ui.h */,
				E21FD9D31FE97E5B00FB1796 /* util.c */,
				E21FDA181FE97E6500FB1796 /* util.h */,
				E21FD9DE1FE97E5C00FB1796 /* voicebox.c */,
				E21FDA2F1FE97E6900FB1796 /* voicebox.h */,
				E21FD9D91FE97E5B00FB1796 /* votrax.c */,
				E21FD9DB1FE97E5C00FB1796 /* votrax.h */,
				E21FDA081FE97E6300FB1796 /* votraxsnd.c */,
				E21FD9FD1FE97E6100FB1796 /* votraxsnd.h */,
				E21FD9EB1FE97E5E00FB1796 /* vtxsmpls.inc */,
				E21FD9F91FE97E6000FB1796 /* xep80_fonts.c */,
				E21FDA2C1FE97E6800FB1796 /* xep80_fonts.h */,
				E21FDA301FE97E6900FB1796 /* xep80.c */,
				E21FD9EC1FE97E5F00FB1796 /* xep80.h */,
			);
			name = Emulation;
			path = ../../../..;
			sourceTree = "<group>";
		};
		E21FDAC11FE9859C00FB1796 /* CoreAudio */ = {
			isa = PBXGroup;
			children = (
				E21FDAC21FE985BF00FB1796 /* Atari800AudioDriver.h */,
				E21FDAC31FE985BF00FB1796 /* Atari800AudioDriver.m */,
			);
			path = CoreAudio;
			sourceTree = "<group>";
		};
		E21FDAC61FE986F400FB1796 /* atari_ntsc */ = {
			isa = PBXGroup;
			children = (
				E21FDAC71FE986F400FB1796 /* atari_ntsc.h */,
				E21FDAC81FE986F400FB1796 /* atari_ntsc_config.h */,
				E21FDAC91FE986F400FB1796 /* atari_ntsc.c */,
				E21FDACA1FE986F400FB1796 /* atari_ntsc_impl.h */,
			);
			path = atari_ntsc;
			sourceTree = "<group>";
		};
		E21FDACF1FEA69CE00FB1796 /* Preferences */ = {
			isa = PBXGroup;
			children = (
				E21FDAD01FEA69E500FB1796 /* Atari800Preferences.h */,
				E21FDAD11FEA69E500FB1796 /* Atari800Preferences.m */,
			);
			path = Preferences;
			sourceTree = "<group>";
		};
		E21FDAD51FEA6A1900FB1796 /* Hosting */ = {
			isa = PBXGroup;
			children = (
				E21FDAF01FEA72E100FB1796 /* Atari800Emulator.h */,
				E21FDAF11FEA72E200FB1796 /* Atari800Emulator.m */,
				E21FDAD61FEA6A3400FB1796 /* Atari800ControlManager.h */,
				E21FDAD71FEA6A3400FB1796 /* Atari800ControlManager.m */,
				E21FDADA1FEA6AD500FB1796 /* Atari800Platform.h */,
				E21FDADB1FEA6AD500FB1796 /* Atari800Platform.m */,
			);
			path = Hosting;
			sourceTree = "<group>";
		};
		E231F6591FE945BD004ED389 /* Shared */ = {
			isa = PBXGroup;
			children = (
				E21FDAD51FEA6A1900FB1796 /* Hosting */,
				E21FDACF1FEA69CE00FB1796 /* Preferences */,
				E21FDAC11FE9859C00FB1796 /* CoreAudio */,
				E231F65A1FE9469F004ED389 /* Metal */,
			);
			name = Shared;
			path = ../../../Shared;
			sourceTree = "<group>";
		};
		E231F65A1FE9469F004ED389 /* Metal */ = {
			isa = PBXGroup;
			children = (
				E231F65B1FE9469F004ED389 /* Atari800ShaderTypes.h */,
				E231F65E1FE9469F004ED389 /* Atari800Palette.h */,
				E231F65C1FE9469F004ED389 /* Atari800Palette.m */,
				E231F65D1FE9469F004ED389 /* Atari800Renderer.h */,
				E231F6601FE9469F004ED389 /* Atari800Renderer.m */,
				E231F65F1FE9469F004ED389 /* Atari800Shaders.metal */,
				E231F6611FE9469F004ED389 /* Palettes */,
			);
			path = Metal;
			sourceTree = "<group>";
		};
		E231F6611FE9469F004ED389 /* Palettes */ = {
			isa = PBXGroup;
			children = (
				E231F6621FE9469F004ED389 /* jakub.act */,
				E231F6631FE9469F004ED389 /* gray.act */,
				E231F6641FE9469F004ED389 /* Real.act */,
				E231F6651FE9469F004ED389 /* fox.act */,
				E231F6661FE9469F004ED389 /* default.act */,
				E231F6671FE9469F004ED389 /* XFormer.act */,
			);
			path = Palettes;
			sourceTree = "<group>";
		};
		E2D98B8C1FE93A52005362D9 = {
			isa = PBXGroup;
			children = (
				E2D98B981FE93A52005362D9 /* Atari800EmulationCore-macOS */,
				E2D98B971FE93A52005362D9 /* Products */,
			);
			sourceTree = "<group>";
		};
		E2D98B971FE93A52005362D9 /* Products */ = {
			isa = PBXGroup;
			children = (
				E2D98B961FE93A52005362D9 /* Atari800EmulationCore_macOS.framework */,
			);
			name = Products;
			sourceTree = "<group>";
		};
		E2D98B981FE93A52005362D9 /* Atari800EmulationCore-macOS */ = {
			isa = PBXGroup;
			children = (
				E251DAEA1FEA754800613C10 /* config.h */,
				E21FD8C21FE97D5B00FB1796 /* Emulation */,
				E231F6591FE945BD004ED389 /* Shared */,
				E2D98B991FE93A52005362D9 /* Atari800EmulationCore_macOS.h */,
				E2D98B9A1FE93A52005362D9 /* Info.plist */,
			);
			path = "Atari800EmulationCore-macOS";
			sourceTree = "<group>";
		};
/* End PBXGroup section */

/* Begin PBXHeadersBuildPhase section */
		E2D98B931FE93A52005362D9 /* Headers */ = {
			isa = PBXHeadersBuildPhase;
			buildActionMask = 2147483647;
			files = (
				E21FDA811FE97E6B00FB1796 /* remez.h in Headers */,
				E21FDAAE1FE97E6B00FB1796 /* voicebox.h in Headers */,
				E21FDA961FE97E6B00FB1796 /* rdevice.h in Headers */,
				E21FDA7B1FE97E6B00FB1796 /* pbi.h in Headers */,
				E21FDAC41FE985BF00FB1796 /* Atari800AudioDriver.h in Headers */,
				E21FDAB31FE97E6B00FB1796 /* mzpokeysnd.h in Headers */,
				E21FDA771FE97E6B00FB1796 /* bit3.h in Headers */,
				E21FDA611FE97E6B00FB1796 /* ui.h in Headers */,
				E21FDAAA1FE97E6B00FB1796 /* pokey.h in Headers */,
				E21FDA651FE97E6B00FB1796 /* pokeysnd.h in Headers */,
				E21FDA9E1FE97E6B00FB1796 /* statesav.h in Headers */,
				E21FDACE1FE986F400FB1796 /* atari_ntsc_impl.h in Headers */,
				E21FDA431FE97E6B00FB1796 /* compfile.h in Headers */,
				E21FDAA41FE97E6B00FB1796 /* pia.h in Headers */,
				E21FDA741FE97E6B00FB1796 /* pbi_scsi.h in Headers */,
				E21FDA7A1FE97E6B00FB1796 /* akey.h in Headers */,
				E21FDAA51FE97E6B00FB1796 /* input.h in Headers */,
				E21FDA9B1FE97E6B00FB1796 /* artifact.h in Headers */,
				E21FDADC1FEA6AD500FB1796 /* Atari800Platform.h in Headers */,
				E21FDA4A1FE97E6B00FB1796 /* pbi_proto80.h in Headers */,
				E21FDA701FE97E6B00FB1796 /* pcjoy.h in Headers */,
				E21FDAD21FEA69E500FB1796 /* Atari800Preferences.h in Headers */,
				E21FDAA01FE97E6B00FB1796 /* sysrom.h in Headers */,
				E21FDA791FE97E6B00FB1796 /* esc.h in Headers */,
				E21FDAAB1FE97E6B00FB1796 /* xep80_fonts.h in Headers */,
				E21FDA471FE97E6B00FB1796 /* cartridge.h in Headers */,
				E21FDA7C1FE97E6B00FB1796 /* votraxsnd.h in Headers */,
				E21FDA901FE97E6B00FB1796 /* afile.h in Headers */,
				E21FDA711FE97E6B00FB1796 /* memory.h in Headers */,
				E21FDA6E1FE97E6B00FB1796 /* rtime.h in Headers */,
				E21FDA7D1FE97E6B00FB1796 /* gtia.h in Headers */,
				E21FDA971FE97E6B00FB1796 /* util.h in Headers */,
				E21FDA9D1FE97E6B00FB1796 /* pbi_bb.h in Headers */,
				E21FDAB51FE97E6B00FB1796 /* screen.h in Headers */,
				E21FDA641FE97E6B00FB1796 /* emuos.h in Headers */,
				E21FDA8B1FE97E6B00FB1796 /* cycle_map.h in Headers */,
				E21FDACB1FE986F400FB1796 /* atari_ntsc.h in Headers */,
				E21FDABC1FE97E6B00FB1796 /* log.h in Headers */,
				E21FDA591FE97E6B00FB1796 /* ide_internal.h in Headers */,
				E231F6681FE9469F004ED389 /* Atari800ShaderTypes.h in Headers */,
				E21FDA671FE97E6B00FB1796 /* antic.h in Headers */,
				E21FDA911FE97E6B00FB1796 /* colours_ntsc.h in Headers */,
				E21FDA861FE97E6B00FB1796 /* sound.h in Headers */,
				E21FDA8E1FE97E6B00FB1796 /* cassette.h in Headers */,
				E21FDAB41FE97E6B00FB1796 /* monitor.h in Headers */,
				E21FDA5B1FE97E6B00FB1796 /* img_tape.h in Headers */,
				E21FDA821FE97E6B00FB1796 /* colours.h in Headers */,
				E21FDA8D1FE97E6B00FB1796 /* sndsave.h in Headers */,
				E21FDAB01FE97E6B00FB1796 /* filter_ntsc.h in Headers */,
				E231F66A1FE9469F004ED389 /* Atari800Renderer.h in Headers */,
				E21FDA5A1FE97E6B00FB1796 /* votrax.h in Headers */,
				E21FDAF21FEA72E200FB1796 /* Atari800Emulator.h in Headers */,
				E21FDA461FE97E6B00FB1796 /* af80.h in Headers */,
				E21FDAAD1FE97E6B00FB1796 /* colours_pal.h in Headers */,
				E21FDA541FE97E6B00FB1796 /* crc32.h in Headers */,
				E21FDA621FE97E6B00FB1796 /* atari.h in Headers */,
				E251DAEB1FEA754900613C10 /* config.h in Headers */,
				E2D98B9B1FE93A52005362D9 /* Atari800EmulationCore_macOS.h in Headers */,
				E21FDA941FE97E6B00FB1796 /* ide.h in Headers */,
				E21FDA8A1FE97E6B00FB1796 /* sio.h in Headers */,
				E21FDA931FE97E6B00FB1796 /* devices.h in Headers */,
				E21FDABA1FE97E6B00FB1796 /* colours_external.h in Headers */,
				E21FDACC1FE986F400FB1796 /* atari_ntsc_config.h in Headers */,
				E21FDA511FE97E6B00FB1796 /* pbi_xld.h in Headers */,
				E21FDAB21FE97E6B00FB1796 /* binload.h in Headers */,
				E21FDA6B1FE97E6B00FB1796 /* xep80.h in Headers */,
				E21FDA831FE97E6B00FB1796 /* cpu.h in Headers */,
				E21FDA421FE97E6B00FB1796 /* platform.h in Headers */,
				E21FDA731FE97E6B00FB1796 /* pbi_mio.h in Headers */,
				E21FDAD81FEA6A3400FB1796 /* Atari800ControlManager.h in Headers */,
				E21FDA6D1FE97E6B00FB1796 /* cfg.h in Headers */,
				E231F66B1FE9469F004ED389 /* Atari800Palette.h in Headers */,
				E21FDA761FE97E6B00FB1796 /* pal_blending.h in Headers */,
				E21FDA411FE97E6B00FB1796 /* ui_basic.h in Headers */,
			);
			runOnlyForDeploymentPostprocessing = 0;
		};
/* End PBXHeadersBuildPhase section */

/* Begin PBXNativeTarget section */
		E2D98B951FE93A52005362D9 /* Atari800EmulationCore-macOS */ = {
			isa = PBXNativeTarget;
			buildConfigurationList = E2D98B9E1FE93A52005362D9 /* Build configuration list for PBXNativeTarget "Atari800EmulationCore-macOS" */;
			buildPhases = (
				E2D98B911FE93A52005362D9 /* Sources */,
				E2D98B921FE93A52005362D9 /* Frameworks */,
				E2D98B931FE93A52005362D9 /* Headers */,
				E2D98B941FE93A52005362D9 /* Resources */,
			);
			buildRules = (
			);
			dependencies = (
			);
			name = "Atari800EmulationCore-macOS";
			productName = "Atari800EmulationCore-macOS";
			productReference = E2D98B961FE93A52005362D9 /* Atari800EmulationCore_macOS.framework */;
			productType = "com.apple.product-type.framework";
		};
/* End PBXNativeTarget section */

/* Begin PBXProject section */
		E2D98B8D1FE93A52005362D9 /* Project object */ = {
			isa = PBXProject;
			attributes = {
				LastUpgradeCheck = 0920;
				ORGANIZATIONNAME = "Atari800 development team";
				TargetAttributes = {
					E2D98B951FE93A52005362D9 = {
						CreatedOnToolsVersion = 9.2;
						ProvisioningStyle = Automatic;
					};
				};
			};
			buildConfigurationList = E2D98B901FE93A52005362D9 /* Build configuration list for PBXProject "Atari800EmulationCore-macOS" */;
			compatibilityVersion = "Xcode 8.0";
			developmentRegion = en;
			hasScannedForEncodings = 0;
			knownRegions = (
				en,
			);
			mainGroup = E2D98B8C1FE93A52005362D9;
			productRefGroup = E2D98B971FE93A52005362D9 /* Products */;
			projectDirPath = "";
			projectRoot = "";
			targets = (
				E2D98B951FE93A52005362D9 /* Atari800EmulationCore-macOS */,
			);
		};
/* End PBXProject section */

/* Begin PBXResourcesBuildPhase section */
		E2D98B941FE93A52005362D9 /* Resources */ = {
			isa = PBXResourcesBuildPhase;
			buildActionMask = 2147483647;
			files = (
				E231F6701FE9469F004ED389 /* Real.act in Resources */,
				E231F66E1FE9469F004ED389 /* jakub.act in Resources */,
				E231F6711FE9469F004ED389 /* fox.act in Resources */,
				E231F6721FE9469F004ED389 /* default.act in Resources */,
				E231F6731FE9469F004ED389 /* XFormer.act in Resources */,
				E21FDA7F1FE97E6B00FB1796 /* emuos.lis in Resources */,
				E231F66F1FE9469F004ED389 /* gray.act in Resources */,
			);
			runOnlyForDeploymentPostprocessing = 0;
		};
/* End PBXResourcesBuildPhase section */

/* Begin PBXSourcesBuildPhase section */
		E2D98B911FE93A52005362D9 /* Sources */ = {
			isa = PBXSourcesBuildPhase;
			buildActionMask = 2147483647;
			files = (
				E21FDA601FE97E6B00FB1796 /* pokey.c in Sources */,
				E231F6691FE9469F004ED389 /* Atari800Palette.m in Sources */,
				E21FDA4F1FE97E6B00FB1796 /* compfile.c in Sources */,
				E21FDA921FE97E6B00FB1796 /* cassette.c in Sources */,
				E21FDA631FE97E6B00FB1796 /* colours.c in Sources */,
				E21FDACD1FE986F400FB1796 /* atari_ntsc.c in Sources */,
				E21FDA441FE97E6B00FB1796 /* pbi.c in Sources */,
				E21FDAAC1FE97E6B00FB1796 /* ui.c in Sources */,
				E21FDABE1FE97E6B00FB1796 /* memory.c in Sources */,
				E21FDA951FE97E6B00FB1796 /* cfg.c in Sources */,
				E21FDA661FE97E6B00FB1796 /* rtime.c in Sources */,
				E21FDA8C1FE97E6B00FB1796 /* emuos.c in Sources */,
				E21FDA721FE97E6B00FB1796 /* atari.c in Sources */,
				E21FDA4C1FE97E6B00FB1796 /* log.c in Sources */,
				E21FDA681FE97E6B00FB1796 /* artifact.c in Sources */,
				E21FDA881FE97E6B00FB1796 /* rdevice.c in Sources */,
				E21FDA5D1FE97E6B00FB1796 /* voicebox.c in Sources */,
				E21FDAA81FE97E6B00FB1796 /* screen.c in Sources */,
				E21FDA841FE97E6B00FB1796 /* colours_external.c in Sources */,
				E21FDA5E1FE97E6B00FB1796 /* remez.c in Sources */,
				E21FDA7E1FE97E6B00FB1796 /* monitor.c in Sources */,
				E21FDAA61FE97E6B00FB1796 /* mkimg.c in Sources */,
				E21FDAC51FE985BF00FB1796 /* Atari800AudioDriver.m in Sources */,
				E21FDA751FE97E6B00FB1796 /* pokeysnd.c in Sources */,
				E21FDA981FE97E6B00FB1796 /* filter_ntsc.c in Sources */,
				E21FDAA91FE97E6B00FB1796 /* sndsave.c in Sources */,
				E21FDAF31FEA72E200FB1796 /* Atari800Emulator.m in Sources */,
				E21FDAA71FE97E6B00FB1796 /* pal_blending.c in Sources */,
				E21FDA9A1FE97E6B00FB1796 /* statesav.c in Sources */,
				E21FDA521FE97E6B00FB1796 /* util.c in Sources */,
				E21FDA501FE97E6B00FB1796 /* devices.c in Sources */,
				E21FDAA21FE97E6B00FB1796 /* af80.c in Sources */,
				E21FDA561FE97E6B00FB1796 /* esc.c in Sources */,
				E21FDAB91FE97E6B00FB1796 /* img_tape.c in Sources */,
				E21FDA481FE97E6B00FB1796 /* cartridge.c in Sources */,
				E21FDA4E1FE97E6B00FB1796 /* colours_pal.c in Sources */,
				E21FDA4B1FE97E6B00FB1796 /* crc32.c in Sources */,
				E21FDA5F1FE97E6B00FB1796 /* pbi_proto80.c in Sources */,
				E231F66C1FE9469F004ED389 /* Atari800Shaders.metal in Sources */,
				E21FDA991FE97E6B00FB1796 /* input.c in Sources */,
				E21FDA801FE97E6B00FB1796 /* pia.c in Sources */,
				E21FDABD1FE97E6B00FB1796 /* binload.c in Sources */,
				E231F66D1FE9469F004ED389 /* Atari800Renderer.m in Sources */,
				E21FDA5C1FE97E6B00FB1796 /* ui_basic.c in Sources */,
				E21FDAB11FE97E6B00FB1796 /* cpu.c in Sources */,
				E21FDAB71FE97E6B00FB1796 /* sio.c in Sources */,
				E21FDA491FE97E6B00FB1796 /* colours_ntsc.c in Sources */,
				E21FDAD31FEA69E500FB1796 /* Atari800Preferences.m in Sources */,
				E21FDA571FE97E6B00FB1796 /* afile.c in Sources */,
				E21FDA6F1FE97E6B00FB1796 /* gtia.c in Sources */,
				E21FDAA11FE97E6B00FB1796 /* cycle_map.c in Sources */,
				E21FDA781FE97E6B00FB1796 /* xep80_fonts.c in Sources */,
				E21FDA851FE97E6B00FB1796 /* pbi_xld.c in Sources */,
				E21FDAA31FE97E6B00FB1796 /* pbi_scsi.c in Sources */,
				E21FDAB61FE97E6B00FB1796 /* pbi_bb.c in Sources */,
				E21FDA891FE97E6B00FB1796 /* ide.c in Sources */,
				E21FDA871FE97E6B00FB1796 /* votraxsnd.c in Sources */,
				E21FDADD1FEA6AD500FB1796 /* Atari800Platform.m in Sources */,
				E21FDA581FE97E6B00FB1796 /* votrax.c in Sources */,
				E21FDA9C1FE97E6B00FB1796 /* antic.c in Sources */,
				E21FDA691FE97E6B00FB1796 /* sound.c in Sources */,
				E21FDA451FE97E6B00FB1796 /* sysrom.c in Sources */,
				E21FDAB81FE97E6B00FB1796 /* bit3.c in Sources */,
				E21FDAD91FEA6A3400FB1796 /* Atari800ControlManager.m in Sources */,
				E21FDA6C1FE97E6B00FB1796 /* pbi_mio.c in Sources */,
				E21FDAAF1FE97E6B00FB1796 /* xep80.c in Sources */,
				E21FDA8F1FE97E6B00FB1796 /* mzpokeysnd.c in Sources */,
			);
			runOnlyForDeploymentPostprocessing = 0;
		};
/* End PBXSourcesBuildPhase section */

/* Begin XCBuildConfiguration section */
		E2D98B9C1FE93A52005362D9 /* Debug */ = {
			isa = XCBuildConfiguration;
			buildSettings = {
				ALWAYS_SEARCH_USER_PATHS = NO;
				CLANG_ANALYZER_NONNULL = YES;
				CLANG_ANALYZER_NUMBER_OBJECT_CONVERSION = YES_AGGRESSIVE;
				CLANG_CXX_LANGUAGE_STANDARD = "gnu++14";
				CLANG_CXX_LIBRARY = "libc++";
				CLANG_ENABLE_MODULES = YES;
				CLANG_ENABLE_OBJC_ARC = YES;
				CLANG_WARN_BLOCK_CAPTURE_AUTORELEASING = YES;
				CLANG_WARN_BOOL_CONVERSION = YES;
				CLANG_WARN_COMMA = YES;
				CLANG_WARN_CONSTANT_CONVERSION = YES;
				CLANG_WARN_DIRECT_OBJC_ISA_USAGE = YES_ERROR;
				CLANG_WARN_DOCUMENTATION_COMMENTS = YES;
				CLANG_WARN_EMPTY_BODY = YES;
				CLANG_WARN_ENUM_CONVERSION = YES;
				CLANG_WARN_INFINITE_RECURSION = YES;
				CLANG_WARN_INT_CONVERSION = YES;
				CLANG_WARN_NON_LITERAL_NULL_CONVERSION = YES;
				CLANG_WARN_OBJC_LITERAL_CONVERSION = YES;
				CLANG_WARN_OBJC_ROOT_CLASS = YES_ERROR;
				CLANG_WARN_RANGE_LOOP_ANALYSIS = YES;
				CLANG_WARN_STRICT_PROTOTYPES = YES;
				CLANG_WARN_SUSPICIOUS_MOVE = YES;
				CLANG_WARN_UNGUARDED_AVAILABILITY = YES_AGGRESSIVE;
				CLANG_WARN_UNREACHABLE_CODE = YES;
				CLANG_WARN__DUPLICATE_METHOD_MATCH = YES;
				CODE_SIGN_IDENTITY = "Mac Developer";
				COPY_PHASE_STRIP = NO;
				CURRENT_PROJECT_VERSION = 1;
				DEBUG_INFORMATION_FORMAT = dwarf;
				ENABLE_STRICT_OBJC_MSGSEND = YES;
				ENABLE_TESTABILITY = YES;
				GCC_C_LANGUAGE_STANDARD = gnu11;
				GCC_DYNAMIC_NO_PIC = NO;
				GCC_NO_COMMON_BLOCKS = YES;
				GCC_OPTIMIZATION_LEVEL = 0;
				GCC_PREPROCESSOR_DEFINITIONS = (
					"DEBUG=1",
					"$(inherited)",
				);
				GCC_WARN_64_TO_32_BIT_CONVERSION = YES;
				GCC_WARN_ABOUT_RETURN_TYPE = YES_ERROR;
				GCC_WARN_UNDECLARED_SELECTOR = YES;
				GCC_WARN_UNINITIALIZED_AUTOS = YES_AGGRESSIVE;
				GCC_WARN_UNUSED_FUNCTION = YES;
				GCC_WARN_UNUSED_VARIABLE = YES;
				MACOSX_DEPLOYMENT_TARGET = 10.13;
				MTL_ENABLE_DEBUG_INFO = YES;
				ONLY_ACTIVE_ARCH = YES;
				SDKROOT = macosx;
				VERSIONING_SYSTEM = "apple-generic";
				VERSION_INFO_PREFIX = "";
			};
			name = Debug;
		};
		E2D98B9D1FE93A52005362D9 /* Release */ = {
			isa = XCBuildConfiguration;
			buildSettings = {
				ALWAYS_SEARCH_USER_PATHS = NO;
				CLANG_ANALYZER_NONNULL = YES;
				CLANG_ANALYZER_NUMBER_OBJECT_CONVERSION = YES_AGGRESSIVE;
				CLANG_CXX_LANGUAGE_STANDARD = "gnu++14";
				CLANG_CXX_LIBRARY = "libc++";
				CLANG_ENABLE_MODULES = YES;
				CLANG_ENABLE_OBJC_ARC = YES;
				CLANG_WARN_BLOCK_CAPTURE_AUTORELEASING = YES;
				CLANG_WARN_BOOL_CONVERSION = YES;
				CLANG_WARN_COMMA = YES;
				CLANG_WARN_CONSTANT_CONVERSION = YES;
				CLANG_WARN_DIRECT_OBJC_ISA_USAGE = YES_ERROR;
				CLANG_WARN_DOCUMENTATION_COMMENTS = YES;
				CLANG_WARN_EMPTY_BODY = YES;
				CLANG_WARN_ENUM_CONVERSION = YES;
				CLANG_WARN_INFINITE_RECURSION = YES;
				CLANG_WARN_INT_CONVERSION = YES;
				CLANG_WARN_NON_LITERAL_NULL_CONVERSION = YES;
				CLANG_WARN_OBJC_LITERAL_CONVERSION = YES;
				CLANG_WARN_OBJC_ROOT_CLASS = YES_ERROR;
				CLANG_WARN_RANGE_LOOP_ANALYSIS = YES;
				CLANG_WARN_STRICT_PROTOTYPES = YES;
				CLANG_WARN_SUSPICIOUS_MOVE = YES;
				CLANG_WARN_UNGUARDED_AVAILABILITY = YES_AGGRESSIVE;
				CLANG_WARN_UNREACHABLE_CODE = YES;
				CLANG_WARN__DUPLICATE_METHOD_MATCH = YES;
				CODE_SIGN_IDENTITY = "Mac Developer";
				COPY_PHASE_STRIP = NO;
				CURRENT_PROJECT_VERSION = 1;
				DEBUG_INFORMATION_FORMAT = "dwarf-with-dsym";
				ENABLE_NS_ASSERTIONS = NO;
				ENABLE_STRICT_OBJC_MSGSEND = YES;
				GCC_C_LANGUAGE_STANDARD = gnu11;
				GCC_NO_COMMON_BLOCKS = YES;
				GCC_WARN_64_TO_32_BIT_CONVERSION = YES;
				GCC_WARN_ABOUT_RETURN_TYPE = YES_ERROR;
				GCC_WARN_UNDECLARED_SELECTOR = YES;
				GCC_WARN_UNINITIALIZED_AUTOS = YES_AGGRESSIVE;
				GCC_WARN_UNUSED_FUNCTION = YES;
				GCC_WARN_UNUSED_VARIABLE = YES;
				MACOSX_DEPLOYMENT_TARGET = 10.13;
				MTL_ENABLE_DEBUG_INFO = NO;
				SDKROOT = macosx;
				VERSIONING_SYSTEM = "apple-generic";
				VERSION_INFO_PREFIX = "";
			};
			name = Release;
		};
		E2D98B9F1FE93A52005362D9 /* Debug */ = {
			isa = XCBuildConfiguration;
			buildSettings = {
				CODE_SIGN_IDENTITY = "";
				CODE_SIGN_STYLE = Automatic;
				COMBINE_HIDPI_IMAGES = YES;
				DEFINES_MODULE = YES;
				DEVELOPMENT_TEAM = 4338UNAE32;
				DYLIB_COMPATIBILITY_VERSION = 1;
				DYLIB_CURRENT_VERSION = 1;
				DYLIB_INSTALL_NAME_BASE = "@rpath";
				FRAMEWORK_VERSION = A;
				INFOPLIST_FILE = "Atari800EmulationCore-macOS/Info.plist";
				INSTALL_PATH = "$(LOCAL_LIBRARY_DIR)/Frameworks";
				LD_RUNPATH_SEARCH_PATHS = "$(inherited) @executable_path/../Frameworks @loader_path/Frameworks";
				OTHER_LDFLAGS = "-ObjC";
				PRODUCT_BUNDLE_IDENTIFIER = "com.atari800.Atari800EmulationCore-macOS";
				PRODUCT_NAME = "$(TARGET_NAME:c99extidentifier)";
				SKIP_INSTALL = YES;
			};
			name = Debug;
		};
		E2D98BA01FE93A52005362D9 /* Release */ = {
			isa = XCBuildConfiguration;
			buildSettings = {
				CODE_SIGN_IDENTITY = "";
				CODE_SIGN_STYLE = Automatic;
				COMBINE_HIDPI_IMAGES = YES;
				DEFINES_MODULE = YES;
				DEVELOPMENT_TEAM = 4338UNAE32;
				DYLIB_COMPATIBILITY_VERSION = 1;
				DYLIB_CURRENT_VERSION = 1;
				DYLIB_INSTALL_NAME_BASE = "@rpath";
				FRAMEWORK_VERSION = A;
				INFOPLIST_FILE = "Atari800EmulationCore-macOS/Info.plist";
				INSTALL_PATH = "$(LOCAL_LIBRARY_DIR)/Frameworks";
				LD_RUNPATH_SEARCH_PATHS = "$(inherited) @executable_path/../Frameworks @loader_path/Frameworks";
				OTHER_LDFLAGS = "-ObjC";
				PRODUCT_BUNDLE_IDENTIFIER = "com.atari800.Atari800EmulationCore-macOS";
				PRODUCT_NAME = "$(TARGET_NAME:c99extidentifier)";
				SKIP_INSTALL = YES;
			};
			name = Release;
		};
/* End XCBuildConfiguration section */

/* Begin XCConfigurationList section */
		E2D98B901FE93A52005362D9 /* Build configuration list for PBXProject "Atari800EmulationCore-macOS" */ = {
			isa = XCConfigurationList;
			buildConfigurations = (
				E2D98B9C1FE93A52005362D9 /* Debug */,
				E2D98B9D1FE93A52005362D9 /* Release */,
			);
			defaultConfigurationIsVisible = 0;
			defaultConfigurationName = Release;
		};
		E2D98B9E1FE93A52005362D9 /* Build configuration list for PBXNativeTarget "Atari800EmulationCore-macOS" */ = {
			isa = XCConfigurationList;
			buildConfigurations = (
				E2D98B9F1FE93A52005362D9 /* Debug */,
				E2D98BA01FE93A52005362D9 /* Release */,
			);
			defaultConfigurationIsVisible = 0;
			defaultConfigurationName = Release;
		};
/* End XCConfigurationList section */
	};
	rootObject = E2D98B8D1FE93A52005362D9 /* Project object */;
}
