// !$*UTF8*$!
{
	archiveVersion = 1;
	classes = {
	};
	objectVersion = 34;
	objects = {
		080E96DDFE201D6D7F000001 = {
			children = (
				F5A47A9D01A0482F01D3D55B,
				F5A47A9E01A0483001D3D55B,
			);
			isa = PBXGroup;
			name = Classes;
			refType = 4;
		};
		089C165CFE840E0CC02AAC07 = {
			children = (
				089C165DFE840E0CC02AAC07,
			);
			isa = PBXVariantGroup;
			name = InfoPlist.strings;
			refType = 4;
		};
		089C165DFE840E0CC02AAC07 = {
			fileEncoding = 10;
			isa = PBXFileReference;
			name = English;
			path = English.lproj/InfoPlist.strings;
			refType = 4;
		};
		089C165EFE840E0CC02AAC07 = {
			fileRef = 089C165CFE840E0CC02AAC07;
			isa = PBXBuildFile;
			settings = {
			};
		};
//080
//081
//082
//083
//084
//100
//101
//102
//103
//104
		1058C7A0FEA54F0111CA2CBB = {
			children = (
				1058C7A1FEA54F0111CA2CBB,
			);
			isa = PBXGroup;
			name = "Linked Frameworks";
			refType = 4;
		};
		1058C7A1FEA54F0111CA2CBB = {
			isa = PBXFrameworkReference;
			name = Cocoa.framework;
			path = /System/Library/Frameworks/Cocoa.framework;
			refType = 0;
		};
		1058C7A2FEA54F0111CA2CBB = {
			children = (
				29B97325FDCFA39411CA2CEA,
				29B97324FDCFA39411CA2CEA,
			);
			isa = PBXGroup;
			name = "Other Frameworks";
			refType = 4;
		};
		1058C7A3FEA54F0111CA2CBB = {
			fileRef = 1058C7A1FEA54F0111CA2CBB;
			isa = PBXBuildFile;
			settings = {
			};
		};
//100
//101
//102
//103
//104
//170
//171
//172
//173
//174
		17587328FF379C6511CA2CBB = {
			isa = PBXApplicationReference;
			path = Atari800MacOSX.app;
			refType = 3;
		};
//170
//171
//172
//173
//174
//190
//191
//192
//193
//194
		19C28FACFE9D520D11CA2CBB = {
			children = (
				17587328FF379C6511CA2CBB,
			);
			isa = PBXGroup;
			name = Products;
			refType = 4;
		};
//190
//191
//192
//193
//194
//290
//291
//292
//293
//294
		29B97313FDCFA39411CA2CEA = {
			buildStyles = (
				4A9504CCFFE6A4B311CA0CBA,
				4A9504CDFFE6A4B311CA0CBA,
			);
			isa = PBXProject;
			mainGroup = 29B97314FDCFA39411CA2CEA;
			projectDirPath = "";
			targets = (
				29B97326FDCFA39411CA2CEA,
			);
		};
		29B97314FDCFA39411CA2CEA = {
			children = (
				080E96DDFE201D6D7F000001,
				29B97315FDCFA39411CA2CEA,
				29B97317FDCFA39411CA2CEA,
				29B97323FDCFA39411CA2CEA,
				19C28FACFE9D520D11CA2CBB,
			);
			isa = PBXGroup;
			name = "SDL App";
			path = "";
			refType = 4;
		};
		29B97315FDCFA39411CA2CEA = {
			children = (
				F5558373030EF4CD01A8C8B4,
				F5558375030EF4CD01A8C8B4,
				F5558357030EF4CD01A8C8B4,
				F5558358030EF4CD01A8C8B4,
				F5558374030EF4CD01A8C8B4,
				F5558372030EF4CD01A8C8B4,
				F55583BD030EFF8001A8C8B4,
				F5558355030EF4CD01A8C8B4,
				F5558356030EF4CD01A8C8B4,
				F5558351030EF4CD01A8C8B4,
				F5558352030EF4CD01A8C8B4,
				F5558353030EF4CD01A8C8B4,
				F5558354030EF4CD01A8C8B4,
				F555834F030EF4CD01A8C8B4,
				F5558350030EF4CD01A8C8B4,
				F555834E030EF4CD01A8C8B4,
				F555833A030EF41401A8C8B4,
				F555834B030EF4CD01A8C8B4,
				F555834C030EF4CD01A8C8B4,
				F5558349030EF4CD01A8C8B4,
				F555834A030EF4CD01A8C8B4,
				F5558347030EF4CD01A8C8B4,
				F5558348030EF4CD01A8C8B4,
				F5558346030EF4CD01A8C8B4,
				F5558344030EF4CD01A8C8B4,
				F5558345030EF4CD01A8C8B4,
				F5558342030EF4CD01A8C8B4,
				F5558343030EF4CD01A8C8B4,
				F5558340030EF4CD01A8C8B4,
				F5558341030EF4CD01A8C8B4,
				F555833E030EF4CD01A8C8B4,
				F555833F030EF4CD01A8C8B4,
				F555833C030EF4CD01A8C8B4,
				F555833D030EF4CD01A8C8B4,
				F5558367030EF4CD01A8C8B4,
				F5558368030EF4CD01A8C8B4,
				F5558366030EF4CD01A8C8B4,
				F555834D030EF4CD01A8C8B4,
				F5558365030EF4CD01A8C8B4,
				F5558363030EF4CD01A8C8B4,
				F5558364030EF4CD01A8C8B4,
				F5558361030EF4CD01A8C8B4,
				F5558362030EF4CD01A8C8B4,
				F55583B6030EFA4401A8C8B4,
				F55583B7030EFA4401A8C8B4,
				F5558359030EF4CD01A8C8B4,
				F555835A030EF4CD01A8C8B4,
				F5558370030EF4CD01A8C8B4,
				F5558371030EF4CD01A8C8B4,
				F555836D030EF4CD01A8C8B4,
				F555836C030EF4CD01A8C8B4,
				F555835D030EF4CD01A8C8B4,
				F555835E030EF4CD01A8C8B4,
				F555835B030EF4CD01A8C8B4,
				F555835C030EF4CD01A8C8B4,
				F5558369030EF4CD01A8C8B4,
				F555836A030EF4CD01A8C8B4,
				F555836B030EF4CD01A8C8B4,
			);
			isa = PBXGroup;
			name = "Other Sources";
			path = "";
			refType = 4;
		};
		29B97317FDCFA39411CA2CEA = {
			children = (
				089C165CFE840E0CC02AAC07,
			);
			isa = PBXGroup;
			name = Resources;
			path = "";
			refType = 4;
		};
		29B97323FDCFA39411CA2CEA = {
			children = (
				1058C7A0FEA54F0111CA2CBB,
				1058C7A2FEA54F0111CA2CBB,
			);
			isa = PBXGroup;
			name = Frameworks;
			path = "";
			refType = 4;
		};
		29B97324FDCFA39411CA2CEA = {
			isa = PBXFrameworkReference;
			name = AppKit.framework;
			path = /System/Library/Frameworks/AppKit.framework;
			refType = 0;
		};
		29B97325FDCFA39411CA2CEA = {
			isa = PBXFrameworkReference;
			name = Foundation.framework;
			path = /System/Library/Frameworks/Foundation.framework;
			refType = 0;
		};
		29B97326FDCFA39411CA2CEA = {
			buildPhases = (
				29B97327FDCFA39411CA2CEA,
				29B97328FDCFA39411CA2CEA,
				29B9732BFDCFA39411CA2CEA,
				29B9732DFDCFA39411CA2CEA,
			);
			buildSettings = {
				DEBUGGING_SYMBOLS = NO;
				FRAMEWORK_SEARCH_PATHS = "\"$(HOME)/Library/Frameworks\"";
				HEADER_SEARCH_PATHS = "\"$(HOME)/Library/Frameworks/SDL.framework/Headers\"";
				INSTALL_PATH = "$(HOME)/Applications";
				LIBRARY_SEARCH_PATHS = "";
				OPTIMIZATION_CFLAGS = "-O3";
				OTHER_LDFLAGS = "-framework SDL -lz -lm";
				PRODUCT_NAME = Atari800MacOSX;
				SECTORDER_FLAGS = "";
				WARNING_CFLAGS = "-Wmost -Wno-four-char-constants -Wno-unknown-pragmas";
				WRAPPER_EXTENSION = app;
			};
			dependencies = (
			);
			isa = PBXApplicationTarget;
			name = Atari800MacOSX;
			productInstallPath = "$(HOME)/Applications";
			productName = "SDL App";
			productReference = 17587328FF379C6511CA2CBB;
			productSettingsXML = "<?xml version=\"1.0\" encoding=\"UTF-8\"?>
<!DOCTYPE plist SYSTEM \"file://localhost/System/Library/DTDs/PropertyList.dtd\">
<plist version=\"0.9\">
<dict>
	<key>CFBundleDevelopmentRegion</key>
	<string>English</string>
	<key>CFBundleExecutable</key>
	<string>Atari800MacOSX</string>
	<key>CFBundleIconFile</key>
	<string></string>
	<key>CFBundleInfoDictionaryVersion</key>
	<string>6.0</string>
	<key>CFBundlePackageType</key>
	<string>APPL</string>
	<key>CFBundleSignature</key>
	<string>????</string>
	<key>CFBundleVersion</key>
	<string>0.1</string>
	<key>NSMainNibFile</key>
	<string>MainMenu</string>
	<key>NSPrincipalClass</key>
	<string>NSApplication</string>
</dict>
</plist>
";
			shouldUseHeadermap = 1;
		};
		29B97327FDCFA39411CA2CEA = {
			buildActionMask = 2147483647;
			files = (
				F5A47AA101A0483001D3D55B,
				F555833B030EF41401A8C8B4,
				F5558376030EF4CD01A8C8B4,
				F5558377030EF4CD01A8C8B4,
				F5558378030EF4CD01A8C8B4,
				F5558379030EF4CD01A8C8B4,
				F555837A030EF4CD01A8C8B4,
				F555837B030EF4CD01A8C8B4,
				F555837C030EF4CD01A8C8B4,
				F555837D030EF4CD01A8C8B4,
				F555837E030EF4CD01A8C8B4,
				F555837F030EF4CD01A8C8B4,
				F5558380030EF4CD01A8C8B4,
				F5558381030EF4CD01A8C8B4,
				F5558382030EF4CD01A8C8B4,
				F5558383030EF4CD01A8C8B4,
				F5558384030EF4CD01A8C8B4,
				F5558385030EF4CD01A8C8B4,
				F5558386030EF4CD01A8C8B4,
				F5558388030EF4CD01A8C8B4,
				F5558389030EF4CD01A8C8B4,
				F555838A030EF4CD01A8C8B4,
				F555838B030EF4CD01A8C8B4,
				F555838C030EF4CD01A8C8B4,
				F555838D030EF4CD01A8C8B4,
				F555838E030EF4CD01A8C8B4,
				F5558390030EF4CD01A8C8B4,
				F5558391030EF4CD01A8C8B4,
				F5558392030EF4CD01A8C8B4,
				F55583B8030EFA4401A8C8B4,
			);
			isa = PBXHeadersBuildPhase;
			name = Headers;
		};
		29B97328FDCFA39411CA2CEA = {
			buildActionMask = 2147483647;
			files = (
				089C165EFE840E0CC02AAC07,
			);
			isa = PBXResourcesBuildPhase;
			name = "Bundle Resources";
		};
		29B9732BFDCFA39411CA2CEA = {
			buildActionMask = 2147483647;
			files = (
				F5A47AA301A0483001D3D55B,
				F5558393030EF4CD01A8C8B4,
				F5558394030EF4CD01A8C8B4,
				F5558395030EF4CD01A8C8B4,
				F5558396030EF4CD01A8C8B4,
				F5558397030EF4CD01A8C8B4,
				F5558398030EF4CD01A8C8B4,
				F5558399030EF4CD01A8C8B4,
				F555839A030EF4CD01A8C8B4,
				F555839B030EF4CD01A8C8B4,
				F555839C030EF4CD01A8C8B4,
				F555839D030EF4CD01A8C8B4,
				F555839E030EF4CD01A8C8B4,
				F555839F030EF4CD01A8C8B4,
				F55583A0030EF4CD01A8C8B4,
				F55583A1030EF4CD01A8C8B4,
				F55583A2030EF4CD01A8C8B4,
				F55583A3030EF4CD01A8C8B4,
				F55583A4030EF4CD01A8C8B4,
				F55583A6030EF4CD01A8C8B4,
				F55583A7030EF4CD01A8C8B4,
				F55583A8030EF4CD01A8C8B4,
				F55583A9030EF4CD01A8C8B4,
				F55583AA030EF4CD01A8C8B4,
				F55583AB030EF4CD01A8C8B4,
				F55583AD030EF4CD01A8C8B4,
				F55583AE030EF4CD01A8C8B4,
				F55583AF030EF4CD01A8C8B4,
				F55583B9030EFA4401A8C8B4,
				F55583BE030EFF8101A8C8B4,
			);
			isa = PBXSourcesBuildPhase;
			name = Sources;
		};
		29B9732DFDCFA39411CA2CEA = {
			buildActionMask = 2147483647;
			files = (
				1058C7A3FEA54F0111CA2CBB,
			);
			isa = PBXFrameworksBuildPhase;
			name = "Frameworks & Libraries";
		};
//290
//291
//292
//293
//294
//4A0
//4A1
//4A2
//4A3
//4A4
		4A9504CCFFE6A4B311CA0CBA = {
			buildRules = (
			);
			buildSettings = {
				COPY_PHASE_STRIP = NO;
				OPTIMIZATION_CFLAGS = "-O0";
			};
			isa = PBXBuildStyle;
			name = Development;
		};
		4A9504CDFFE6A4B311CA0CBA = {
			buildRules = (
			);
			buildSettings = {
				COPY_PHASE_STRIP = YES;
			};
			isa = PBXBuildStyle;
			name = Deployment;
		};
//4A0
//4A1
//4A2
//4A3
//4A4
//F50
//F51
//F52
//F53
//F54
		F555833A030EF41401A8C8B4 = {
			isa = PBXFileReference;
			path = config.h;
			refType = 2;
		};
		F555833B030EF41401A8C8B4 = {
			fileRef = F555833A030EF41401A8C8B4;
			isa = PBXBuildFile;
			settings = {
			};
		};
		F555833C030EF4CD01A8C8B4 = {
			isa = PBXFileReference;
			name = memory.h;
			path = ../memory.h;
			refType = 2;
		};
		F555833D030EF4CD01A8C8B4 = {
			isa = PBXFileReference;
			name = memory.c;
			path = ../memory.c;
			refType = 2;
		};
		F555833E030EF4CD01A8C8B4 = {
			isa = PBXFileReference;
			name = log.h;
			path = ../log.h;
			refType = 2;
		};
		F555833F030EF4CD01A8C8B4 = {
			isa = PBXFileReference;
			name = log.c;
			path = ../log.c;
			refType = 2;
		};
		F5558340030EF4CD01A8C8B4 = {
			isa = PBXFileReference;
			name = list.h;
			path = ../list.h;
			refType = 2;
		};
		F5558341030EF4CD01A8C8B4 = {
			isa = PBXFileReference;
			name = list.c;
			path = ../list.c;
			refType = 2;
		};
		F5558342030EF4CD01A8C8B4 = {
			isa = PBXFileReference;
			name = input.h;
			path = ../input.h;
			refType = 2;
		};
		F5558343030EF4CD01A8C8B4 = {
			isa = PBXFileReference;
			name = input.c;
			path = ../input.c;
			refType = 2;
		};
		F5558344030EF4CD01A8C8B4 = {
			isa = PBXFileReference;
			name = gtia.h;
			path = ../gtia.h;
			refType = 2;
		};
		F5558345030EF4CD01A8C8B4 = {
			isa = PBXFileReference;
			name = gtia.c;
			path = ../gtia.c;
			refType = 2;
		};
		F5558346030EF4CD01A8C8B4 = {
			isa = PBXFileReference;
			name = emuos.h;
			path = ../emuos.h;
			refType = 2;
		};
		F5558347030EF4CD01A8C8B4 = {
			isa = PBXFileReference;
			name = diskled.h;
			path = ../diskled.h;
			refType = 2;
		};
		F5558348030EF4CD01A8C8B4 = {
			isa = PBXFileReference;
			name = diskled.c;
			path = ../diskled.c;
			refType = 2;
		};
		F5558349030EF4CD01A8C8B4 = {
			isa = PBXFileReference;
			name = devices.h;
			path = ../devices.h;
			refType = 2;
		};
		F555834A030EF4CD01A8C8B4 = {
			isa = PBXFileReference;
			name = devices.c;
			path = ../devices.c;
			refType = 2;
		};
		F555834B030EF4CD01A8C8B4 = {
			isa = PBXFileReference;
			name = cpu.h;
			path = ../cpu.h;
			refType = 2;
		};
		F555834C030EF4CD01A8C8B4 = {
			isa = PBXFileReference;
			name = cpu.c;
			path = ../cpu.c;
			refType = 2;
		};
		F555834D030EF4CD01A8C8B4 = {
			isa = PBXFileReference;
			name = pia.c;
			path = ../pia.c;
			refType = 2;
		};
		F555834E030EF4CD01A8C8B4 = {
			isa = PBXFileReference;
			name = compfile.c;
			path = ../compfile.c;
			refType = 2;
		};
		F555834F030EF4CD01A8C8B4 = {
			isa = PBXFileReference;
			name = colours.h;
			path = ../colours.h;
			refType = 2;
		};
		F5558350030EF4CD01A8C8B4 = {
			isa = PBXFileReference;
			name = colours.c;
			path = ../colours.c;
			refType = 2;
		};
		F5558351030EF4CD01A8C8B4 = {
			isa = PBXFileReference;
			name = cassette.h;
			path = ../cassette.h;
			refType = 2;
		};
		F5558352030EF4CD01A8C8B4 = {
			isa = PBXFileReference;
			name = cassette.c;
			path = ../cassette.c;
			refType = 2;
		};
		F5558353030EF4CD01A8C8B4 = {
			isa = PBXFileReference;
			name = cartridge.h;
			path = ../cartridge.h;
			refType = 2;
		};
		F5558354030EF4CD01A8C8B4 = {
			isa = PBXFileReference;
			name = cartridge.c;
			path = ../cartridge.c;
			refType = 2;
		};
		F5558355030EF4CD01A8C8B4 = {
			isa = PBXFileReference;
			name = binload.h;
			path = ../binload.h;
			refType = 2;
		};
		F5558356030EF4CD01A8C8B4 = {
			isa = PBXFileReference;
			name = binload.c;
			path = ../binload.c;
			refType = 2;
		};
		F5558357030EF4CD01A8C8B4 = {
			isa = PBXFileReference;
			name = ataripcx.h;
			path = ../ataripcx.h;
			refType = 2;
		};
		F5558358030EF4CD01A8C8B4 = {
			isa = PBXFileReference;
			name = ataripcx.c;
			path = ../ataripcx.c;
			refType = 2;
		};
		F5558359030EF4CD01A8C8B4 = {
			isa = PBXFileReference;
			name = sio.h;
			path = ../sio.h;
			refType = 2;
		};
		F555835A030EF4CD01A8C8B4 = {
			isa = PBXFileReference;
			name = sio.c;
			path = ../sio.c;
			refType = 2;
		};
		F555835B030EF4CD01A8C8B4 = {
			isa = PBXFileReference;
			name = rtime.h;
			path = ../rtime.h;
			refType = 2;
		};
		F555835C030EF4CD01A8C8B4 = {
			isa = PBXFileReference;
			name = rtime.c;
			path = ../rtime.c;
			refType = 2;
		};
		F555835D030EF4CD01A8C8B4 = {
			isa = PBXFileReference;
			name = "rt-config.h";
			path = "../rt-config.h";
			refType = 2;
		};
		F555835E030EF4CD01A8C8B4 = {
			isa = PBXFileReference;
			name = "rt-config.c";
			path = "../rt-config.c";
			refType = 2;
		};
		F5558361030EF4CD01A8C8B4 = {
			isa = PBXFileReference;
			name = pokeysnd.h;
			path = ../pokeysnd.h;
			refType = 2;
		};
		F5558362030EF4CD01A8C8B4 = {
			isa = PBXFileReference;
			name = pokeysnd.c;
			path = ../pokeysnd.c;
			refType = 2;
		};
		F5558363030EF4CD01A8C8B4 = {
			isa = PBXFileReference;
			name = pokey.h;
			path = ../pokey.h;
			refType = 2;
		};
		F5558364030EF4CD01A8C8B4 = {
			isa = PBXFileReference;
			name = pokey.c;
			path = ../pokey.c;
			refType = 2;
		};
		F5558365030EF4CD01A8C8B4 = {
			isa = PBXFileReference;
			name = platform.h;
			path = ../platform.h;
			refType = 2;
		};
		F5558366030EF4CD01A8C8B4 = {
			isa = PBXFileReference;
			name = pia.h;
			path = ../pia.h;
			refType = 2;
		};
		F5558367030EF4CD01A8C8B4 = {
			isa = PBXFileReference;
			name = monitor.h;
			path = ../monitor.h;
			refType = 2;
		};
		F5558368030EF4CD01A8C8B4 = {
			isa = PBXFileReference;
			name = monitor.c;
			path = ../monitor.c;
			refType = 2;
		};
		F5558369030EF4CD01A8C8B4 = {
			isa = PBXFileReference;
			name = ui_basic.c;
			path = ../ui_basic.c;
			refType = 2;
		};
		F555836A030EF4CD01A8C8B4 = {
			isa = PBXFileReference;
			name = ui.h;
			path = ../ui.h;
			refType = 2;
		};
		F555836B030EF4CD01A8C8B4 = {
			isa = PBXFileReference;
			name = ui.c;
			path = ../ui.c;
			refType = 2;
		};
		F555836C030EF4CD01A8C8B4 = {
			isa = PBXFileReference;
			name = statesav.h;
			path = ../statesav.h;
			refType = 2;
		};
		F555836D030EF4CD01A8C8B4 = {
			isa = PBXFileReference;
			name = statesav.c;
			path = ../statesav.c;
			refType = 2;
		};
		F5558370030EF4CD01A8C8B4 = {
			isa = PBXFileReference;
			name = sndsave.h;
			path = ../sndsave.h;
			refType = 2;
		};
		F5558371030EF4CD01A8C8B4 = {
			isa = PBXFileReference;
			name = sndsave.c;
			path = ../sndsave.c;
			refType = 2;
		};
		F5558372030EF4CD01A8C8B4 = {
			isa = PBXFileReference;
			name = atari.c;
			path = ../atari.c;
			refType = 2;
		};
		F5558373030EF4CD01A8C8B4 = {
			isa = PBXFileReference;
			name = antic.h;
			path = ../antic.h;
			refType = 2;
		};
		F5558374030EF4CD01A8C8B4 = {
			isa = PBXFileReference;
			name = atari.h;
			path = ../atari.h;
			refType = 2;
		};
		F5558375030EF4CD01A8C8B4 = {
			isa = PBXFileReference;
			name = antic.c;
			path = ../antic.c;
			refType = 2;
		};
		F5558376030EF4CD01A8C8B4 = {
			fileRef = F555833C030EF4CD01A8C8B4;
			isa = PBXBuildFile;
			settings = {
			};
		};
		F5558377030EF4CD01A8C8B4 = {
			fileRef = F555833E030EF4CD01A8C8B4;
			isa = PBXBuildFile;
			settings = {
			};
		};
		F5558378030EF4CD01A8C8B4 = {
			fileRef = F5558340030EF4CD01A8C8B4;
			isa = PBXBuildFile;
			settings = {
			};
		};
		F5558379030EF4CD01A8C8B4 = {
			fileRef = F5558342030EF4CD01A8C8B4;
			isa = PBXBuildFile;
			settings = {
			};
		};
		F555837A030EF4CD01A8C8B4 = {
			fileRef = F5558344030EF4CD01A8C8B4;
			isa = PBXBuildFile;
			settings = {
			};
		};
		F555837B030EF4CD01A8C8B4 = {
			fileRef = F5558346030EF4CD01A8C8B4;
			isa = PBXBuildFile;
			settings = {
			};
		};
		F555837C030EF4CD01A8C8B4 = {
			fileRef = F5558347030EF4CD01A8C8B4;
			isa = PBXBuildFile;
			settings = {
			};
		};
		F555837D030EF4CD01A8C8B4 = {
			fileRef = F5558349030EF4CD01A8C8B4;
			isa = PBXBuildFile;
			settings = {
			};
		};
		F555837E030EF4CD01A8C8B4 = {
			fileRef = F555834B030EF4CD01A8C8B4;
			isa = PBXBuildFile;
			settings = {
			};
		};
		F555837F030EF4CD01A8C8B4 = {
			fileRef = F555834F030EF4CD01A8C8B4;
			isa = PBXBuildFile;
			settings = {
			};
		};
		F5558380030EF4CD01A8C8B4 = {
			fileRef = F5558351030EF4CD01A8C8B4;
			isa = PBXBuildFile;
			settings = {
			};
		};
		F5558381030EF4CD01A8C8B4 = {
			fileRef = F5558353030EF4CD01A8C8B4;
			isa = PBXBuildFile;
			settings = {
			};
		};
		F5558382030EF4CD01A8C8B4 = {
			fileRef = F5558355030EF4CD01A8C8B4;
			isa = PBXBuildFile;
			settings = {
			};
		};
		F5558383030EF4CD01A8C8B4 = {
			fileRef = F5558357030EF4CD01A8C8B4;
			isa = PBXBuildFile;
			settings = {
			};
		};
		F5558384030EF4CD01A8C8B4 = {
			fileRef = F5558359030EF4CD01A8C8B4;
			isa = PBXBuildFile;
			settings = {
			};
		};
		F5558385030EF4CD01A8C8B4 = {
			fileRef = F555835B030EF4CD01A8C8B4;
			isa = PBXBuildFile;
			settings = {
			};
		};
		F5558386030EF4CD01A8C8B4 = {
			fileRef = F555835D030EF4CD01A8C8B4;
			isa = PBXBuildFile;
			settings = {
			};
		};
		F5558388030EF4CD01A8C8B4 = {
			fileRef = F5558361030EF4CD01A8C8B4;
			isa = PBXBuildFile;
			settings = {
			};
		};
		F5558389030EF4CD01A8C8B4 = {
			fileRef = F5558363030EF4CD01A8C8B4;
			isa = PBXBuildFile;
			settings = {
			};
		};
		F555838A030EF4CD01A8C8B4 = {
			fileRef = F5558365030EF4CD01A8C8B4;
			isa = PBXBuildFile;
			settings = {
			};
		};
		F555838B030EF4CD01A8C8B4 = {
			fileRef = F5558366030EF4CD01A8C8B4;
			isa = PBXBuildFile;
			settings = {
			};
		};
		F555838C030EF4CD01A8C8B4 = {
			fileRef = F5558367030EF4CD01A8C8B4;
			isa = PBXBuildFile;
			settings = {
			};
		};
		F555838D030EF4CD01A8C8B4 = {
			fileRef = F555836A030EF4CD01A8C8B4;
			isa = PBXBuildFile;
			settings = {
			};
		};
		F555838E030EF4CD01A8C8B4 = {
			fileRef = F555836C030EF4CD01A8C8B4;
			isa = PBXBuildFile;
			settings = {
			};
		};
		F5558390030EF4CD01A8C8B4 = {
			fileRef = F5558370030EF4CD01A8C8B4;
			isa = PBXBuildFile;
			settings = {
			};
		};
		F5558391030EF4CD01A8C8B4 = {
			fileRef = F5558373030EF4CD01A8C8B4;
			isa = PBXBuildFile;
			settings = {
			};
		};
		F5558392030EF4CD01A8C8B4 = {
			fileRef = F5558374030EF4CD01A8C8B4;
			isa = PBXBuildFile;
			settings = {
			};
		};
		F5558393030EF4CD01A8C8B4 = {
			fileRef = F555833D030EF4CD01A8C8B4;
			isa = PBXBuildFile;
			settings = {
			};
		};
		F5558394030EF4CD01A8C8B4 = {
			fileRef = F555833F030EF4CD01A8C8B4;
			isa = PBXBuildFile;
			settings = {
			};
		};
		F5558395030EF4CD01A8C8B4 = {
			fileRef = F5558341030EF4CD01A8C8B4;
			isa = PBXBuildFile;
			settings = {
			};
		};
		F5558396030EF4CD01A8C8B4 = {
			fileRef = F5558343030EF4CD01A8C8B4;
			isa = PBXBuildFile;
			settings = {
			};
		};
		F5558397030EF4CD01A8C8B4 = {
			fileRef = F5558345030EF4CD01A8C8B4;
			isa = PBXBuildFile;
			settings = {
			};
		};
		F5558398030EF4CD01A8C8B4 = {
			fileRef = F5558348030EF4CD01A8C8B4;
			isa = PBXBuildFile;
			settings = {
			};
		};
		F5558399030EF4CD01A8C8B4 = {
			fileRef = F555834A030EF4CD01A8C8B4;
			isa = PBXBuildFile;
			settings = {
			};
		};
		F555839A030EF4CD01A8C8B4 = {
			fileRef = F555834C030EF4CD01A8C8B4;
			isa = PBXBuildFile;
			settings = {
			};
		};
		F555839B030EF4CD01A8C8B4 = {
			fileRef = F555834D030EF4CD01A8C8B4;
			isa = PBXBuildFile;
			settings = {
			};
		};
		F555839C030EF4CD01A8C8B4 = {
			fileRef = F555834E030EF4CD01A8C8B4;
			isa = PBXBuildFile;
			settings = {
			};
		};
		F555839D030EF4CD01A8C8B4 = {
			fileRef = F5558350030EF4CD01A8C8B4;
			isa = PBXBuildFile;
			settings = {
			};
		};
		F555839E030EF4CD01A8C8B4 = {
			fileRef = F5558352030EF4CD01A8C8B4;
			isa = PBXBuildFile;
			settings = {
			};
		};
		F555839F030EF4CD01A8C8B4 = {
			fileRef = F5558354030EF4CD01A8C8B4;
			isa = PBXBuildFile;
			settings = {
			};
		};
		F55583A0030EF4CD01A8C8B4 = {
			fileRef = F5558356030EF4CD01A8C8B4;
			isa = PBXBuildFile;
			settings = {
			};
		};
		F55583A1030EF4CD01A8C8B4 = {
			fileRef = F5558358030EF4CD01A8C8B4;
			isa = PBXBuildFile;
			settings = {
			};
		};
		F55583A2030EF4CD01A8C8B4 = {
			fileRef = F555835A030EF4CD01A8C8B4;
			isa = PBXBuildFile;
			settings = {
			};
		};
		F55583A3030EF4CD01A8C8B4 = {
			fileRef = F555835C030EF4CD01A8C8B4;
			isa = PBXBuildFile;
			settings = {
			};
		};
		F55583A4030EF4CD01A8C8B4 = {
			fileRef = F555835E030EF4CD01A8C8B4;
			isa = PBXBuildFile;
			settings = {
			};
		};
		F55583A6030EF4CD01A8C8B4 = {
			fileRef = F5558362030EF4CD01A8C8B4;
			isa = PBXBuildFile;
			settings = {
			};
		};
		F55583A7030EF4CD01A8C8B4 = {
			fileRef = F5558364030EF4CD01A8C8B4;
			isa = PBXBuildFile;
			settings = {
			};
		};
		F55583A8030EF4CD01A8C8B4 = {
			fileRef = F5558368030EF4CD01A8C8B4;
			isa = PBXBuildFile;
			settings = {
			};
		};
		F55583A9030EF4CD01A8C8B4 = {
			fileRef = F5558369030EF4CD01A8C8B4;
			isa = PBXBuildFile;
			settings = {
			};
		};
		F55583AA030EF4CD01A8C8B4 = {
			fileRef = F555836B030EF4CD01A8C8B4;
			isa = PBXBuildFile;
			settings = {
			};
		};
		F55583AB030EF4CD01A8C8B4 = {
			fileRef = F555836D030EF4CD01A8C8B4;
			isa = PBXBuildFile;
			settings = {
			};
		};
		F55583AD030EF4CD01A8C8B4 = {
			fileRef = F5558371030EF4CD01A8C8B4;
			isa = PBXBuildFile;
			settings = {
			};
		};
		F55583AE030EF4CD01A8C8B4 = {
			fileRef = F5558372030EF4CD01A8C8B4;
			isa = PBXBuildFile;
			settings = {
			};
		};
		F55583AF030EF4CD01A8C8B4 = {
			fileRef = F5558375030EF4CD01A8C8B4;
			isa = PBXBuildFile;
			settings = {
			};
		};
		F55583B6030EFA4401A8C8B4 = {
			isa = PBXFileReference;
			name = prompts.h;
			path = ../prompts.h;
			refType = 2;
		};
		F55583B7030EFA4401A8C8B4 = {
			isa = PBXFileReference;
			name = prompts.c;
			path = ../prompts.c;
			refType = 2;
		};
		F55583B8030EFA4401A8C8B4 = {
			fileRef = F55583B6030EFA4401A8C8B4;
			isa = PBXBuildFile;
			settings = {
			};
		};
		F55583B9030EFA4401A8C8B4 = {
			fileRef = F55583B7030EFA4401A8C8B4;
			isa = PBXBuildFile;
			settings = {
			};
		};
		F55583BD030EFF8001A8C8B4 = {
			isa = PBXFileReference;
			path = atari_sdl.c;
			refType = 2;
		};
		F55583BE030EFF8101A8C8B4 = {
			fileRef = F55583BD030EFF8001A8C8B4;
			isa = PBXBuildFile;
			settings = {
			};
		};
		F5A47A9D01A0482F01D3D55B = {
			isa = PBXFileReference;
			path = SDLMain.h;
			refType = 2;
		};
		F5A47A9E01A0483001D3D55B = {
			isa = PBXFileReference;
			path = SDLMain.m;
			refType = 2;
		};
		F5A47AA101A0483001D3D55B = {
			fileRef = F5A47A9D01A0482F01D3D55B;
			isa = PBXBuildFile;
			settings = {
			};
		};
		F5A47AA301A0483001D3D55B = {
			fileRef = F5A47A9E01A0483001D3D55B;
			isa = PBXBuildFile;
			settings = {
			};
		};
	};
	rootObject = 29B97313FDCFA39411CA2CEA;
}
