// !$*UTF8*$!
{
	archiveVersion = 1;
	classes = {
	};
	objectVersion = 48;
	objects = {

/* Begin PBXBuildFile section */
		E21FDB011FEA73EC00FB1796 /* Atari800Preferences.m in Sources */ = {isa = PBXBuildFile; fileRef = E21FDAF51FEA73EC00FB1796 /* Atari800Preferences.m */; };
		E21FDB021FEA73EC00FB1796 /* Atari800Preferences.h in Headers */ = {isa = PBXBuildFile; fileRef = E21FDAF61FEA73EC00FB1796 /* Atari800Preferences.h */; };
		E21FDB031FEA73EC00FB1796 /* Atari800ControlManager.h in Headers */ = {isa = PBXBuildFile; fileRef = E21FDAF81FEA73EC00FB1796 /* Atari800ControlManager.h */; };
		E21FDB051FEA73EC00FB1796 /* Atari800Emulator.h in Headers */ = {isa = PBXBuildFile; fileRef = E21FDAFA1FEA73EC00FB1796 /* Atari800Emulator.h */; settings = {ATTRIBUTES = (Public, ); }; };
		E21FDB061FEA73EC00FB1796 /* Atari800ControlManager.m in Sources */ = {isa = PBXBuildFile; fileRef = E21FDAFB1FEA73EC00FB1796 /* Atari800ControlManager.m */; };
		E21FDB071FEA73EC00FB1796 /* Atari800Emulator.m in Sources */ = {isa = PBXBuildFile; fileRef = E21FDAFC1FEA73EC00FB1796 /* Atari800Emulator.m */; };
		E21FDB091FEA73EC00FB1796 /* Atari800AudioDriver.m in Sources */ = {isa = PBXBuildFile; fileRef = E21FDAFF1FEA73EC00FB1796 /* Atari800AudioDriver.m */; };
		E21FDB0A1FEA73EC00FB1796 /* Atari800AudioDriver.h in Headers */ = {isa = PBXBuildFile; fileRef = E21FDB001FEA73EC00FB1796 /* Atari800AudioDriver.h */; settings = {ATTRIBUTES = (Public, ); }; };
		E22C8D1E1FED5B2800FB4995 /* Atari800QuartzRenderer.h in Headers */ = {isa = PBXBuildFile; fileRef = E22C8D1C1FED5B2800FB4995 /* Atari800QuartzRenderer.h */; };
		E22C8D1F1FED5B2800FB4995 /* Atari800QuartzRenderer.m in Sources */ = {isa = PBXBuildFile; fileRef = E22C8D1D1FED5B2800FB4995 /* Atari800QuartzRenderer.m */; };
		E22C8D271FED620B00FB4995 /* Atari800Renderer.h in Headers */ = {isa = PBXBuildFile; fileRef = E22C8D261FED620A00FB4995 /* Atari800Renderer.h */; settings = {ATTRIBUTES = (Public, ); }; };
		E22C8D2F1FF1230000FB4995 /* Atari800KeyboardView.m in Sources */ = {isa = PBXBuildFile; fileRef = E22C8D291FF1230000FB4995 /* Atari800KeyboardView.m */; };
		E22C8D301FF1230000FB4995 /* Atari800KeyLayer.m in Sources */ = {isa = PBXBuildFile; fileRef = E22C8D2A1FF1230000FB4995 /* Atari800KeyLayer.m */; };
		E22C8D311FF1230000FB4995 /* Atari800KeyboardDrawing.m in Sources */ = {isa = PBXBuildFile; fileRef = E22C8D2B1FF1230000FB4995 /* Atari800KeyboardDrawing.m */; };
		E22C8D321FF1230000FB4995 /* Atari800KeyboardView.h in Headers */ = {isa = PBXBuildFile; fileRef = E22C8D2C1FF1230000FB4995 /* Atari800KeyboardView.h */; settings = {ATTRIBUTES = (Public, ); }; };
		E22C8D331FF1230000FB4995 /* Atari800KeyLayer.h in Headers */ = {isa = PBXBuildFile; fileRef = E22C8D2D1FF1230000FB4995 /* Atari800KeyLayer.h */; };
		E22C8D341FF1230000FB4995 /* Atari800KeyboardDrawing.h in Headers */ = {isa = PBXBuildFile; fileRef = E22C8D2E1FF1230000FB4995 /* Atari800KeyboardDrawing.h */; };
		E231F6821FE94BD5004ED389 /* Atari800ShaderTypes.h in Headers */ = {isa = PBXBuildFile; fileRef = E231F6751FE94BD5004ED389 /* Atari800ShaderTypes.h */; };
		E231F6831FE94BD5004ED389 /* Atari800Palette.m in Sources */ = {isa = PBXBuildFile; fileRef = E231F6761FE94BD5004ED389 /* Atari800Palette.m */; };
		E231F6841FE94BD5004ED389 /* Atari800MetalRenderer.h in Headers */ = {isa = PBXBuildFile; fileRef = E231F6771FE94BD5004ED389 /* Atari800MetalRenderer.h */; };
		E231F6851FE94BD5004ED389 /* Atari800Palette.h in Headers */ = {isa = PBXBuildFile; fileRef = E231F6781FE94BD5004ED389 /* Atari800Palette.h */; };
		E231F6861FE94BD5004ED389 /* Atari800Shaders.metal in Sources */ = {isa = PBXBuildFile; fileRef = E231F6791FE94BD5004ED389 /* Atari800Shaders.metal */; };
		E231F6871FE94BD5004ED389 /* Atari800MetalRenderer.m in Sources */ = {isa = PBXBuildFile; fileRef = E231F67A1FE94BD5004ED389 /* Atari800MetalRenderer.m */; };
		E231F6881FE94BD5004ED389 /* jakub.act in Resources */ = {isa = PBXBuildFile; fileRef = E231F67C1FE94BD5004ED389 /* jakub.act */; };
		E231F6891FE94BD5004ED389 /* gray.act in Resources */ = {isa = PBXBuildFile; fileRef = E231F67D1FE94BD5004ED389 /* gray.act */; };
		E231F68A1FE94BD5004ED389 /* Real.act in Resources */ = {isa = PBXBuildFile; fileRef = E231F67E1FE94BD5004ED389 /* Real.act */; };
		E231F68B1FE94BD5004ED389 /* fox.act in Resources */ = {isa = PBXBuildFile; fileRef = E231F67F1FE94BD5004ED389 /* fox.act */; };
		E231F68C1FE94BD5004ED389 /* default.act in Resources */ = {isa = PBXBuildFile; fileRef = E231F6801FE94BD5004ED389 /* default.act */; };
		E231F68D1FE94BD5004ED389 /* XFormer.act in Resources */ = {isa = PBXBuildFile; fileRef = E231F6811FE94BD5004ED389 /* XFormer.act */; };
		E24E0BEA1FF12DB300CD5B2B /* Fonts in Resources */ = {isa = PBXBuildFile; fileRef = E24E0BE91FF12DB300CD5B2B /* Fonts */; };
		E251DA6A1FEA747800613C10 /* pbi_scsi.c in Sources */ = {isa = PBXBuildFile; fileRef = E251D9EA1FEA747300613C10 /* pbi_scsi.c */; };
		E251DA6B1FEA747800613C10 /* atari_ntsc.h in Headers */ = {isa = PBXBuildFile; fileRef = E251D9EC1FEA747300613C10 /* atari_ntsc.h */; };
		E251DA6C1FEA747800613C10 /* atari_ntsc_config.h in Headers */ = {isa = PBXBuildFile; fileRef = E251D9ED1FEA747300613C10 /* atari_ntsc_config.h */; };
		E251DA6D1FEA747800613C10 /* atari_ntsc.c in Sources */ = {isa = PBXBuildFile; fileRef = E251D9EE1FEA747300613C10 /* atari_ntsc.c */; };
		E251DA6E1FEA747800613C10 /* atari_ntsc_impl.h in Headers */ = {isa = PBXBuildFile; fileRef = E251D9EF1FEA747300613C10 /* atari_ntsc_impl.h */; };
		E251DA6F1FEA747800613C10 /* platform.h in Headers */ = {isa = PBXBuildFile; fileRef = E251D9F01FEA747300613C10 /* platform.h */; };
		E251DA701FEA747800613C10 /* pia.c in Sources */ = {isa = PBXBuildFile; fileRef = E251D9F11FEA747300613C10 /* pia.c */; };
		E251DA711FEA747800613C10 /* pokeysnd.c in Sources */ = {isa = PBXBuildFile; fileRef = E251D9F21FEA747300613C10 /* pokeysnd.c */; };
		E251DA721FEA747800613C10 /* artifact.h in Headers */ = {isa = PBXBuildFile; fileRef = E251D9F31FEA747300613C10 /* artifact.h */; };
		E251DA741FEA747800613C10 /* colours_external.c in Sources */ = {isa = PBXBuildFile; fileRef = E251D9F51FEA747300613C10 /* colours_external.c */; };
		E251DA751FEA747800613C10 /* bit3.c in Sources */ = {isa = PBXBuildFile; fileRef = E251D9F61FEA747300613C10 /* bit3.c */; };
		E251DA761FEA747800613C10 /* colours_pal.c in Sources */ = {isa = PBXBuildFile; fileRef = E251D9F71FEA747300613C10 /* colours_pal.c */; };
		E251DA771FEA747800613C10 /* pia.h in Headers */ = {isa = PBXBuildFile; fileRef = E251D9F81FEA747300613C10 /* pia.h */; };
		E251DA781FEA747800613C10 /* sndsave.c in Sources */ = {isa = PBXBuildFile; fileRef = E251D9F91FEA747300613C10 /* sndsave.c */; };
		E251DA7A1FEA747800613C10 /* voicebox.c in Sources */ = {isa = PBXBuildFile; fileRef = E251D9FB1FEA747300613C10 /* voicebox.c */; };
		E251DA7B1FEA747800613C10 /* esc.h in Headers */ = {isa = PBXBuildFile; fileRef = E251D9FC1FEA747300613C10 /* esc.h */; };
		E251DA7C1FEA747800613C10 /* statesav.h in Headers */ = {isa = PBXBuildFile; fileRef = E251D9FD1FEA747300613C10 /* statesav.h */; };
		E251DA7D1FEA747800613C10 /* util.c in Sources */ = {isa = PBXBuildFile; fileRef = E251D9FE1FEA747400613C10 /* util.c */; };
		E251DA7E1FEA747800613C10 /* xep80.h in Headers */ = {isa = PBXBuildFile; fileRef = E251D9FF1FEA747400613C10 /* xep80.h */; };
		E251DA7F1FEA747800613C10 /* cassette.h in Headers */ = {isa = PBXBuildFile; fileRef = E251DA001FEA747400613C10 /* cassette.h */; };
		E251DA801FEA747800613C10 /* util.h in Headers */ = {isa = PBXBuildFile; fileRef = E251DA011FEA747400613C10 /* util.h */; };
		E251DA811FEA747800613C10 /* af80.c in Sources */ = {isa = PBXBuildFile; fileRef = E251DA021FEA747400613C10 /* af80.c */; };
		E251DA821FEA747800613C10 /* sio.c in Sources */ = {isa = PBXBuildFile; fileRef = E251DA031FEA747400613C10 /* sio.c */; };
		E251DA831FEA747800613C10 /* ui.h in Headers */ = {isa = PBXBuildFile; fileRef = E251DA041FEA747400613C10 /* ui.h */; };
		E251DA841FEA747800613C10 /* antic.c in Sources */ = {isa = PBXBuildFile; fileRef = E251DA051FEA747400613C10 /* antic.c */; };
		E251DA851FEA747800613C10 /* pcjoy.h in Headers */ = {isa = PBXBuildFile; fileRef = E251DA061FEA747400613C10 /* pcjoy.h */; };
		E251DA861FEA747800613C10 /* filter_ntsc.h in Headers */ = {isa = PBXBuildFile; fileRef = E251DA071FEA747400613C10 /* filter_ntsc.h */; };
		E251DA871FEA747800613C10 /* pbi_proto80.h in Headers */ = {isa = PBXBuildFile; fileRef = E251DA081FEA747400613C10 /* pbi_proto80.h */; };
		E251DA881FEA747800613C10 /* ide.h in Headers */ = {isa = PBXBuildFile; fileRef = E251DA091FEA747400613C10 /* ide.h */; };
		E251DA891FEA747800613C10 /* cfg.h in Headers */ = {isa = PBXBuildFile; fileRef = E251DA0A1FEA747400613C10 /* cfg.h */; };
		E251DA8A1FEA747800613C10 /* pbi_bb.h in Headers */ = {isa = PBXBuildFile; fileRef = E251DA0B1FEA747400613C10 /* pbi_bb.h */; };
		E251DA8B1FEA747800613C10 /* votrax.c in Sources */ = {isa = PBXBuildFile; fileRef = E251DA0C1FEA747400613C10 /* votrax.c */; };
		E251DA8C1FEA747800613C10 /* input.h in Headers */ = {isa = PBXBuildFile; fileRef = E251DA0D1FEA747400613C10 /* input.h */; };
		E251DA8E1FEA747800613C10 /* filter_ntsc.c in Sources */ = {isa = PBXBuildFile; fileRef = E251DA0F1FEA747400613C10 /* filter_ntsc.c */; };
		E251DA8F1FEA747800613C10 /* mkimg.c in Sources */ = {isa = PBXBuildFile; fileRef = E251DA101FEA747400613C10 /* mkimg.c */; };
		E251DA901FEA747800613C10 /* pal_blending.h in Headers */ = {isa = PBXBuildFile; fileRef = E251DA111FEA747400613C10 /* pal_blending.h */; };
		E251DA911FEA747800613C10 /* pokey.c in Sources */ = {isa = PBXBuildFile; fileRef = E251DA121FEA747400613C10 /* pokey.c */; };
		E251DA921FEA747800613C10 /* compfile.c in Sources */ = {isa = PBXBuildFile; fileRef = E251DA131FEA747400613C10 /* compfile.c */; };
		E251DA931FEA747800613C10 /* gtia.c in Sources */ = {isa = PBXBuildFile; fileRef = E251DA141FEA747500613C10 /* gtia.c */; };
		E251DA941FEA747800613C10 /* votraxsnd.c in Sources */ = {isa = PBXBuildFile; fileRef = E251DA151FEA747500613C10 /* votraxsnd.c */; };
		E251DA951FEA747800613C10 /* sndsave.h in Headers */ = {isa = PBXBuildFile; fileRef = E251DA161FEA747500613C10 /* sndsave.h */; };
		E251DA971FEA747800613C10 /* pbi_scsi.h in Headers */ = {isa = PBXBuildFile; fileRef = E251DA181FEA747500613C10 /* pbi_scsi.h */; };
		E251DA981FEA747800613C10 /* xep80_fonts.h in Headers */ = {isa = PBXBuildFile; fileRef = E251DA191FEA747500613C10 /* xep80_fonts.h */; };
		E251DA991FEA747800613C10 /* memory.h in Headers */ = {isa = PBXBuildFile; fileRef = E251DA1A1FEA747500613C10 /* memory.h */; };
		E251DA9A1FEA747800613C10 /* artifact.c in Sources */ = {isa = PBXBuildFile; fileRef = E251DA1B1FEA747500613C10 /* artifact.c */; };
		E251DA9B1FEA747800613C10 /* colours.h in Headers */ = {isa = PBXBuildFile; fileRef = E251DA1C1FEA747500613C10 /* colours.h */; };
		E251DA9C1FEA747800613C10 /* cartridge.c in Sources */ = {isa = PBXBuildFile; fileRef = E251DA1D1FEA747500613C10 /* cartridge.c */; };
		E251DA9D1FEA747800613C10 /* pokey.h in Headers */ = {isa = PBXBuildFile; fileRef = E251DA1E1FEA747500613C10 /* pokey.h */; };
		E251DA9E1FEA747800613C10 /* cpu.h in Headers */ = {isa = PBXBuildFile; fileRef = E251DA1F1FEA747500613C10 /* cpu.h */; };
		E251DA9F1FEA747800613C10 /* cartridge.h in Headers */ = {isa = PBXBuildFile; fileRef = E251DA201FEA747500613C10 /* cartridge.h */; };
		E251DAA01FEA747800613C10 /* devices.h in Headers */ = {isa = PBXBuildFile; fileRef = E251DA211FEA747500613C10 /* devices.h */; };
		E251DAA11FEA747800613C10 /* akey.h in Headers */ = {isa = PBXBuildFile; fileRef = E251DA221FEA747500613C10 /* akey.h */; };
		E251DAA21FEA747800613C10 /* votrax.h in Headers */ = {isa = PBXBuildFile; fileRef = E251DA231FEA747500613C10 /* votrax.h */; };
		E251DAA31FEA747800613C10 /* devices.c in Sources */ = {isa = PBXBuildFile; fileRef = E251DA241FEA747500613C10 /* devices.c */; };
		E251DAA41FEA747800613C10 /* crc32.h in Headers */ = {isa = PBXBuildFile; fileRef = E251DA251FEA747500613C10 /* crc32.h */; };
		E251DAA61FEA747800613C10 /* emuos.lis in Resources */ = {isa = PBXBuildFile; fileRef = E251DA271FEA747500613C10 /* emuos.lis */; };
		E251DAA71FEA747800613C10 /* cycle_map.h in Headers */ = {isa = PBXBuildFile; fileRef = E251DA281FEA747500613C10 /* cycle_map.h */; };
		E251DAA91FEA747800613C10 /* binload.h in Headers */ = {isa = PBXBuildFile; fileRef = E251DA2A1FEA747500613C10 /* binload.h */; };
		E251DAAA1FEA747800613C10 /* antic.h in Headers */ = {isa = PBXBuildFile; fileRef = E251DA2B1FEA747600613C10 /* antic.h */; };
		E251DAAB1FEA747800613C10 /* afile.h in Headers */ = {isa = PBXBuildFile; fileRef = E251DA2C1FEA747600613C10 /* afile.h */; };
		E251DAAC1FEA747800613C10 /* bit3.h in Headers */ = {isa = PBXBuildFile; fileRef = E251DA2D1FEA747600613C10 /* bit3.h */; };
		E251DAAD1FEA747800613C10 /* pbi_xld.c in Sources */ = {isa = PBXBuildFile; fileRef = E251DA2E1FEA747600613C10 /* pbi_xld.c */; };
		E251DAAE1FEA747800613C10 /* compfile.h in Headers */ = {isa = PBXBuildFile; fileRef = E251DA2F1FEA747600613C10 /* compfile.h */; };
		E251DAAF1FEA747800613C10 /* atari.h in Headers */ = {isa = PBXBuildFile; fileRef = E251DA301FEA747600613C10 /* atari.h */; };
		E251DAB01FEA747800613C10 /* cfg.c in Sources */ = {isa = PBXBuildFile; fileRef = E251DA311FEA747600613C10 /* cfg.c */; };
		E251DAB11FEA747800613C10 /* pbi_mio.h in Headers */ = {isa = PBXBuildFile; fileRef = E251DA321FEA747600613C10 /* pbi_mio.h */; };
		E251DAB21FEA747800613C10 /* colours_ntsc.c in Sources */ = {isa = PBXBuildFile; fileRef = E251DA331FEA747600613C10 /* colours_ntsc.c */; };
		E251DAB31FEA747800613C10 /* colours_ntsc.h in Headers */ = {isa = PBXBuildFile; fileRef = E251DA341FEA747600613C10 /* colours_ntsc.h */; };
		E251DAB41FEA747800613C10 /* cycle_map.c in Sources */ = {isa = PBXBuildFile; fileRef = E251DA351FEA747600613C10 /* cycle_map.c */; };
		E251DAB51FEA747800613C10 /* emuos.h in Headers */ = {isa = PBXBuildFile; fileRef = E251DA361FEA747600613C10 /* emuos.h */; };
		E251DAB61FEA747800613C10 /* memory.c in Sources */ = {isa = PBXBuildFile; fileRef = E251DA371FEA747600613C10 /* memory.c */; };
		E251DAB71FEA747800613C10 /* screen.c in Sources */ = {isa = PBXBuildFile; fileRef = E251DA381FEA747600613C10 /* screen.c */; };
		E251DAB81FEA747800613C10 /* gtia.h in Headers */ = {isa = PBXBuildFile; fileRef = E251DA391FEA747600613C10 /* gtia.h */; };
		E251DAB91FEA747800613C10 /* log.c in Sources */ = {isa = PBXBuildFile; fileRef = E251DA3A1FEA747600613C10 /* log.c */; };
		E251DABA1FEA747800613C10 /* emuos.c in Sources */ = {isa = PBXBuildFile; fileRef = E251DA3B1FEA747600613C10 /* emuos.c */; };
		E251DABB1FEA747800613C10 /* af80.h in Headers */ = {isa = PBXBuildFile; fileRef = E251DA3C1FEA747600613C10 /* af80.h */; };
		E251DABC1FEA747800613C10 /* colours.c in Sources */ = {isa = PBXBuildFile; fileRef = E251DA3D1FEA747600613C10 /* colours.c */; };
		E251DABD1FEA747800613C10 /* ide_internal.h in Headers */ = {isa = PBXBuildFile; fileRef = E251DA3E1FEA747600613C10 /* ide_internal.h */; };
		E251DABE1FEA747800613C10 /* log.h in Headers */ = {isa = PBXBuildFile; fileRef = E251DA3F1FEA747600613C10 /* log.h */; };
		E251DABF1FEA747800613C10 /* colours_pal.h in Headers */ = {isa = PBXBuildFile; fileRef = E251DA401FEA747600613C10 /* colours_pal.h */; };
		E251DAC01FEA747800613C10 /* monitor.c in Sources */ = {isa = PBXBuildFile; fileRef = E251DA411FEA747700613C10 /* monitor.c */; };
		E251DAC11FEA747800613C10 /* pbi_proto80.c in Sources */ = {isa = PBXBuildFile; fileRef = E251DA421FEA747700613C10 /* pbi_proto80.c */; };
		E251DAC21FEA747800613C10 /* sio.h in Headers */ = {isa = PBXBuildFile; fileRef = E251DA431FEA747700613C10 /* sio.h */; };
		E251DAC31FEA747800613C10 /* sound.h in Headers */ = {isa = PBXBuildFile; fileRef = E251DA441FEA747700613C10 /* sound.h */; };
		E251DAC41FEA747800613C10 /* ui_basic.h in Headers */ = {isa = PBXBuildFile; fileRef = E251DA451FEA747700613C10 /* ui_basic.h */; };
		E251DAC51FEA747800613C10 /* statesav.c in Sources */ = {isa = PBXBuildFile; fileRef = E251DA461FEA747700613C10 /* statesav.c */; };
		E251DAC61FEA747800613C10 /* mzpokeysnd.c in Sources */ = {isa = PBXBuildFile; fileRef = E251DA471FEA747700613C10 /* mzpokeysnd.c */; };
		E251DAC71FEA747800613C10 /* cassette.c in Sources */ = {isa = PBXBuildFile; fileRef = E251DA481FEA747700613C10 /* cassette.c */; };
		E251DAC81FEA747800613C10 /* input.c in Sources */ = {isa = PBXBuildFile; fileRef = E251DA491FEA747700613C10 /* input.c */; };
		E251DAC91FEA747800613C10 /* pbi_bb.c in Sources */ = {isa = PBXBuildFile; fileRef = E251DA4A1FEA747700613C10 /* pbi_bb.c */; };
		E251DACA1FEA747800613C10 /* pbi.c in Sources */ = {isa = PBXBuildFile; fileRef = E251DA4B1FEA747700613C10 /* pbi.c */; };
		E251DACB1FEA747800613C10 /* rdevice.h in Headers */ = {isa = PBXBuildFile; fileRef = E251DA4C1FEA747700613C10 /* rdevice.h */; };
		E251DACC1FEA747800613C10 /* binload.c in Sources */ = {isa = PBXBuildFile; fileRef = E251DA4D1FEA747700613C10 /* binload.c */; };
		E251DACD1FEA747800613C10 /* pbi.h in Headers */ = {isa = PBXBuildFile; fileRef = E251DA4E1FEA747700613C10 /* pbi.h */; };
		E251DACE1FEA747800613C10 /* remez.h in Headers */ = {isa = PBXBuildFile; fileRef = E251DA4F1FEA747700613C10 /* remez.h */; };
		E251DACF1FEA747800613C10 /* rtime.c in Sources */ = {isa = PBXBuildFile; fileRef = E251DA501FEA747700613C10 /* rtime.c */; };
		E251DAD01FEA747800613C10 /* img_tape.h in Headers */ = {isa = PBXBuildFile; fileRef = E251DA511FEA747700613C10 /* img_tape.h */; };
		E251DAD11FEA747800613C10 /* remez.c in Sources */ = {isa = PBXBuildFile; fileRef = E251DA521FEA747700613C10 /* remez.c */; };
		E251DAD31FEA747800613C10 /* voicebox.h in Headers */ = {isa = PBXBuildFile; fileRef = E251DA541FEA747700613C10 /* voicebox.h */; };
		E251DAD41FEA747800613C10 /* xep80.c in Sources */ = {isa = PBXBuildFile; fileRef = E251DA551FEA747700613C10 /* xep80.c */; };
		E251DAD61FEA747800613C10 /* esc.c in Sources */ = {isa = PBXBuildFile; fileRef = E251DA571FEA747700613C10 /* esc.c */; };
		E251DAD81FEA747800613C10 /* img_tape.c in Sources */ = {isa = PBXBuildFile; fileRef = E251DA591FEA747800613C10 /* img_tape.c */; };
		E251DAD91FEA747800613C10 /* xep80_fonts.c in Sources */ = {isa = PBXBuildFile; fileRef = E251DA5A1FEA747800613C10 /* xep80_fonts.c */; };
		E251DADA1FEA747800613C10 /* cpu.c in Sources */ = {isa = PBXBuildFile; fileRef = E251DA5B1FEA747800613C10 /* cpu.c */; };
		E251DADB1FEA747800613C10 /* mzpokeysnd.h in Headers */ = {isa = PBXBuildFile; fileRef = E251DA5C1FEA747800613C10 /* mzpokeysnd.h */; };
		E251DADC1FEA747800613C10 /* afile.c in Sources */ = {isa = PBXBuildFile; fileRef = E251DA5D1FEA747800613C10 /* afile.c */; };
		E251DADD1FEA747800613C10 /* sysrom.c in Sources */ = {isa = PBXBuildFile; fileRef = E251DA5E1FEA747800613C10 /* sysrom.c */; };
		E251DADE1FEA747800613C10 /* pbi_xld.h in Headers */ = {isa = PBXBuildFile; fileRef = E251DA5F1FEA747800613C10 /* pbi_xld.h */; };
		E251DADF1FEA747800613C10 /* pbi_mio.c in Sources */ = {isa = PBXBuildFile; fileRef = E251DA601FEA747800613C10 /* pbi_mio.c */; };
		E251DAE01FEA747800613C10 /* votraxsnd.h in Headers */ = {isa = PBXBuildFile; fileRef = E251DA611FEA747800613C10 /* votraxsnd.h */; };
		E251DAE11FEA747800613C10 /* screen.h in Headers */ = {isa = PBXBuildFile; fileRef = E251DA621FEA747800613C10 /* screen.h */; };
		E251DAE21FEA747800613C10 /* colours_external.h in Headers */ = {isa = PBXBuildFile; fileRef = E251DA631FEA747800613C10 /* colours_external.h */; };
		E251DAE31FEA747800613C10 /* monitor.h in Headers */ = {isa = PBXBuildFile; fileRef = E251DA641FEA747800613C10 /* monitor.h */; };
		E251DAE41FEA747800613C10 /* rdevice.c in Sources */ = {isa = PBXBuildFile; fileRef = E251DA651FEA747800613C10 /* rdevice.c */; };
		E251DAE51FEA747800613C10 /* rtime.h in Headers */ = {isa = PBXBuildFile; fileRef = E251DA661FEA747800613C10 /* rtime.h */; };
		E251DAE61FEA747800613C10 /* pokeysnd.h in Headers */ = {isa = PBXBuildFile; fileRef = E251DA671FEA747800613C10 /* pokeysnd.h */; };
		E251DAE71FEA747800613C10 /* sysrom.h in Headers */ = {isa = PBXBuildFile; fileRef = E251DA681FEA747800613C10 /* sysrom.h */; };
		E251DAE81FEA747800613C10 /* crc32.c in Sources */ = {isa = PBXBuildFile; fileRef = E251DA691FEA747800613C10 /* crc32.c */; };
		E251DAF21FEA8F2A00613C10 /* Atari800EmulationThread.m in Sources */ = {isa = PBXBuildFile; fileRef = E251DAF01FEA8F2900613C10 /* Atari800EmulationThread.m */; settings = {COMPILER_FLAGS = "-fno-objc-arc"; }; };
		E251DAF31FEA8F2A00613C10 /* Atari800EmulationThread.h in Headers */ = {isa = PBXBuildFile; fileRef = E251DAF11FEA8F2A00613C10 /* Atari800EmulationThread.h */; };
		E251DAFF1FEA915600613C10 /* pal_blending.c in Sources */ = {isa = PBXBuildFile; fileRef = E251DAFC1FEA915500613C10 /* pal_blending.c */; };
		E251DB001FEA915600613C10 /* sound.c in Sources */ = {isa = PBXBuildFile; fileRef = E251DAFD1FEA915500613C10 /* sound.c */; };
		E251DB011FEA915600613C10 /* ide.c in Sources */ = {isa = PBXBuildFile; fileRef = E251DAFE1FEA915500613C10 /* ide.c */; };
		E251DB251FEAA06000613C10 /* ROM in Resources */ = {isa = PBXBuildFile; fileRef = E251DB241FEAA06000613C10 /* ROM */; };
		E251DB271FEAA28C00613C10 /* atari.c in Sources */ = {isa = PBXBuildFile; fileRef = E251DB261FEAA28B00613C10 /* atari.c */; };
		E26667911FF3BBC700ECBD26 /* ui_basic.c in Sources */ = {isa = PBXBuildFile; fileRef = E251D9FA1FEA747300613C10 /* ui_basic.c */; };
		E26667921FF3BBC700ECBD26 /* ui.c in Sources */ = {isa = PBXBuildFile; fileRef = E251DA261FEA747500613C10 /* ui.c */; };
		E2929BD51FF80C7A0072A66E /* Atari800Emulator+CartridgeHandling.m in Sources */ = {isa = PBXBuildFile; fileRef = E2929BD31FF80C7A0072A66E /* Atari800Emulator+CartridgeHandling.m */; };
		E2929BD61FF80C7A0072A66E /* Atari800Emulator+CartridgeHandling.h in Headers */ = {isa = PBXBuildFile; fileRef = E2929BD41FF80C7A0072A66E /* Atari800Emulator+CartridgeHandling.h */; };
		E2929BDA1FFA8BC00072A66E /* Atari800Dispatch.h in Headers */ = {isa = PBXBuildFile; fileRef = E2929BD81FFA8BC00072A66E /* Atari800Dispatch.h */; };
		E2929BDB1FFA8BC00072A66E /* Atari800Dispatch.m in Sources */ = {isa = PBXBuildFile; fileRef = E2929BD91FFA8BC00072A66E /* Atari800Dispatch.m */; };
		E29D0F251FEB053E002D3DF0 /* Atari800AudioBuffer.h in Headers */ = {isa = PBXBuildFile; fileRef = E29D0F231FEB053E002D3DF0 /* Atari800AudioBuffer.h */; };
		E29D0F261FEB053E002D3DF0 /* Atari800AudioBuffer.m in Sources */ = {isa = PBXBuildFile; fileRef = E29D0F241FEB053E002D3DF0 /* Atari800AudioBuffer.m */; };
		E2D98BB61FE93A78005362D9 /* Atari800EmulationCore.h in Headers */ = {isa = PBXBuildFile; fileRef = E2D98BB41FE93A78005362D9 /* Atari800EmulationCore.h */; settings = {ATTRIBUTES = (Public, ); }; };
/* End PBXBuildFile section */

/* Begin PBXFileReference section */
		E21FDAF51FEA73EC00FB1796 /* Atari800Preferences.m */ = {isa = PBXFileReference; fileEncoding = 4; lastKnownFileType = sourcecode.c.objc; path = Atari800Preferences.m; sourceTree = "<group>"; };
		E21FDAF61FEA73EC00FB1796 /* Atari800Preferences.h */ = {isa = PBXFileReference; fileEncoding = 4; lastKnownFileType = sourcecode.c.h; path = Atari800Preferences.h; sourceTree = "<group>"; };
		E21FDAF81FEA73EC00FB1796 /* Atari800ControlManager.h */ = {isa = PBXFileReference; fileEncoding = 4; lastKnownFileType = sourcecode.c.h; path = Atari800ControlManager.h; sourceTree = "<group>"; };
		E21FDAFA1FEA73EC00FB1796 /* Atari800Emulator.h */ = {isa = PBXFileReference; fileEncoding = 4; lastKnownFileType = sourcecode.c.h; path = Atari800Emulator.h; sourceTree = "<group>"; };
		E21FDAFB1FEA73EC00FB1796 /* Atari800ControlManager.m */ = {isa = PBXFileReference; fileEncoding = 4; lastKnownFileType = sourcecode.c.objc; path = Atari800ControlManager.m; sourceTree = "<group>"; };
		E21FDAFC1FEA73EC00FB1796 /* Atari800Emulator.m */ = {isa = PBXFileReference; fileEncoding = 4; lastKnownFileType = sourcecode.c.objc; path = Atari800Emulator.m; sourceTree = "<group>"; };
		E21FDAFF1FEA73EC00FB1796 /* Atari800AudioDriver.m */ = {isa = PBXFileReference; fileEncoding = 4; lastKnownFileType = sourcecode.c.objc; path = Atari800AudioDriver.m; sourceTree = "<group>"; };
		E21FDB001FEA73EC00FB1796 /* Atari800AudioDriver.h */ = {isa = PBXFileReference; fileEncoding = 4; lastKnownFileType = sourcecode.c.h; path = Atari800AudioDriver.h; sourceTree = "<group>"; };
		E22C8D1C1FED5B2800FB4995 /* Atari800QuartzRenderer.h */ = {isa = PBXFileReference; lastKnownFileType = sourcecode.c.h; path = Atari800QuartzRenderer.h; sourceTree = "<group>"; };
		E22C8D1D1FED5B2800FB4995 /* Atari800QuartzRenderer.m */ = {isa = PBXFileReference; lastKnownFileType = sourcecode.c.objc; path = Atari800QuartzRenderer.m; sourceTree = "<group>"; };
		E22C8D261FED620A00FB4995 /* Atari800Renderer.h */ = {isa = PBXFileReference; fileEncoding = 4; lastKnownFileType = sourcecode.c.h; path = Atari800Renderer.h; sourceTree = "<group>"; };
		E22C8D291FF1230000FB4995 /* Atari800KeyboardView.m */ = {isa = PBXFileReference; fileEncoding = 4; lastKnownFileType = sourcecode.c.objc; path = Atari800KeyboardView.m; sourceTree = "<group>"; };
		E22C8D2A1FF1230000FB4995 /* Atari800KeyLayer.m */ = {isa = PBXFileReference; fileEncoding = 4; lastKnownFileType = sourcecode.c.objc; path = Atari800KeyLayer.m; sourceTree = "<group>"; };
		E22C8D2B1FF1230000FB4995 /* Atari800KeyboardDrawing.m */ = {isa = PBXFileReference; fileEncoding = 4; lastKnownFileType = sourcecode.c.objc; path = Atari800KeyboardDrawing.m; sourceTree = "<group>"; };
		E22C8D2C1FF1230000FB4995 /* Atari800KeyboardView.h */ = {isa = PBXFileReference; fileEncoding = 4; lastKnownFileType = sourcecode.c.h; path = Atari800KeyboardView.h; sourceTree = "<group>"; };
		E22C8D2D1FF1230000FB4995 /* Atari800KeyLayer.h */ = {isa = PBXFileReference; fileEncoding = 4; lastKnownFileType = sourcecode.c.h; path = Atari800KeyLayer.h; sourceTree = "<group>"; };
		E22C8D2E1FF1230000FB4995 /* Atari800KeyboardDrawing.h */ = {isa = PBXFileReference; fileEncoding = 4; lastKnownFileType = sourcecode.c.h; path = Atari800KeyboardDrawing.h; sourceTree = "<group>"; };
		E231F6751FE94BD5004ED389 /* Atari800ShaderTypes.h */ = {isa = PBXFileReference; fileEncoding = 4; lastKnownFileType = sourcecode.c.h; path = Atari800ShaderTypes.h; sourceTree = "<group>"; };
		E231F6761FE94BD5004ED389 /* Atari800Palette.m */ = {isa = PBXFileReference; fileEncoding = 4; lastKnownFileType = sourcecode.c.objc; path = Atari800Palette.m; sourceTree = "<group>"; };
		E231F6771FE94BD5004ED389 /* Atari800MetalRenderer.h */ = {isa = PBXFileReference; fileEncoding = 4; lastKnownFileType = sourcecode.c.h; path = Atari800MetalRenderer.h; sourceTree = "<group>"; };
		E231F6781FE94BD5004ED389 /* Atari800Palette.h */ = {isa = PBXFileReference; fileEncoding = 4; lastKnownFileType = sourcecode.c.h; path = Atari800Palette.h; sourceTree = "<group>"; };
		E231F6791FE94BD5004ED389 /* Atari800Shaders.metal */ = {isa = PBXFileReference; fileEncoding = 4; lastKnownFileType = sourcecode.metal; path = Atari800Shaders.metal; sourceTree = "<group>"; };
		E231F67A1FE94BD5004ED389 /* Atari800MetalRenderer.m */ = {isa = PBXFileReference; fileEncoding = 4; lastKnownFileType = sourcecode.c.objc; path = Atari800MetalRenderer.m; sourceTree = "<group>"; };
		E231F67C1FE94BD5004ED389 /* jakub.act */ = {isa = PBXFileReference; lastKnownFileType = file; path = jakub.act; sourceTree = "<group>"; };
		E231F67D1FE94BD5004ED389 /* gray.act */ = {isa = PBXFileReference; lastKnownFileType = file; path = gray.act; sourceTree = "<group>"; };
		E231F67E1FE94BD5004ED389 /* Real.act */ = {isa = PBXFileReference; lastKnownFileType = file; path = Real.act; sourceTree = "<group>"; };
		E231F67F1FE94BD5004ED389 /* fox.act */ = {isa = PBXFileReference; lastKnownFileType = file; path = fox.act; sourceTree = "<group>"; };
		E231F6801FE94BD5004ED389 /* default.act */ = {isa = PBXFileReference; lastKnownFileType = file; path = default.act; sourceTree = "<group>"; };
		E231F6811FE94BD5004ED389 /* XFormer.act */ = {isa = PBXFileReference; lastKnownFileType = file; path = XFormer.act; sourceTree = "<group>"; };
		E24E0BE91FF12DB300CD5B2B /* Fonts */ = {isa = PBXFileReference; lastKnownFileType = folder; name = Fonts; path = ../../../Shared/Fonts; sourceTree = "<group>"; };
		E251D9EA1FEA747300613C10 /* pbi_scsi.c */ = {isa = PBXFileReference; fileEncoding = 4; lastKnownFileType = sourcecode.c.c; path = pbi_scsi.c; sourceTree = "<group>"; };
		E251D9EC1FEA747300613C10 /* atari_ntsc.h */ = {isa = PBXFileReference; fileEncoding = 4; lastKnownFileType = sourcecode.c.h; path = atari_ntsc.h; sourceTree = "<group>"; };
		E251D9ED1FEA747300613C10 /* atari_ntsc_config.h */ = {isa = PBXFileReference; fileEncoding = 4; lastKnownFileType = sourcecode.c.h; path = atari_ntsc_config.h; sourceTree = "<group>"; };
		E251D9EE1FEA747300613C10 /* atari_ntsc.c */ = {isa = PBXFileReference; fileEncoding = 4; lastKnownFileType = sourcecode.c.c; path = atari_ntsc.c; sourceTree = "<group>"; };
		E251D9EF1FEA747300613C10 /* atari_ntsc_impl.h */ = {isa = PBXFileReference; fileEncoding = 4; lastKnownFileType = sourcecode.c.h; path = atari_ntsc_impl.h; sourceTree = "<group>"; };
		E251D9F01FEA747300613C10 /* platform.h */ = {isa = PBXFileReference; fileEncoding = 4; lastKnownFileType = sourcecode.c.h; path = platform.h; sourceTree = "<group>"; };
		E251D9F11FEA747300613C10 /* pia.c */ = {isa = PBXFileReference; fileEncoding = 4; lastKnownFileType = sourcecode.c.c; path = pia.c; sourceTree = "<group>"; };
		E251D9F21FEA747300613C10 /* pokeysnd.c */ = {isa = PBXFileReference; fileEncoding = 4; lastKnownFileType = sourcecode.c.c; path = pokeysnd.c; sourceTree = "<group>"; };
		E251D9F31FEA747300613C10 /* artifact.h */ = {isa = PBXFileReference; fileEncoding = 4; lastKnownFileType = sourcecode.c.h; path = artifact.h; sourceTree = "<group>"; };
		E251D9F41FEA747300613C10 /* atari_curses.c */ = {isa = PBXFileReference; fileEncoding = 4; lastKnownFileType = sourcecode.c.c; path = atari_curses.c; sourceTree = "<group>"; };
		E251D9F51FEA747300613C10 /* colours_external.c */ = {isa = PBXFileReference; fileEncoding = 4; lastKnownFileType = sourcecode.c.c; path = colours_external.c; sourceTree = "<group>"; };
		E251D9F61FEA747300613C10 /* bit3.c */ = {isa = PBXFileReference; fileEncoding = 4; lastKnownFileType = sourcecode.c.c; path = bit3.c; sourceTree = "<group>"; };
		E251D9F71FEA747300613C10 /* colours_pal.c */ = {isa = PBXFileReference; fileEncoding = 4; lastKnownFileType = sourcecode.c.c; path = colours_pal.c; sourceTree = "<group>"; };
		E251D9F81FEA747300613C10 /* pia.h */ = {isa = PBXFileReference; fileEncoding = 4; lastKnownFileType = sourcecode.c.h; path = pia.h; sourceTree = "<group>"; };
		E251D9F91FEA747300613C10 /* sndsave.c */ = {isa = PBXFileReference; fileEncoding = 4; lastKnownFileType = sourcecode.c.c; path = sndsave.c; sourceTree = "<group>"; };
		E251D9FA1FEA747300613C10 /* ui_basic.c */ = {isa = PBXFileReference; fileEncoding = 4; lastKnownFileType = sourcecode.c.c; path = ui_basic.c; sourceTree = "<group>"; };
		E251D9FB1FEA747300613C10 /* voicebox.c */ = {isa = PBXFileReference; fileEncoding = 4; lastKnownFileType = sourcecode.c.c; path = voicebox.c; sourceTree = "<group>"; };
		E251D9FC1FEA747300613C10 /* esc.h */ = {isa = PBXFileReference; fileEncoding = 4; lastKnownFileType = sourcecode.c.h; path = esc.h; sourceTree = "<group>"; };
		E251D9FD1FEA747300613C10 /* statesav.h */ = {isa = PBXFileReference; fileEncoding = 4; lastKnownFileType = sourcecode.c.h; path = statesav.h; sourceTree = "<group>"; };
		E251D9FE1FEA747400613C10 /* util.c */ = {isa = PBXFileReference; fileEncoding = 4; lastKnownFileType = sourcecode.c.c; path = util.c; sourceTree = "<group>"; };
		E251D9FF1FEA747400613C10 /* xep80.h */ = {isa = PBXFileReference; fileEncoding = 4; lastKnownFileType = sourcecode.c.h; path = xep80.h; sourceTree = "<group>"; };
		E251DA001FEA747400613C10 /* cassette.h */ = {isa = PBXFileReference; fileEncoding = 4; lastKnownFileType = sourcecode.c.h; path = cassette.h; sourceTree = "<group>"; };
		E251DA011FEA747400613C10 /* util.h */ = {isa = PBXFileReference; fileEncoding = 4; lastKnownFileType = sourcecode.c.h; path = util.h; sourceTree = "<group>"; };
		E251DA021FEA747400613C10 /* af80.c */ = {isa = PBXFileReference; fileEncoding = 4; lastKnownFileType = sourcecode.c.c; path = af80.c; sourceTree = "<group>"; };
		E251DA031FEA747400613C10 /* sio.c */ = {isa = PBXFileReference; fileEncoding = 4; lastKnownFileType = sourcecode.c.c; path = sio.c; sourceTree = "<group>"; };
		E251DA041FEA747400613C10 /* ui.h */ = {isa = PBXFileReference; fileEncoding = 4; lastKnownFileType = sourcecode.c.h; path = ui.h; sourceTree = "<group>"; };
		E251DA051FEA747400613C10 /* antic.c */ = {isa = PBXFileReference; fileEncoding = 4; lastKnownFileType = sourcecode.c.c; path = antic.c; sourceTree = "<group>"; };
		E251DA061FEA747400613C10 /* pcjoy.h */ = {isa = PBXFileReference; fileEncoding = 4; lastKnownFileType = sourcecode.c.h; path = pcjoy.h; sourceTree = "<group>"; };
		E251DA071FEA747400613C10 /* filter_ntsc.h */ = {isa = PBXFileReference; fileEncoding = 4; lastKnownFileType = sourcecode.c.h; path = filter_ntsc.h; sourceTree = "<group>"; };
		E251DA081FEA747400613C10 /* pbi_proto80.h */ = {isa = PBXFileReference; fileEncoding = 4; lastKnownFileType = sourcecode.c.h; path = pbi_proto80.h; sourceTree = "<group>"; };
		E251DA091FEA747400613C10 /* ide.h */ = {isa = PBXFileReference; fileEncoding = 4; lastKnownFileType = sourcecode.c.h; path = ide.h; sourceTree = "<group>"; };
		E251DA0A1FEA747400613C10 /* cfg.h */ = {isa = PBXFileReference; fileEncoding = 4; lastKnownFileType = sourcecode.c.h; path = cfg.h; sourceTree = "<group>"; };
		E251DA0B1FEA747400613C10 /* pbi_bb.h */ = {isa = PBXFileReference; fileEncoding = 4; lastKnownFileType = sourcecode.c.h; path = pbi_bb.h; sourceTree = "<group>"; };
		E251DA0C1FEA747400613C10 /* votrax.c */ = {isa = PBXFileReference; fileEncoding = 4; lastKnownFileType = sourcecode.c.c; path = votrax.c; sourceTree = "<group>"; };
		E251DA0D1FEA747400613C10 /* input.h */ = {isa = PBXFileReference; fileEncoding = 4; lastKnownFileType = sourcecode.c.h; path = input.h; sourceTree = "<group>"; };
		E251DA0E1FEA747400613C10 /* emuos_altirra.c */ = {isa = PBXFileReference; fileEncoding = 4; lastKnownFileType = sourcecode.c.c; path = emuos_altirra.c; sourceTree = "<group>"; };
		E251DA0F1FEA747400613C10 /* filter_ntsc.c */ = {isa = PBXFileReference; fileEncoding = 4; lastKnownFileType = sourcecode.c.c; path = filter_ntsc.c; sourceTree = "<group>"; };
		E251DA101FEA747400613C10 /* mkimg.c */ = {isa = PBXFileReference; fileEncoding = 4; lastKnownFileType = sourcecode.c.c; path = mkimg.c; sourceTree = "<group>"; };
		E251DA111FEA747400613C10 /* pal_blending.h */ = {isa = PBXFileReference; fileEncoding = 4; lastKnownFileType = sourcecode.c.h; path = pal_blending.h; sourceTree = "<group>"; };
		E251DA121FEA747400613C10 /* pokey.c */ = {isa = PBXFileReference; fileEncoding = 4; lastKnownFileType = sourcecode.c.c; path = pokey.c; sourceTree = "<group>"; };
		E251DA131FEA747400613C10 /* compfile.c */ = {isa = PBXFileReference; fileEncoding = 4; lastKnownFileType = sourcecode.c.c; path = compfile.c; sourceTree = "<group>"; };
		E251DA141FEA747500613C10 /* gtia.c */ = {isa = PBXFileReference; fileEncoding = 4; lastKnownFileType = sourcecode.c.c; path = gtia.c; sourceTree = "<group>"; };
		E251DA151FEA747500613C10 /* votraxsnd.c */ = {isa = PBXFileReference; fileEncoding = 4; lastKnownFileType = sourcecode.c.c; path = votraxsnd.c; sourceTree = "<group>"; };
		E251DA161FEA747500613C10 /* sndsave.h */ = {isa = PBXFileReference; fileEncoding = 4; lastKnownFileType = sourcecode.c.h; path = sndsave.h; sourceTree = "<group>"; };
		E251DA171FEA747500613C10 /* atari.c */ = {isa = PBXFileReference; fileEncoding = 4; lastKnownFileType = sourcecode.c.c; path = atari.c; sourceTree = "<group>"; };
		E251DA181FEA747500613C10 /* pbi_scsi.h */ = {isa = PBXFileReference; fileEncoding = 4; lastKnownFileType = sourcecode.c.h; path = pbi_scsi.h; sourceTree = "<group>"; };
		E251DA191FEA747500613C10 /* xep80_fonts.h */ = {isa = PBXFileReference; fileEncoding = 4; lastKnownFileType = sourcecode.c.h; path = xep80_fonts.h; sourceTree = "<group>"; };
		E251DA1A1FEA747500613C10 /* memory.h */ = {isa = PBXFileReference; fileEncoding = 4; lastKnownFileType = sourcecode.c.h; path = memory.h; sourceTree = "<group>"; };
		E251DA1B1FEA747500613C10 /* artifact.c */ = {isa = PBXFileReference; fileEncoding = 4; lastKnownFileType = sourcecode.c.c; path = artifact.c; sourceTree = "<group>"; };
		E251DA1C1FEA747500613C10 /* colours.h */ = {isa = PBXFileReference; fileEncoding = 4; lastKnownFileType = sourcecode.c.h; path = colours.h; sourceTree = "<group>"; };
		E251DA1D1FEA747500613C10 /* cartridge.c */ = {isa = PBXFileReference; fileEncoding = 4; lastKnownFileType = sourcecode.c.c; path = cartridge.c; sourceTree = "<group>"; };
		E251DA1E1FEA747500613C10 /* pokey.h */ = {isa = PBXFileReference; fileEncoding = 4; lastKnownFileType = sourcecode.c.h; path = pokey.h; sourceTree = "<group>"; };
		E251DA1F1FEA747500613C10 /* cpu.h */ = {isa = PBXFileReference; fileEncoding = 4; lastKnownFileType = sourcecode.c.h; path = cpu.h; sourceTree = "<group>"; };
		E251DA201FEA747500613C10 /* cartridge.h */ = {isa = PBXFileReference; fileEncoding = 4; lastKnownFileType = sourcecode.c.h; path = cartridge.h; sourceTree = "<group>"; };
		E251DA211FEA747500613C10 /* devices.h */ = {isa = PBXFileReference; fileEncoding = 4; lastKnownFileType = sourcecode.c.h; path = devices.h; sourceTree = "<group>"; };
		E251DA221FEA747500613C10 /* akey.h */ = {isa = PBXFileReference; fileEncoding = 4; lastKnownFileType = sourcecode.c.h; path = akey.h; sourceTree = "<group>"; };
		E251DA231FEA747500613C10 /* votrax.h */ = {isa = PBXFileReference; fileEncoding = 4; lastKnownFileType = sourcecode.c.h; path = votrax.h; sourceTree = "<group>"; };
		E251DA241FEA747500613C10 /* devices.c */ = {isa = PBXFileReference; fileEncoding = 4; lastKnownFileType = sourcecode.c.c; path = devices.c; sourceTree = "<group>"; };
		E251DA251FEA747500613C10 /* crc32.h */ = {isa = PBXFileReference; fileEncoding = 4; lastKnownFileType = sourcecode.c.h; path = crc32.h; sourceTree = "<group>"; };
		E251DA261FEA747500613C10 /* ui.c */ = {isa = PBXFileReference; fileEncoding = 4; lastKnownFileType = sourcecode.c.c; path = ui.c; sourceTree = "<group>"; };
		E251DA271FEA747500613C10 /* emuos.lis */ = {isa = PBXFileReference; fileEncoding = 4; lastKnownFileType = text; path = emuos.lis; sourceTree = "<group>"; };
		E251DA281FEA747500613C10 /* cycle_map.h */ = {isa = PBXFileReference; fileEncoding = 4; lastKnownFileType = sourcecode.c.h; path = cycle_map.h; sourceTree = "<group>"; };
		E251DA291FEA747500613C10 /* pal_blending.c */ = {isa = PBXFileReference; fileEncoding = 4; lastKnownFileType = sourcecode.c.c; path = pal_blending.c; sourceTree = "<group>"; };
		E251DA2A1FEA747500613C10 /* binload.h */ = {isa = PBXFileReference; fileEncoding = 4; lastKnownFileType = sourcecode.c.h; path = binload.h; sourceTree = "<group>"; };
		E251DA2B1FEA747600613C10 /* antic.h */ = {isa = PBXFileReference; fileEncoding = 4; lastKnownFileType = sourcecode.c.h; path = antic.h; sourceTree = "<group>"; };
		E251DA2C1FEA747600613C10 /* afile.h */ = {isa = PBXFileReference; fileEncoding = 4; lastKnownFileType = sourcecode.c.h; path = afile.h; sourceTree = "<group>"; };
		E251DA2D1FEA747600613C10 /* bit3.h */ = {isa = PBXFileReference; fileEncoding = 4; lastKnownFileType = sourcecode.c.h; path = bit3.h; sourceTree = "<group>"; };
		E251DA2E1FEA747600613C10 /* pbi_xld.c */ = {isa = PBXFileReference; fileEncoding = 4; lastKnownFileType = sourcecode.c.c; path = pbi_xld.c; sourceTree = "<group>"; };
		E251DA2F1FEA747600613C10 /* compfile.h */ = {isa = PBXFileReference; fileEncoding = 4; lastKnownFileType = sourcecode.c.h; path = compfile.h; sourceTree = "<group>"; };
		E251DA301FEA747600613C10 /* atari.h */ = {isa = PBXFileReference; fileEncoding = 4; lastKnownFileType = sourcecode.c.h; path = atari.h; sourceTree = "<group>"; };
		E251DA311FEA747600613C10 /* cfg.c */ = {isa = PBXFileReference; fileEncoding = 4; lastKnownFileType = sourcecode.c.c; path = cfg.c; sourceTree = "<group>"; };
		E251DA321FEA747600613C10 /* pbi_mio.h */ = {isa = PBXFileReference; fileEncoding = 4; lastKnownFileType = sourcecode.c.h; path = pbi_mio.h; sourceTree = "<group>"; };
		E251DA331FEA747600613C10 /* colours_ntsc.c */ = {isa = PBXFileReference; fileEncoding = 4; lastKnownFileType = sourcecode.c.c; path = colours_ntsc.c; sourceTree = "<group>"; };
		E251DA341FEA747600613C10 /* colours_ntsc.h */ = {isa = PBXFileReference; fileEncoding = 4; lastKnownFileType = sourcecode.c.h; path = colours_ntsc.h; sourceTree = "<group>"; };
		E251DA351FEA747600613C10 /* cycle_map.c */ = {isa = PBXFileReference; fileEncoding = 4; lastKnownFileType = sourcecode.c.c; path = cycle_map.c; sourceTree = "<group>"; };
		E251DA361FEA747600613C10 /* emuos.h */ = {isa = PBXFileReference; fileEncoding = 4; lastKnownFileType = sourcecode.c.h; path = emuos.h; sourceTree = "<group>"; };
		E251DA371FEA747600613C10 /* memory.c */ = {isa = PBXFileReference; fileEncoding = 4; lastKnownFileType = sourcecode.c.c; path = memory.c; sourceTree = "<group>"; };
		E251DA381FEA747600613C10 /* screen.c */ = {isa = PBXFileReference; fileEncoding = 4; lastKnownFileType = sourcecode.c.c; path = screen.c; sourceTree = "<group>"; };
		E251DA391FEA747600613C10 /* gtia.h */ = {isa = PBXFileReference; fileEncoding = 4; lastKnownFileType = sourcecode.c.h; path = gtia.h; sourceTree = "<group>"; };
		E251DA3A1FEA747600613C10 /* log.c */ = {isa = PBXFileReference; fileEncoding = 4; lastKnownFileType = sourcecode.c.c; path = log.c; sourceTree = "<group>"; };
		E251DA3B1FEA747600613C10 /* emuos.c */ = {isa = PBXFileReference; fileEncoding = 4; lastKnownFileType = sourcecode.c.c; path = emuos.c; sourceTree = "<group>"; };
		E251DA3C1FEA747600613C10 /* af80.h */ = {isa = PBXFileReference; fileEncoding = 4; lastKnownFileType = sourcecode.c.h; path = af80.h; sourceTree = "<group>"; };
		E251DA3D1FEA747600613C10 /* colours.c */ = {isa = PBXFileReference; fileEncoding = 4; lastKnownFileType = sourcecode.c.c; path = colours.c; sourceTree = "<group>"; };
		E251DA3E1FEA747600613C10 /* ide_internal.h */ = {isa = PBXFileReference; fileEncoding = 4; lastKnownFileType = sourcecode.c.h; path = ide_internal.h; sourceTree = "<group>"; };
		E251DA3F1FEA747600613C10 /* log.h */ = {isa = PBXFileReference; fileEncoding = 4; lastKnownFileType = sourcecode.c.h; path = log.h; sourceTree = "<group>"; };
		E251DA401FEA747600613C10 /* colours_pal.h */ = {isa = PBXFileReference; fileEncoding = 4; lastKnownFileType = sourcecode.c.h; path = colours_pal.h; sourceTree = "<group>"; };
		E251DA411FEA747700613C10 /* monitor.c */ = {isa = PBXFileReference; fileEncoding = 4; lastKnownFileType = sourcecode.c.c; path = monitor.c; sourceTree = "<group>"; };
		E251DA421FEA747700613C10 /* pbi_proto80.c */ = {isa = PBXFileReference; fileEncoding = 4; lastKnownFileType = sourcecode.c.c; path = pbi_proto80.c; sourceTree = "<group>"; };
		E251DA431FEA747700613C10 /* sio.h */ = {isa = PBXFileReference; fileEncoding = 4; lastKnownFileType = sourcecode.c.h; path = sio.h; sourceTree = "<group>"; };
		E251DA441FEA747700613C10 /* sound.h */ = {isa = PBXFileReference; fileEncoding = 4; lastKnownFileType = sourcecode.c.h; path = sound.h; sourceTree = "<group>"; };
		E251DA451FEA747700613C10 /* ui_basic.h */ = {isa = PBXFileReference; fileEncoding = 4; lastKnownFileType = sourcecode.c.h; path = ui_basic.h; sourceTree = "<group>"; };
		E251DA461FEA747700613C10 /* statesav.c */ = {isa = PBXFileReference; fileEncoding = 4; lastKnownFileType = sourcecode.c.c; path = statesav.c; sourceTree = "<group>"; };
		E251DA471FEA747700613C10 /* mzpokeysnd.c */ = {isa = PBXFileReference; fileEncoding = 4; lastKnownFileType = sourcecode.c.c; path = mzpokeysnd.c; sourceTree = "<group>"; };
		E251DA481FEA747700613C10 /* cassette.c */ = {isa = PBXFileReference; fileEncoding = 4; lastKnownFileType = sourcecode.c.c; path = cassette.c; sourceTree = "<group>"; };
		E251DA491FEA747700613C10 /* input.c */ = {isa = PBXFileReference; fileEncoding = 4; lastKnownFileType = sourcecode.c.c; path = input.c; sourceTree = "<group>"; };
		E251DA4A1FEA747700613C10 /* pbi_bb.c */ = {isa = PBXFileReference; fileEncoding = 4; lastKnownFileType = sourcecode.c.c; path = pbi_bb.c; sourceTree = "<group>"; };
		E251DA4B1FEA747700613C10 /* pbi.c */ = {isa = PBXFileReference; fileEncoding = 4; lastKnownFileType = sourcecode.c.c; path = pbi.c; sourceTree = "<group>"; };
		E251DA4C1FEA747700613C10 /* rdevice.h */ = {isa = PBXFileReference; fileEncoding = 4; lastKnownFileType = sourcecode.c.h; path = rdevice.h; sourceTree = "<group>"; };
		E251DA4D1FEA747700613C10 /* binload.c */ = {isa = PBXFileReference; fileEncoding = 4; lastKnownFileType = sourcecode.c.c; path = binload.c; sourceTree = "<group>"; };
		E251DA4E1FEA747700613C10 /* pbi.h */ = {isa = PBXFileReference; fileEncoding = 4; lastKnownFileType = sourcecode.c.h; path = pbi.h; sourceTree = "<group>"; };
		E251DA4F1FEA747700613C10 /* remez.h */ = {isa = PBXFileReference; fileEncoding = 4; lastKnownFileType = sourcecode.c.h; path = remez.h; sourceTree = "<group>"; };
		E251DA501FEA747700613C10 /* rtime.c */ = {isa = PBXFileReference; fileEncoding = 4; lastKnownFileType = sourcecode.c.c; path = rtime.c; sourceTree = "<group>"; };
		E251DA511FEA747700613C10 /* img_tape.h */ = {isa = PBXFileReference; fileEncoding = 4; lastKnownFileType = sourcecode.c.h; path = img_tape.h; sourceTree = "<group>"; };
		E251DA521FEA747700613C10 /* remez.c */ = {isa = PBXFileReference; fileEncoding = 4; lastKnownFileType = sourcecode.c.c; path = remez.c; sourceTree = "<group>"; };
		E251DA531FEA747700613C10 /* sound.c */ = {isa = PBXFileReference; fileEncoding = 4; lastKnownFileType = sourcecode.c.c; path = sound.c; sourceTree = "<group>"; };
		E251DA541FEA747700613C10 /* voicebox.h */ = {isa = PBXFileReference; fileEncoding = 4; lastKnownFileType = sourcecode.c.h; path = voicebox.h; sourceTree = "<group>"; };
		E251DA551FEA747700613C10 /* xep80.c */ = {isa = PBXFileReference; fileEncoding = 4; lastKnownFileType = sourcecode.c.c; path = xep80.c; sourceTree = "<group>"; };
		E251DA561FEA747700613C10 /* vtxsmpls.inc */ = {isa = PBXFileReference; explicitFileType = sourcecode.c.h; fileEncoding = 4; path = vtxsmpls.inc; sourceTree = "<group>"; };
		E251DA571FEA747700613C10 /* esc.c */ = {isa = PBXFileReference; fileEncoding = 4; lastKnownFileType = sourcecode.c.c; path = esc.c; sourceTree = "<group>"; };
		E251DA581FEA747800613C10 /* ide.c */ = {isa = PBXFileReference; fileEncoding = 4; lastKnownFileType = sourcecode.c.c; path = ide.c; sourceTree = "<group>"; };
		E251DA591FEA747800613C10 /* img_tape.c */ = {isa = PBXFileReference; fileEncoding = 4; lastKnownFileType = sourcecode.c.c; path = img_tape.c; sourceTree = "<group>"; };
		E251DA5A1FEA747800613C10 /* xep80_fonts.c */ = {isa = PBXFileReference; fileEncoding = 4; lastKnownFileType = sourcecode.c.c; path = xep80_fonts.c; sourceTree = "<group>"; };
		E251DA5B1FEA747800613C10 /* cpu.c */ = {isa = PBXFileReference; fileEncoding = 4; lastKnownFileType = sourcecode.c.c; path = cpu.c; sourceTree = "<group>"; };
		E251DA5C1FEA747800613C10 /* mzpokeysnd.h */ = {isa = PBXFileReference; fileEncoding = 4; lastKnownFileType = sourcecode.c.h; path = mzpokeysnd.h; sourceTree = "<group>"; };
		E251DA5D1FEA747800613C10 /* afile.c */ = {isa = PBXFileReference; fileEncoding = 4; lastKnownFileType = sourcecode.c.c; path = afile.c; sourceTree = "<group>"; };
		E251DA5E1FEA747800613C10 /* sysrom.c */ = {isa = PBXFileReference; fileEncoding = 4; lastKnownFileType = sourcecode.c.c; path = sysrom.c; sourceTree = "<group>"; };
		E251DA5F1FEA747800613C10 /* pbi_xld.h */ = {isa = PBXFileReference; fileEncoding = 4; lastKnownFileType = sourcecode.c.h; path = pbi_xld.h; sourceTree = "<group>"; };
		E251DA601FEA747800613C10 /* pbi_mio.c */ = {isa = PBXFileReference; fileEncoding = 4; lastKnownFileType = sourcecode.c.c; path = pbi_mio.c; sourceTree = "<group>"; };
		E251DA611FEA747800613C10 /* votraxsnd.h */ = {isa = PBXFileReference; fileEncoding = 4; lastKnownFileType = sourcecode.c.h; path = votraxsnd.h; sourceTree = "<group>"; };
		E251DA621FEA747800613C10 /* screen.h */ = {isa = PBXFileReference; fileEncoding = 4; lastKnownFileType = sourcecode.c.h; path = screen.h; sourceTree = "<group>"; };
		E251DA631FEA747800613C10 /* colours_external.h */ = {isa = PBXFileReference; fileEncoding = 4; lastKnownFileType = sourcecode.c.h; path = colours_external.h; sourceTree = "<group>"; };
		E251DA641FEA747800613C10 /* monitor.h */ = {isa = PBXFileReference; fileEncoding = 4; lastKnownFileType = sourcecode.c.h; path = monitor.h; sourceTree = "<group>"; };
		E251DA651FEA747800613C10 /* rdevice.c */ = {isa = PBXFileReference; fileEncoding = 4; lastKnownFileType = sourcecode.c.c; path = rdevice.c; sourceTree = "<group>"; };
		E251DA661FEA747800613C10 /* rtime.h */ = {isa = PBXFileReference; fileEncoding = 4; lastKnownFileType = sourcecode.c.h; path = rtime.h; sourceTree = "<group>"; };
		E251DA671FEA747800613C10 /* pokeysnd.h */ = {isa = PBXFileReference; fileEncoding = 4; lastKnownFileType = sourcecode.c.h; path = pokeysnd.h; sourceTree = "<group>"; };
		E251DA681FEA747800613C10 /* sysrom.h */ = {isa = PBXFileReference; fileEncoding = 4; lastKnownFileType = sourcecode.c.h; path = sysrom.h; sourceTree = "<group>"; };
		E251DA691FEA747800613C10 /* crc32.c */ = {isa = PBXFileReference; fileEncoding = 4; lastKnownFileType = sourcecode.c.c; path = crc32.c; sourceTree = "<group>"; };
		E251DAE91FEA749E00613C10 /* config.h */ = {isa = PBXFileReference; fileEncoding = 4; lastKnownFileType = sourcecode.c.h; path = config.h; sourceTree = "<group>"; };
		E251DAF01FEA8F2900613C10 /* Atari800EmulationThread.m */ = {isa = PBXFileReference; fileEncoding = 4; lastKnownFileType = sourcecode.c.objc; path = Atari800EmulationThread.m; sourceTree = "<group>"; };
		E251DAF11FEA8F2A00613C10 /* Atari800EmulationThread.h */ = {isa = PBXFileReference; fileEncoding = 4; lastKnownFileType = sourcecode.c.h; path = Atari800EmulationThread.h; sourceTree = "<group>"; };
		E251DAFC1FEA915500613C10 /* pal_blending.c */ = {isa = PBXFileReference; fileEncoding = 4; lastKnownFileType = sourcecode.c.c; path = pal_blending.c; sourceTree = "<group>"; };
		E251DAFD1FEA915500613C10 /* sound.c */ = {isa = PBXFileReference; fileEncoding = 4; lastKnownFileType = sourcecode.c.c; path = sound.c; sourceTree = "<group>"; };
		E251DAFE1FEA915500613C10 /* ide.c */ = {isa = PBXFileReference; fileEncoding = 4; lastKnownFileType = sourcecode.c.c; path = ide.c; sourceTree = "<group>"; };
		E251DB241FEAA06000613C10 /* ROM */ = {isa = PBXFileReference; lastKnownFileType = folder; name = ROM; path = ../../../Shared/ROM; sourceTree = "<group>"; };
		E251DB261FEAA28B00613C10 /* atari.c */ = {isa = PBXFileReference; fileEncoding = 4; lastKnownFileType = sourcecode.c.c; path = atari.c; sourceTree = "<group>"; };
		E2929BD31FF80C7A0072A66E /* Atari800Emulator+CartridgeHandling.m */ = {isa = PBXFileReference; fileEncoding = 4; lastKnownFileType = sourcecode.c.objc; path = "Atari800Emulator+CartridgeHandling.m"; sourceTree = "<group>"; };
		E2929BD41FF80C7A0072A66E /* Atari800Emulator+CartridgeHandling.h */ = {isa = PBXFileReference; fileEncoding = 4; lastKnownFileType = sourcecode.c.h; path = "Atari800Emulator+CartridgeHandling.h"; sourceTree = "<group>"; };
		E2929BD81FFA8BC00072A66E /* Atari800Dispatch.h */ = {isa = PBXFileReference; lastKnownFileType = sourcecode.c.h; path = Atari800Dispatch.h; sourceTree = "<group>"; };
		E2929BD91FFA8BC00072A66E /* Atari800Dispatch.m */ = {isa = PBXFileReference; lastKnownFileType = sourcecode.c.objc; path = Atari800Dispatch.m; sourceTree = "<group>"; };
		E29D0F231FEB053E002D3DF0 /* Atari800AudioBuffer.h */ = {isa = PBXFileReference; fileEncoding = 4; lastKnownFileType = sourcecode.c.h; path = Atari800AudioBuffer.h; sourceTree = "<group>"; };
		E29D0F241FEB053E002D3DF0 /* Atari800AudioBuffer.m */ = {isa = PBXFileReference; fileEncoding = 4; lastKnownFileType = sourcecode.c.objc; path = Atari800AudioBuffer.m; sourceTree = "<group>"; };
		E2D98BB11FE93A78005362D9 /* Atari800EmulationCore.framework */ = {isa = PBXFileReference; explicitFileType = wrapper.framework; includeInIndex = 0; path = Atari800EmulationCore.framework; sourceTree = BUILT_PRODUCTS_DIR; };
		E2D98BB41FE93A78005362D9 /* Atari800EmulationCore.h */ = {isa = PBXFileReference; lastKnownFileType = sourcecode.c.h; path = Atari800EmulationCore.h; sourceTree = "<group>"; };
		E2D98BB51FE93A78005362D9 /* Info.plist */ = {isa = PBXFileReference; lastKnownFileType = text.plist.xml; path = Info.plist; sourceTree = "<group>"; };
/* End PBXFileReference section */

/* Begin PBXFrameworksBuildPhase section */
		E2D98BAD1FE93A78005362D9 /* Frameworks */ = {
			isa = PBXFrameworksBuildPhase;
			buildActionMask = 2147483647;
			files = (
			);
			runOnlyForDeploymentPostprocessing = 0;
		};
/* End PBXFrameworksBuildPhase section */

/* Begin PBXGroup section */
		E21FD8C11FE97D3700FB1796 /* Emulation */ = {
			isa = PBXGroup;
			children = (
				E251D9EB1FEA747300613C10 /* atari_ntsc */,
				E251DA021FEA747400613C10 /* af80.c */,
				E251DA3C1FEA747600613C10 /* af80.h */,
				E251DA5D1FEA747800613C10 /* afile.c */,
				E251DA2C1FEA747600613C10 /* afile.h */,
				E251DA221FEA747500613C10 /* akey.h */,
				E251DA051FEA747400613C10 /* antic.c */,
				E251DA2B1FEA747600613C10 /* antic.h */,
				E251DA1B1FEA747500613C10 /* artifact.c */,
				E251D9F31FEA747300613C10 /* artifact.h */,
				E251D9F41FEA747300613C10 /* atari_curses.c */,
				E251DA171FEA747500613C10 /* atari.c */,
				E251DA301FEA747600613C10 /* atari.h */,
				E251DA4D1FEA747700613C10 /* binload.c */,
				E251DA2A1FEA747500613C10 /* binload.h */,
				E251D9F61FEA747300613C10 /* bit3.c */,
				E251DA2D1FEA747600613C10 /* bit3.h */,
				E251DA1D1FEA747500613C10 /* cartridge.c */,
				E251DA201FEA747500613C10 /* cartridge.h */,
				E251DA481FEA747700613C10 /* cassette.c */,
				E251DA001FEA747400613C10 /* cassette.h */,
				E251DA311FEA747600613C10 /* cfg.c */,
				E251DA0A1FEA747400613C10 /* cfg.h */,
				E251D9F51FEA747300613C10 /* colours_external.c */,
				E251DA631FEA747800613C10 /* colours_external.h */,
				E251DA331FEA747600613C10 /* colours_ntsc.c */,
				E251DA341FEA747600613C10 /* colours_ntsc.h */,
				E251D9F71FEA747300613C10 /* colours_pal.c */,
				E251DA401FEA747600613C10 /* colours_pal.h */,
				E251DA3D1FEA747600613C10 /* colours.c */,
				E251DA1C1FEA747500613C10 /* colours.h */,
				E251DA131FEA747400613C10 /* compfile.c */,
				E251DA2F1FEA747600613C10 /* compfile.h */,
				E251DA5B1FEA747800613C10 /* cpu.c */,
				E251DA1F1FEA747500613C10 /* cpu.h */,
				E251DA691FEA747800613C10 /* crc32.c */,
				E251DA251FEA747500613C10 /* crc32.h */,
				E251DA351FEA747600613C10 /* cycle_map.c */,
				E251DA281FEA747500613C10 /* cycle_map.h */,
				E251DA241FEA747500613C10 /* devices.c */,
				E251DA211FEA747500613C10 /* devices.h */,
				E251DA0E1FEA747400613C10 /* emuos_altirra.c */,
				E251DA3B1FEA747600613C10 /* emuos.c */,
				E251DA361FEA747600613C10 /* emuos.h */,
				E251DA271FEA747500613C10 /* emuos.lis */,
				E251DA571FEA747700613C10 /* esc.c */,
				E251D9FC1FEA747300613C10 /* esc.h */,
				E251DA0F1FEA747400613C10 /* filter_ntsc.c */,
				E251DA071FEA747400613C10 /* filter_ntsc.h */,
				E251DA141FEA747500613C10 /* gtia.c */,
				E251DA391FEA747600613C10 /* gtia.h */,
				E251DA3E1FEA747600613C10 /* ide_internal.h */,
				E251DA581FEA747800613C10 /* ide.c */,
				E251DA091FEA747400613C10 /* ide.h */,
				E251DA591FEA747800613C10 /* img_tape.c */,
				E251DA511FEA747700613C10 /* img_tape.h */,
				E251DA491FEA747700613C10 /* input.c */,
				E251DA0D1FEA747400613C10 /* input.h */,
				E251DA3A1FEA747600613C10 /* log.c */,
				E251DA3F1FEA747600613C10 /* log.h */,
				E251DA371FEA747600613C10 /* memory.c */,
				E251DA1A1FEA747500613C10 /* memory.h */,
				E251DA101FEA747400613C10 /* mkimg.c */,
				E251DA411FEA747700613C10 /* monitor.c */,
				E251DA641FEA747800613C10 /* monitor.h */,
				E251DA471FEA747700613C10 /* mzpokeysnd.c */,
				E251DA5C1FEA747800613C10 /* mzpokeysnd.h */,
				E251DA291FEA747500613C10 /* pal_blending.c */,
				E251DA111FEA747400613C10 /* pal_blending.h */,
				E251DA4A1FEA747700613C10 /* pbi_bb.c */,
				E251DA0B1FEA747400613C10 /* pbi_bb.h */,
				E251DA601FEA747800613C10 /* pbi_mio.c */,
				E251DA321FEA747600613C10 /* pbi_mio.h */,
				E251DA421FEA747700613C10 /* pbi_proto80.c */,
				E251DA081FEA747400613C10 /* pbi_proto80.h */,
				E251D9EA1FEA747300613C10 /* pbi_scsi.c */,
				E251DA181FEA747500613C10 /* pbi_scsi.h */,
				E251DA2E1FEA747600613C10 /* pbi_xld.c */,
				E251DA5F1FEA747800613C10 /* pbi_xld.h */,
				E251DA4B1FEA747700613C10 /* pbi.c */,
				E251DA4E1FEA747700613C10 /* pbi.h */,
				E251DA061FEA747400613C10 /* pcjoy.h */,
				E251D9F11FEA747300613C10 /* pia.c */,
				E251D9F81FEA747300613C10 /* pia.h */,
				E251D9F01FEA747300613C10 /* platform.h */,
				E251DA121FEA747400613C10 /* pokey.c */,
				E251DA1E1FEA747500613C10 /* pokey.h */,
				E251D9F21FEA747300613C10 /* pokeysnd.c */,
				E251DA671FEA747800613C10 /* pokeysnd.h */,
				E251DA651FEA747800613C10 /* rdevice.c */,
				E251DA4C1FEA747700613C10 /* rdevice.h */,
				E251DA521FEA747700613C10 /* remez.c */,
				E251DA4F1FEA747700613C10 /* remez.h */,
				E251DA501FEA747700613C10 /* rtime.c */,
				E251DA661FEA747800613C10 /* rtime.h */,
				E251DA381FEA747600613C10 /* screen.c */,
				E251DA621FEA747800613C10 /* screen.h */,
				E251DA031FEA747400613C10 /* sio.c */,
				E251DA431FEA747700613C10 /* sio.h */,
				E251D9F91FEA747300613C10 /* sndsave.c */,
				E251DA161FEA747500613C10 /* sndsave.h */,
				E251DA531FEA747700613C10 /* sound.c */,
				E251DA441FEA747700613C10 /* sound.h */,
				E251DA461FEA747700613C10 /* statesav.c */,
				E251D9FD1FEA747300613C10 /* statesav.h */,
				E251DA5E1FEA747800613C10 /* sysrom.c */,
				E251DA681FEA747800613C10 /* sysrom.h */,
				E251D9FA1FEA747300613C10 /* ui_basic.c */,
				E251DA451FEA747700613C10 /* ui_basic.h */,
				E251DA261FEA747500613C10 /* ui.c */,
				E251DA041FEA747400613C10 /* ui.h */,
				E251D9FE1FEA747400613C10 /* util.c */,
				E251DA011FEA747400613C10 /* util.h */,
				E251D9FB1FEA747300613C10 /* voicebox.c */,
				E251DA541FEA747700613C10 /* voicebox.h */,
				E251DA0C1FEA747400613C10 /* votrax.c */,
				E251DA231FEA747500613C10 /* votrax.h */,
				E251DA151FEA747500613C10 /* votraxsnd.c */,
				E251DA611FEA747800613C10 /* votraxsnd.h */,
				E251DA561FEA747700613C10 /* vtxsmpls.inc */,
				E251DA5A1FEA747800613C10 /* xep80_fonts.c */,
				E251DA191FEA747500613C10 /* xep80_fonts.h */,
				E251DA551FEA747700613C10 /* xep80.c */,
				E251D9FF1FEA747400613C10 /* xep80.h */,
			);
			name = Emulation;
			path = ../../../..;
			sourceTree = "<group>";
		};
		E21FDAF41FEA73EC00FB1796 /* Preferences */ = {
			isa = PBXGroup;
			children = (
				E21FDAF51FEA73EC00FB1796 /* Atari800Preferences.m */,
				E21FDAF61FEA73EC00FB1796 /* Atari800Preferences.h */,
			);
			path = Preferences;
			sourceTree = "<group>";
		};
		E21FDAF71FEA73EC00FB1796 /* Hosting */ = {
			isa = PBXGroup;
			children = (
				E22C8D261FED620A00FB4995 /* Atari800Renderer.h */,
				E251DAF11FEA8F2A00613C10 /* Atari800EmulationThread.h */,
				E251DAF01FEA8F2900613C10 /* Atari800EmulationThread.m */,
				E21FDAFA1FEA73EC00FB1796 /* Atari800Emulator.h */,
				E21FDAFC1FEA73EC00FB1796 /* Atari800Emulator.m */,
				E2929BD41FF80C7A0072A66E /* Atari800Emulator+CartridgeHandling.h */,
				E2929BD31FF80C7A0072A66E /* Atari800Emulator+CartridgeHandling.m */,
				E21FDAF81FEA73EC00FB1796 /* Atari800ControlManager.h */,
				E21FDAFB1FEA73EC00FB1796 /* Atari800ControlManager.m */,
			);
			path = Hosting;
			sourceTree = "<group>";
		};
		E21FDAFE1FEA73EC00FB1796 /* CoreAudio */ = {
			isa = PBXGroup;
			children = (
				E29D0F231FEB053E002D3DF0 /* Atari800AudioBuffer.h */,
				E29D0F241FEB053E002D3DF0 /* Atari800AudioBuffer.m */,
				E21FDB001FEA73EC00FB1796 /* Atari800AudioDriver.h */,
				E21FDAFF1FEA73EC00FB1796 /* Atari800AudioDriver.m */,
			);
			path = CoreAudio;
			sourceTree = "<group>";
		};
		E22C8D1B1FED5AD000FB4995 /* Simulator */ = {
			isa = PBXGroup;
			children = (
				E22C8D1C1FED5B2800FB4995 /* Atari800QuartzRenderer.h */,
				E22C8D1D1FED5B2800FB4995 /* Atari800QuartzRenderer.m */,
			);
			path = Simulator;
			sourceTree = "<group>";
		};
		E22C8D281FF122D600FB4995 /* Keyboard */ = {
			isa = PBXGroup;
			children = (
				E22C8D2C1FF1230000FB4995 /* Atari800KeyboardView.h */,
				E22C8D291FF1230000FB4995 /* Atari800KeyboardView.m */,
				E22C8D2E1FF1230000FB4995 /* Atari800KeyboardDrawing.h */,
				E22C8D2B1FF1230000FB4995 /* Atari800KeyboardDrawing.m */,
				E22C8D2D1FF1230000FB4995 /* Atari800KeyLayer.h */,
				E22C8D2A1FF1230000FB4995 /* Atari800KeyLayer.m */,
			);
			path = Keyboard;
			sourceTree = "<group>";
		};
		E231F6581FE945A6004ED389 /* Shared */ = {
			isa = PBXGroup;
			children = (
				E2929BD71FFA8B9B0072A66E /* Utils */,
				E251DAFB1FEA915500613C10 /* Hacks */,
				E21FDAFE1FEA73EC00FB1796 /* CoreAudio */,
				E21FDAF71FEA73EC00FB1796 /* Hosting */,
				E21FDAF41FEA73EC00FB1796 /* Preferences */,
				E231F6741FE94BD5004ED389 /* Metal */,
			);
			name = Shared;
			path = ../../../Shared;
			sourceTree = "<group>";
		};
		E231F6741FE94BD5004ED389 /* Metal */ = {
			isa = PBXGroup;
			children = (
				E231F6751FE94BD5004ED389 /* Atari800ShaderTypes.h */,
				E231F6761FE94BD5004ED389 /* Atari800Palette.m */,
				E231F6781FE94BD5004ED389 /* Atari800Palette.h */,
				E231F6791FE94BD5004ED389 /* Atari800Shaders.metal */,
				E231F6771FE94BD5004ED389 /* Atari800MetalRenderer.h */,
				E231F67A1FE94BD5004ED389 /* Atari800MetalRenderer.m */,
				E231F67B1FE94BD5004ED389 /* Palettes */,
			);
			path = Metal;
			sourceTree = "<group>";
		};
		E231F67B1FE94BD5004ED389 /* Palettes */ = {
			isa = PBXGroup;
			children = (
				E231F67C1FE94BD5004ED389 /* jakub.act */,
				E231F67D1FE94BD5004ED389 /* gray.act */,
				E231F67E1FE94BD5004ED389 /* Real.act */,
				E231F67F1FE94BD5004ED389 /* fox.act */,
				E231F6801FE94BD5004ED389 /* default.act */,
				E231F6811FE94BD5004ED389 /* XFormer.act */,
			);
			path = Palettes;
			sourceTree = "<group>";
		};
		E251D9EB1FEA747300613C10 /* atari_ntsc */ = {
			isa = PBXGroup;
			children = (
				E251D9EC1FEA747300613C10 /* atari_ntsc.h */,
				E251D9ED1FEA747300613C10 /* atari_ntsc_config.h */,
				E251D9EE1FEA747300613C10 /* atari_ntsc.c */,
				E251D9EF1FEA747300613C10 /* atari_ntsc_impl.h */,
			);
			path = atari_ntsc;
			sourceTree = "<group>";
		};
		E251DAFB1FEA915500613C10 /* Hacks */ = {
			isa = PBXGroup;
			children = (
				E251DB261FEAA28B00613C10 /* atari.c */,
				E251DAFC1FEA915500613C10 /* pal_blending.c */,
				E251DAFD1FEA915500613C10 /* sound.c */,
				E251DAFE1FEA915500613C10 /* ide.c */,
			);
			path = Hacks;
			sourceTree = "<group>";
		};
		E2929BD71FFA8B9B0072A66E /* Utils */ = {
			isa = PBXGroup;
			children = (
				E2929BD81FFA8BC00072A66E /* Atari800Dispatch.h */,
				E2929BD91FFA8BC00072A66E /* Atari800Dispatch.m */,
			);
			path = Utils;
			sourceTree = "<group>";
		};
		E2D98BA71FE93A78005362D9 = {
			isa = PBXGroup;
			children = (
				E2D98BB31FE93A78005362D9 /* Atari800EmulationCore */,
				E2D98BB21FE93A78005362D9 /* Products */,
			);
			sourceTree = "<group>";
		};
		E2D98BB21FE93A78005362D9 /* Products */ = {
			isa = PBXGroup;
			children = (
				E2D98BB11FE93A78005362D9 /* Atari800EmulationCore.framework */,
			);
			name = Products;
			sourceTree = "<group>";
		};
		E2D98BB31FE93A78005362D9 /* Atari800EmulationCore */ = {
			isa = PBXGroup;
			children = (
				E24E0BE91FF12DB300CD5B2B /* Fonts */,
				E251DB241FEAA06000613C10 /* ROM */,
				E251DAE91FEA749E00613C10 /* config.h */,
				E21FD8C11FE97D3700FB1796 /* Emulation */,
				E231F6581FE945A6004ED389 /* Shared */,
				E22C8D1B1FED5AD000FB4995 /* Simulator */,
				E22C8D281FF122D600FB4995 /* Keyboard */,
				E2D98BB41FE93A78005362D9 /* Atari800EmulationCore.h */,
				E2D98BB51FE93A78005362D9 /* Info.plist */,
			);
			path = Atari800EmulationCore;
			sourceTree = "<group>";
		};
/* End PBXGroup section */

/* Begin PBXHeadersBuildPhase section */
		E2D98BAE1FE93A78005362D9 /* Headers */ = {
			isa = PBXHeadersBuildPhase;
			buildActionMask = 2147483647;
			files = (
				E251DACD1FEA747800613C10 /* pbi.h in Headers */,
				E251DA861FEA747800613C10 /* filter_ntsc.h in Headers */,
				E251DACE1FEA747800613C10 /* remez.h in Headers */,
				E251DA981FEA747800613C10 /* xep80_fonts.h in Headers */,
				E251DAA21FEA747800613C10 /* votrax.h in Headers */,
				E231F6821FE94BD5004ED389 /* Atari800ShaderTypes.h in Headers */,
				E21FDB031FEA73EC00FB1796 /* Atari800ControlManager.h in Headers */,
				E251DA7C1FEA747800613C10 /* statesav.h in Headers */,
				E251DABF1FEA747800613C10 /* colours_pal.h in Headers */,
				E251DAA71FEA747800613C10 /* cycle_map.h in Headers */,
				E251DAB11FEA747800613C10 /* pbi_mio.h in Headers */,
				E251DAE01FEA747800613C10 /* votraxsnd.h in Headers */,
				E22C8D271FED620B00FB4995 /* Atari800Renderer.h in Headers */,
				E251DAB31FEA747800613C10 /* colours_ntsc.h in Headers */,
				E251DAAE1FEA747800613C10 /* compfile.h in Headers */,
				E251DAA91FEA747800613C10 /* binload.h in Headers */,
				E251DA9D1FEA747800613C10 /* pokey.h in Headers */,
				E21FDB051FEA73EC00FB1796 /* Atari800Emulator.h in Headers */,
				E251DAF31FEA8F2A00613C10 /* Atari800EmulationThread.h in Headers */,
				E251DAB81FEA747800613C10 /* gtia.h in Headers */,
				E251DA9B1FEA747800613C10 /* colours.h in Headers */,
				E251DA9F1FEA747800613C10 /* cartridge.h in Headers */,
				E251DAA41FEA747800613C10 /* crc32.h in Headers */,
				E251DAE61FEA747800613C10 /* pokeysnd.h in Headers */,
				E251DA771FEA747800613C10 /* pia.h in Headers */,
				E251DA6F1FEA747800613C10 /* platform.h in Headers */,
				E251DAC31FEA747800613C10 /* sound.h in Headers */,
				E251DA7F1FEA747800613C10 /* cassette.h in Headers */,
				E22C8D321FF1230000FB4995 /* Atari800KeyboardView.h in Headers */,
				E251DA721FEA747800613C10 /* artifact.h in Headers */,
				E251DA8C1FEA747800613C10 /* input.h in Headers */,
				E251DABE1FEA747800613C10 /* log.h in Headers */,
				E251DABD1FEA747800613C10 /* ide_internal.h in Headers */,
				E2929BD61FF80C7A0072A66E /* Atari800Emulator+CartridgeHandling.h in Headers */,
				E251DA871FEA747800613C10 /* pbi_proto80.h in Headers */,
				E29D0F251FEB053E002D3DF0 /* Atari800AudioBuffer.h in Headers */,
				E251DADE1FEA747800613C10 /* pbi_xld.h in Headers */,
				E251DA7B1FEA747800613C10 /* esc.h in Headers */,
				E231F6841FE94BD5004ED389 /* Atari800MetalRenderer.h in Headers */,
				E251DABB1FEA747800613C10 /* af80.h in Headers */,
				E251DA801FEA747800613C10 /* util.h in Headers */,
				E251DA831FEA747800613C10 /* ui.h in Headers */,
				E251DA6E1FEA747800613C10 /* atari_ntsc_impl.h in Headers */,
				E251DAAA1FEA747800613C10 /* antic.h in Headers */,
				E251DAD01FEA747800613C10 /* img_tape.h in Headers */,
				E251DA991FEA747800613C10 /* memory.h in Headers */,
				E251DA8A1FEA747800613C10 /* pbi_bb.h in Headers */,
				E251DA881FEA747800613C10 /* ide.h in Headers */,
				E251DAE21FEA747800613C10 /* colours_external.h in Headers */,
				E251DAE11FEA747800613C10 /* screen.h in Headers */,
				E251DACB1FEA747800613C10 /* rdevice.h in Headers */,
				E251DA6C1FEA747800613C10 /* atari_ntsc_config.h in Headers */,
				E22C8D1E1FED5B2800FB4995 /* Atari800QuartzRenderer.h in Headers */,
				E251DAAF1FEA747800613C10 /* atari.h in Headers */,
				E2929BDA1FFA8BC00072A66E /* Atari800Dispatch.h in Headers */,
				E251DA891FEA747800613C10 /* cfg.h in Headers */,
				E22C8D341FF1230000FB4995 /* Atari800KeyboardDrawing.h in Headers */,
				E251DA851FEA747800613C10 /* pcjoy.h in Headers */,
				E251DAE51FEA747800613C10 /* rtime.h in Headers */,
				E251DAA11FEA747800613C10 /* akey.h in Headers */,
				E251DAA01FEA747800613C10 /* devices.h in Headers */,
				E21FDB021FEA73EC00FB1796 /* Atari800Preferences.h in Headers */,
				E251DA7E1FEA747800613C10 /* xep80.h in Headers */,
				E251DAE71FEA747800613C10 /* sysrom.h in Headers */,
				E251DA9E1FEA747800613C10 /* cpu.h in Headers */,
				E251DAC21FEA747800613C10 /* sio.h in Headers */,
				E251DA971FEA747800613C10 /* pbi_scsi.h in Headers */,
				E2D98BB61FE93A78005362D9 /* Atari800EmulationCore.h in Headers */,
				E22C8D331FF1230000FB4995 /* Atari800KeyLayer.h in Headers */,
				E251DA6B1FEA747800613C10 /* atari_ntsc.h in Headers */,
				E251DAAB1FEA747800613C10 /* afile.h in Headers */,
				E251DAE31FEA747800613C10 /* monitor.h in Headers */,
				E251DA951FEA747800613C10 /* sndsave.h in Headers */,
				E251DAC41FEA747800613C10 /* ui_basic.h in Headers */,
				E251DADB1FEA747800613C10 /* mzpokeysnd.h in Headers */,
				E251DAB51FEA747800613C10 /* emuos.h in Headers */,
				E251DAAC1FEA747800613C10 /* bit3.h in Headers */,
				E231F6851FE94BD5004ED389 /* Atari800Palette.h in Headers */,
				E251DA901FEA747800613C10 /* pal_blending.h in Headers */,
				E21FDB0A1FEA73EC00FB1796 /* Atari800AudioDriver.h in Headers */,
				E251DAD31FEA747800613C10 /* voicebox.h in Headers */,
			);
			runOnlyForDeploymentPostprocessing = 0;
		};
/* End PBXHeadersBuildPhase section */

/* Begin PBXNativeTarget section */
		E2D98BB01FE93A78005362D9 /* Atari800EmulationCore */ = {
			isa = PBXNativeTarget;
			buildConfigurationList = E2D98BB91FE93A78005362D9 /* Build configuration list for PBXNativeTarget "Atari800EmulationCore" */;
			buildPhases = (
				E2D98BAC1FE93A78005362D9 /* Sources */,
				E2D98BAD1FE93A78005362D9 /* Frameworks */,
				E2D98BAE1FE93A78005362D9 /* Headers */,
				E2D98BAF1FE93A78005362D9 /* Resources */,
			);
			buildRules = (
			);
			dependencies = (
			);
			name = Atari800EmulationCore;
			productName = "Atari800EmulationCore-iOS";
			productReference = E2D98BB11FE93A78005362D9 /* Atari800EmulationCore.framework */;
			productType = "com.apple.product-type.framework";
		};
/* End PBXNativeTarget section */

/* Begin PBXProject section */
		E2D98BA81FE93A78005362D9 /* Project object */ = {
			isa = PBXProject;
			attributes = {
				LastUpgradeCheck = 0920;
				ORGANIZATIONNAME = "Atari800 development team";
				TargetAttributes = {
					E2D98BB01FE93A78005362D9 = {
						CreatedOnToolsVersion = 9.2;
						ProvisioningStyle = Automatic;
					};
				};
			};
			buildConfigurationList = E2D98BAB1FE93A78005362D9 /* Build configuration list for PBXProject "Atari800EmulationCore" */;
			compatibilityVersion = "Xcode 8.0";
			developmentRegion = en;
			hasScannedForEncodings = 0;
			knownRegions = (
				en,
			);
			mainGroup = E2D98BA71FE93A78005362D9;
			productRefGroup = E2D98BB21FE93A78005362D9 /* Products */;
			projectDirPath = "";
			projectRoot = "";
			targets = (
				E2D98BB01FE93A78005362D9 /* Atari800EmulationCore */,
			);
		};
/* End PBXProject section */

/* Begin PBXResourcesBuildPhase section */
		E2D98BAF1FE93A78005362D9 /* Resources */ = {
			isa = PBXResourcesBuildPhase;
			buildActionMask = 2147483647;
			files = (
				E231F68A1FE94BD5004ED389 /* Real.act in Resources */,
				E251DB251FEAA06000613C10 /* ROM in Resources */,
				E231F6881FE94BD5004ED389 /* jakub.act in Resources */,
				E231F68B1FE94BD5004ED389 /* fox.act in Resources */,
				E24E0BEA1FF12DB300CD5B2B /* Fonts in Resources */,
				E231F68C1FE94BD5004ED389 /* default.act in Resources */,
				E231F68D1FE94BD5004ED389 /* XFormer.act in Resources */,
				E251DAA61FEA747800613C10 /* emuos.lis in Resources */,
				E231F6891FE94BD5004ED389 /* gray.act in Resources */,
			);
			runOnlyForDeploymentPostprocessing = 0;
		};
/* End PBXResourcesBuildPhase section */

/* Begin PBXSourcesBuildPhase section */
		E2D98BAC1FE93A78005362D9 /* Sources */ = {
			isa = PBXSourcesBuildPhase;
			buildActionMask = 2147483647;
			files = (
				E251DAB91FEA747800613C10 /* log.c in Sources */,
				E251DB011FEA915600613C10 /* ide.c in Sources */,
				E251DA841FEA747800613C10 /* antic.c in Sources */,
				E251DAC91FEA747800613C10 /* pbi_bb.c in Sources */,
				E2929BDB1FFA8BC00072A66E /* Atari800Dispatch.m in Sources */,
				E251DA781FEA747800613C10 /* sndsave.c in Sources */,
				E22C8D301FF1230000FB4995 /* Atari800KeyLayer.m in Sources */,
				E251DA701FEA747800613C10 /* pia.c in Sources */,
				E251DA761FEA747800613C10 /* colours_pal.c in Sources */,
				E251DA911FEA747800613C10 /* pokey.c in Sources */,
				E251DA9C1FEA747800613C10 /* cartridge.c in Sources */,
				E251DAC61FEA747800613C10 /* mzpokeysnd.c in Sources */,
				E251DA921FEA747800613C10 /* compfile.c in Sources */,
				E231F6831FE94BD5004ED389 /* Atari800Palette.m in Sources */,
				E251DA811FEA747800613C10 /* af80.c in Sources */,
				E251DAD81FEA747800613C10 /* img_tape.c in Sources */,
				E251DABC1FEA747800613C10 /* colours.c in Sources */,
				E251DA6D1FEA747800613C10 /* atari_ntsc.c in Sources */,
				E251DADD1FEA747800613C10 /* sysrom.c in Sources */,
				E251DABA1FEA747800613C10 /* emuos.c in Sources */,
				E251DA9A1FEA747800613C10 /* artifact.c in Sources */,
				E251DACF1FEA747800613C10 /* rtime.c in Sources */,
				E251DAB21FEA747800613C10 /* colours_ntsc.c in Sources */,
				E251DAC01FEA747800613C10 /* monitor.c in Sources */,
				E251DA7D1FEA747800613C10 /* util.c in Sources */,
				E251DADA1FEA747800613C10 /* cpu.c in Sources */,
				E231F6861FE94BD5004ED389 /* Atari800Shaders.metal in Sources */,
				E251DAD91FEA747800613C10 /* xep80_fonts.c in Sources */,
				E251DB271FEAA28C00613C10 /* atari.c in Sources */,
				E251DAD11FEA747800613C10 /* remez.c in Sources */,
				E251DA8E1FEA747800613C10 /* filter_ntsc.c in Sources */,
				E251DAE81FEA747800613C10 /* crc32.c in Sources */,
				E251DADF1FEA747800613C10 /* pbi_mio.c in Sources */,
				E251DAC51FEA747800613C10 /* statesav.c in Sources */,
				E251DA741FEA747800613C10 /* colours_external.c in Sources */,
				E251DA751FEA747800613C10 /* bit3.c in Sources */,
				E251DA821FEA747800613C10 /* sio.c in Sources */,
				E251DAB01FEA747800613C10 /* cfg.c in Sources */,
				E251DACC1FEA747800613C10 /* binload.c in Sources */,
				E251DAD61FEA747800613C10 /* esc.c in Sources */,
				E251DAB41FEA747800613C10 /* cycle_map.c in Sources */,
				E251DAA31FEA747800613C10 /* devices.c in Sources */,
				E251DAC71FEA747800613C10 /* cassette.c in Sources */,
				E251DACA1FEA747800613C10 /* pbi.c in Sources */,
				E26667921FF3BBC700ECBD26 /* ui.c in Sources */,
				E21FDB061FEA73EC00FB1796 /* Atari800ControlManager.m in Sources */,
				E251DAFF1FEA915600613C10 /* pal_blending.c in Sources */,
				E231F6871FE94BD5004ED389 /* Atari800MetalRenderer.m in Sources */,
				E251DAB61FEA747800613C10 /* memory.c in Sources */,
				E251DAB71FEA747800613C10 /* screen.c in Sources */,
				E29D0F261FEB053E002D3DF0 /* Atari800AudioBuffer.m in Sources */,
				E22C8D2F1FF1230000FB4995 /* Atari800KeyboardView.m in Sources */,
				E22C8D311FF1230000FB4995 /* Atari800KeyboardDrawing.m in Sources */,
				E2929BD51FF80C7A0072A66E /* Atari800Emulator+CartridgeHandling.m in Sources */,
				E22C8D1F1FED5B2800FB4995 /* Atari800QuartzRenderer.m in Sources */,
				E251DA941FEA747800613C10 /* votraxsnd.c in Sources */,
				E21FDB011FEA73EC00FB1796 /* Atari800Preferences.m in Sources */,
				E251DADC1FEA747800613C10 /* afile.c in Sources */,
				E251DAC11FEA747800613C10 /* pbi_proto80.c in Sources */,
				E251DA931FEA747800613C10 /* gtia.c in Sources */,
				E21FDB071FEA73EC00FB1796 /* Atari800Emulator.m in Sources */,
				E251DAE41FEA747800613C10 /* rdevice.c in Sources */,
				E251DA711FEA747800613C10 /* pokeysnd.c in Sources */,
				E251DA8F1FEA747800613C10 /* mkimg.c in Sources */,
				E251DB001FEA915600613C10 /* sound.c in Sources */,
				E251DAAD1FEA747800613C10 /* pbi_xld.c in Sources */,
				E251DA6A1FEA747800613C10 /* pbi_scsi.c in Sources */,
				E251DAC81FEA747800613C10 /* input.c in Sources */,
				E251DA8B1FEA747800613C10 /* votrax.c in Sources */,
				E26667911FF3BBC700ECBD26 /* ui_basic.c in Sources */,
				E21FDB091FEA73EC00FB1796 /* Atari800AudioDriver.m in Sources */,
				E251DAD41FEA747800613C10 /* xep80.c in Sources */,
				E251DA7A1FEA747800613C10 /* voicebox.c in Sources */,
				E251DAF21FEA8F2A00613C10 /* Atari800EmulationThread.m in Sources */,
			);
			runOnlyForDeploymentPostprocessing = 0;
		};
/* End PBXSourcesBuildPhase section */

/* Begin XCBuildConfiguration section */
		E2D98BB71FE93A78005362D9 /* Debug */ = {
			isa = XCBuildConfiguration;
			buildSettings = {
				ALWAYS_SEARCH_USER_PATHS = NO;
				CLANG_ANALYZER_NONNULL = YES;
				CLANG_ANALYZER_NUMBER_OBJECT_CONVERSION = YES_AGGRESSIVE;
				CLANG_CXX_LANGUAGE_STANDARD = "gnu++14";
				CLANG_CXX_LIBRARY = "libc++";
				CLANG_ENABLE_MODULES = YES;
				CLANG_ENABLE_OBJC_ARC = YES;
				CLANG_WARN_BLOCK_CAPTURE_AUTORELEASING = YES;
				CLANG_WARN_BOOL_CONVERSION = YES;
				CLANG_WARN_COMMA = YES;
				CLANG_WARN_CONSTANT_CONVERSION = YES;
				CLANG_WARN_DIRECT_OBJC_ISA_USAGE = YES_ERROR;
				CLANG_WARN_DOCUMENTATION_COMMENTS = YES;
				CLANG_WARN_EMPTY_BODY = YES;
				CLANG_WARN_ENUM_CONVERSION = YES;
				CLANG_WARN_INFINITE_RECURSION = YES;
				CLANG_WARN_INT_CONVERSION = YES;
				CLANG_WARN_NON_LITERAL_NULL_CONVERSION = YES;
				CLANG_WARN_OBJC_LITERAL_CONVERSION = YES;
				CLANG_WARN_OBJC_ROOT_CLASS = YES_ERROR;
				CLANG_WARN_RANGE_LOOP_ANALYSIS = YES;
				CLANG_WARN_STRICT_PROTOTYPES = YES;
				CLANG_WARN_SUSPICIOUS_MOVE = YES;
				CLANG_WARN_UNGUARDED_AVAILABILITY = YES_AGGRESSIVE;
				CLANG_WARN_UNREACHABLE_CODE = YES;
				CLANG_WARN__DUPLICATE_METHOD_MATCH = YES;
				CODE_SIGN_IDENTITY = "iPhone Developer";
				COPY_PHASE_STRIP = NO;
				CURRENT_PROJECT_VERSION = 1;
				DEBUG_INFORMATION_FORMAT = dwarf;
				ENABLE_STRICT_OBJC_MSGSEND = YES;
				ENABLE_TESTABILITY = YES;
				GCC_C_LANGUAGE_STANDARD = gnu11;
				GCC_DYNAMIC_NO_PIC = NO;
				GCC_NO_COMMON_BLOCKS = YES;
				GCC_OPTIMIZATION_LEVEL = 0;
				GCC_PREPROCESSOR_DEFINITIONS = (
					"DEBUG=1",
					"$(inherited)",
				);
				GCC_WARN_64_TO_32_BIT_CONVERSION = YES;
				GCC_WARN_ABOUT_RETURN_TYPE = YES_ERROR;
				GCC_WARN_UNDECLARED_SELECTOR = YES;
				GCC_WARN_UNINITIALIZED_AUTOS = YES_AGGRESSIVE;
				GCC_WARN_UNUSED_FUNCTION = YES;
				GCC_WARN_UNUSED_VARIABLE = YES;
				IPHONEOS_DEPLOYMENT_TARGET = 11.0;
				MTL_ENABLE_DEBUG_INFO = YES;
				ONLY_ACTIVE_ARCH = YES;
				SDKROOT = iphoneos;
				VERSIONING_SYSTEM = "apple-generic";
				VERSION_INFO_PREFIX = "";
			};
			name = Debug;
		};
		E2D98BB81FE93A78005362D9 /* Release */ = {
			isa = XCBuildConfiguration;
			buildSettings = {
				ALWAYS_SEARCH_USER_PATHS = NO;
				CLANG_ANALYZER_NONNULL = YES;
				CLANG_ANALYZER_NUMBER_OBJECT_CONVERSION = YES_AGGRESSIVE;
				CLANG_CXX_LANGUAGE_STANDARD = "gnu++14";
				CLANG_CXX_LIBRARY = "libc++";
				CLANG_ENABLE_MODULES = YES;
				CLANG_ENABLE_OBJC_ARC = YES;
				CLANG_WARN_BLOCK_CAPTURE_AUTORELEASING = YES;
				CLANG_WARN_BOOL_CONVERSION = YES;
				CLANG_WARN_COMMA = YES;
				CLANG_WARN_CONSTANT_CONVERSION = YES;
				CLANG_WARN_DIRECT_OBJC_ISA_USAGE = YES_ERROR;
				CLANG_WARN_DOCUMENTATION_COMMENTS = YES;
				CLANG_WARN_EMPTY_BODY = YES;
				CLANG_WARN_ENUM_CONVERSION = YES;
				CLANG_WARN_INFINITE_RECURSION = YES;
				CLANG_WARN_INT_CONVERSION = YES;
				CLANG_WARN_NON_LITERAL_NULL_CONVERSION = YES;
				CLANG_WARN_OBJC_LITERAL_CONVERSION = YES;
				CLANG_WARN_OBJC_ROOT_CLASS = YES_ERROR;
				CLANG_WARN_RANGE_LOOP_ANALYSIS = YES;
				CLANG_WARN_STRICT_PROTOTYPES = YES;
				CLANG_WARN_SUSPICIOUS_MOVE = YES;
				CLANG_WARN_UNGUARDED_AVAILABILITY = YES_AGGRESSIVE;
				CLANG_WARN_UNREACHABLE_CODE = YES;
				CLANG_WARN__DUPLICATE_METHOD_MATCH = YES;
				CODE_SIGN_IDENTITY = "iPhone Developer";
				COPY_PHASE_STRIP = NO;
				CURRENT_PROJECT_VERSION = 1;
				DEBUG_INFORMATION_FORMAT = "dwarf-with-dsym";
				ENABLE_NS_ASSERTIONS = NO;
				ENABLE_STRICT_OBJC_MSGSEND = YES;
				GCC_C_LANGUAGE_STANDARD = gnu11;
				GCC_NO_COMMON_BLOCKS = YES;
				GCC_WARN_64_TO_32_BIT_CONVERSION = YES;
				GCC_WARN_ABOUT_RETURN_TYPE = YES_ERROR;
				GCC_WARN_UNDECLARED_SELECTOR = YES;
				GCC_WARN_UNINITIALIZED_AUTOS = YES_AGGRESSIVE;
				GCC_WARN_UNUSED_FUNCTION = YES;
				GCC_WARN_UNUSED_VARIABLE = YES;
				IPHONEOS_DEPLOYMENT_TARGET = 11.0;
				MTL_ENABLE_DEBUG_INFO = NO;
				SDKROOT = iphoneos;
				VALIDATE_PRODUCT = YES;
				VERSIONING_SYSTEM = "apple-generic";
				VERSION_INFO_PREFIX = "";
			};
			name = Release;
		};
		E2D98BBA1FE93A78005362D9 /* Debug */ = {
			isa = XCBuildConfiguration;
			buildSettings = {
				CODE_SIGN_IDENTITY = "";
				CODE_SIGN_STYLE = Automatic;
				DEFINES_MODULE = YES;
				DEVELOPMENT_TEAM = 4338UNAE32;
				DYLIB_COMPATIBILITY_VERSION = 1;
				DYLIB_CURRENT_VERSION = 1;
				DYLIB_INSTALL_NAME_BASE = "@rpath";
				INFOPLIST_FILE = "$(SRCROOT)/Atari800EmulationCore/Info.plist";
				INSTALL_PATH = "$(LOCAL_LIBRARY_DIR)/Frameworks";
				IPHONEOS_DEPLOYMENT_TARGET = 11.0;
				LD_RUNPATH_SEARCH_PATHS = "$(inherited) @executable_path/Frameworks @loader_path/Frameworks";
				OTHER_LDFLAGS = "-ObjC";
				PRODUCT_BUNDLE_IDENTIFIER = com.atari800.Atari800EmulationCore;
				PRODUCT_NAME = "$(TARGET_NAME:c99extidentifier)";
				SKIP_INSTALL = YES;
				TARGETED_DEVICE_FAMILY = "1,2";
			};
			name = Debug;
		};
		E2D98BBB1FE93A78005362D9 /* Release */ = {
			isa = XCBuildConfiguration;
			buildSettings = {
				CODE_SIGN_IDENTITY = "";
				CODE_SIGN_STYLE = Automatic;
				DEFINES_MODULE = YES;
				DEVELOPMENT_TEAM = 4338UNAE32;
				DYLIB_COMPATIBILITY_VERSION = 1;
				DYLIB_CURRENT_VERSION = 1;
				DYLIB_INSTALL_NAME_BASE = "@rpath";
				INFOPLIST_FILE = "$(SRCROOT)/Atari800EmulationCore/Info.plist";
				INSTALL_PATH = "$(LOCAL_LIBRARY_DIR)/Frameworks";
				IPHONEOS_DEPLOYMENT_TARGET = 11.0;
				LD_RUNPATH_SEARCH_PATHS = "$(inherited) @executable_path/Frameworks @loader_path/Frameworks";
				OTHER_LDFLAGS = "-ObjC";
				PRODUCT_BUNDLE_IDENTIFIER = com.atari800.Atari800EmulationCore;
				PRODUCT_NAME = "$(TARGET_NAME:c99extidentifier)";
				SKIP_INSTALL = YES;
				TARGETED_DEVICE_FAMILY = "1,2";
			};
			name = Release;
		};
/* End XCBuildConfiguration section */

/* Begin XCConfigurationList section */
		E2D98BAB1FE93A78005362D9 /* Build configuration list for PBXProject "Atari800EmulationCore" */ = {
			isa = XCConfigurationList;
			buildConfigurations = (
				E2D98BB71FE93A78005362D9 /* Debug */,
				E2D98BB81FE93A78005362D9 /* Release */,
			);
			defaultConfigurationIsVisible = 0;
			defaultConfigurationName = Release;
		};
		E2D98BB91FE93A78005362D9 /* Build configuration list for PBXNativeTarget "Atari800EmulationCore" */ = {
			isa = XCConfigurationList;
			buildConfigurations = (
				E2D98BBA1FE93A78005362D9 /* Debug */,
				E2D98BBB1FE93A78005362D9 /* Release */,
			);
			defaultConfigurationIsVisible = 0;
			defaultConfigurationName = Release;
		};
/* End XCConfigurationList section */
	};
	rootObject = E2D98BA81FE93A78005362D9 /* Project object */;
}
